<?xml version="1.0" encoding="utf-8"?>
<Project ToolsVersion="4.0" xmlns="http://schemas.microsoft.com/developer/msbuild/2003">
  <ItemGroup>
    <Filter Include="Sources">
      <UniqueIdentifier>{3158b35f-d647-4124-a10a-e7306cfb21d7}</UniqueIdentifier>
    </Filter>
    <Filter Include="Sources\win32SND">
      <UniqueIdentifier>{016ccb3d-fc19-462f-b1ac-ca85ebf5c13a}</UniqueIdentifier>
    </Filter>
    <Filter Include="Sources\MTX">
      <UniqueIdentifier>{43739081-bb3b-48f2-a2d3-60cb182fd53b}</UniqueIdentifier>
    </Filter>
    <Filter Include="Sources\global">
      <UniqueIdentifier>{cb28949f-7c33-4612-8311-2eb44fdf9b82}</UniqueIdentifier>
    </Filter>
    <Filter Include="Sources\stream">
      <UniqueIdentifier>{3a9f58a6-cef7-4603-94ea-4b4cbf280a6e}</UniqueIdentifier>
    </Filter>
    <Filter Include="Sources\smodifier">
      <UniqueIdentifier>{51f41407-68d9-4de4-9c3f-5d40ec8db2bf}</UniqueIdentifier>
    </Filter>
    <Filter Include="Sources\interface">
      <UniqueIdentifier>{f1001e88-ab30-43e7-a0c1-b6a5f283debf}</UniqueIdentifier>
    </Filter>
    <Filter Include="Sources\convert">
      <UniqueIdentifier>{b00fadd8-10d6-4f1d-87ef-fa7c3e93dbf1}</UniqueIdentifier>
    </Filter>
    <Filter Include="Sources\debug">
      <UniqueIdentifier>{aea05032-0ac6-4491-b3fe-3599b29d604f}</UniqueIdentifier>
    </Filter>
    <Filter Include="Sources\fx">
      <UniqueIdentifier>{2f08f88c-c407-4922-895e-92491a63cc98}</UniqueIdentifier>
    </Filter>
    <Filter Include="Sources\loading">
      <UniqueIdentifier>{2dd6ff16-6d92-4324-a05c-2e13b8344a51}</UniqueIdentifier>
    </Filter>
    <Filter Include="Sources\wac">
      <UniqueIdentifier>{4913f1d3-7bf7-4dbf-8dd9-12b787857922}</UniqueIdentifier>
    </Filter>
    <Filter Include="Sources\ediSND">
      <UniqueIdentifier>{6bcc4541-69a4-4aee-9b55-1cd3b3770a3d}</UniqueIdentifier>
    </Filter>
    <Filter Include="Sources\XBox">
      <UniqueIdentifier>{b1db959e-f343-4b77-b6d2-56e188694922}</UniqueIdentifier>
    </Filter>
    <Filter Include="Libraries">
      <UniqueIdentifier>{380d10c9-6c32-4ac1-95c4-6b4a781d1f3d}</UniqueIdentifier>
    </Filter>
    <Filter Include="Xenon">
      <UniqueIdentifier>{0758c4c6-24e3-4482-adf6-d883c3c67448}</UniqueIdentifier>
    </Filter>
  </ItemGroup>
  <ItemGroup>
    <ClCompile Include="..\Sources\win32\win32SND.c">
      <Filter>Sources\win32SND</Filter>
    </ClCompile>
    <ClCompile Include="..\Sources\win32\win32SND_Stream.c">
      <Filter>Sources\win32SND</Filter>
    </ClCompile>
    <ClCompile Include="..\Sources\win32\win32SNDdebug.c">
      <Filter>Sources\win32SND</Filter>
    </ClCompile>
    <ClCompile Include="..\Sources\win32\win32SNDfx.c">
      <Filter>Sources\win32SND</Filter>
    </ClCompile>
    <ClCompile Include="..\Sources\MTX.c">
      <Filter>Sources\MTX</Filter>
    </ClCompile>
    <ClCompile Include="..\Sources\SND.c">
      <Filter>Sources\global</Filter>
    </ClCompile>
    <ClCompile Include="..\Sources\SNDvolume.c">
      <Filter>Sources\global</Filter>
    </ClCompile>
    <ClCompile Include="..\Sources\SNDambience.c">
      <Filter>Sources\stream</Filter>
    </ClCompile>
    <ClCompile Include="..\Sources\SNDdialog.c">
      <Filter>Sources\stream</Filter>
    </ClCompile>
    <ClCompile Include="..\Sources\SNDmusic.c">
      <Filter>Sources\stream</Filter>
    </ClCompile>
    <ClCompile Include="..\Sources\SNDstream.c">
      <Filter>Sources\stream</Filter>
    </ClCompile>
    <ClCompile Include="..\Sources\SNDtrack.c">
      <Filter>Sources\stream</Filter>
    </ClCompile>
    <ClCompile Include="..\Sources\SNDinsert.c">
      <Filter>Sources\smodifier</Filter>
    </ClCompile>
    <ClCompile Include="..\Sources\SNDmodifier.c">
      <Filter>Sources\smodifier</Filter>
    </ClCompile>
    <ClCompile Include="..\Sources\SNDinterface.c">
      <Filter>Sources\interface</Filter>
    </ClCompile>
    <ClCompile Include="..\Sources\SNDconv.c">
      <Filter>Sources\convert</Filter>
    </ClCompile>
    <ClCompile Include="..\Sources\SNDconv_pcretailadpcm.c">
      <Filter>Sources\convert</Filter>
    </ClCompile>
    <ClCompile Include="..\Sources\SNDconv_xboxadpcm.c">
      <Filter>Sources\convert</Filter>
    </ClCompile>
    <ClCompile Include="..\Sources\SNDmsadpcm.c">
      <Filter>Sources\convert</Filter>
    </ClCompile>
    <ClCompile Include="..\Sources\SNDdebug.c">
      <Filter>Sources\debug</Filter>
    </ClCompile>
    <ClCompile Include="..\Sources\SNDrasters.c">
      <Filter>Sources\debug</Filter>
    </ClCompile>
    <ClCompile Include="..\Sources\SNDfx.c">
      <Filter>Sources\fx</Filter>
    </ClCompile>
    <ClCompile Include="..\Sources\SNDbank.c">
      <Filter>Sources\loading</Filter>
    </ClCompile>
    <ClCompile Include="..\Sources\SNDload.c">
      <Filter>Sources\loading</Filter>
    </ClCompile>
    <ClCompile Include="..\Sources\SNDwave.c">
      <Filter>Sources\loading</Filter>
    </ClCompile>
    <ClCompile Include="..\Sources\SNDloadingsound.c">
      <Filter>Sources\wac</Filter>
    </ClCompile>
    <ClCompile Include="..\Sources\edi\ediSND.c">
      <Filter>Sources\ediSND</Filter>
    </ClCompile>
    <ClCompile Include="..\Sources\edi\ediSND_Stream.c">
      <Filter>Sources\ediSND</Filter>
    </ClCompile>
    <ClCompile Include="..\Sources\edi\ediSNDdebug.c">
      <Filter>Sources\ediSND</Filter>
    </ClCompile>
    <ClCompile Include="..\Sources\edi\ediSNDfx.c">
      <Filter>Sources\ediSND</Filter>
    </ClCompile>
    <ClCompile Include="..\Sources\xbox\xbSND.c">
      <Filter>Sources\XBox</Filter>
    </ClCompile>
    <ClCompile Include="..\Sources\xbox\xbSND_debug.c">
      <Filter>Sources\XBox</Filter>
    </ClCompile>
    <ClCompile Include="..\Sources\xbox\xbSND_RAM.c">
      <Filter>Sources\XBox</Filter>
    </ClCompile>
    <ClCompile Include="..\Sources\xbox\xbSND_Stream.c">
      <Filter>Sources\XBox</Filter>
    </ClCompile>
    <ClCompile Include="..\Sources\xbox\xbSND_Thread.c">
      <Filter>Sources\XBox</Filter>
    </ClCompile>
    <ClCompile Include="..\Sources\xbox\xbSNDfx.c">
      <Filter>Sources\XBox</Filter>
    </ClCompile>
    <ClCompile Include="..\Sources\xenon\xeSND_ADPCM.cpp">
      <Filter>Xenon</Filter>
    </ClCompile>
    <ClCompile Include="..\Sources\xenon\xeSND_AudioConsole.cpp">
      <Filter>Xenon</Filter>
    </ClCompile>
    <ClCompile Include="..\Sources\xenon\xeSND_BigFile.cpp">
      <Filter>Xenon</Filter>
    </ClCompile>
    <ClCompile Include="..\Sources\xenon\xeSND_Database.cpp">
      <Filter>Xenon</Filter>
    </ClCompile>
    <ClCompile Include="..\Sources\xenon\xeSND_Effects.cpp">
      <Filter>Xenon</Filter>
    </ClCompile>
    <ClCompile Include="..\Sources\xenon\xeSND_Engine.cpp">
      <Filter>Xenon</Filter>
    </ClCompile>
    <ClCompile Include="..\Sources\xenon\xeSND_Helpers.cpp">
      <Filter>Xenon</Filter>
    </ClCompile>
    <ClCompile Include="..\Sources\xenon\xeSND_Interface.cpp">
      <Filter>Xenon</Filter>
    </ClCompile>
    <ClCompile Include="..\Sources\xenon\xeSND_Voice.cpp">
      <Filter>Xenon</Filter>
    </ClCompile>
    <ClCompile Include="..\Sources\xenon\xeSND_WaveParser.cpp">
      <Filter>Xenon</Filter>
    </ClCompile>
    <ClCompile Include="..\Sources\Precomp.c" />
  </ItemGroup>
  <ItemGroup>
    <ClInclude Include="..\Sources\win32\win32SND.h">
      <Filter>Sources\win32SND</Filter>
    </ClInclude>
    <ClInclude Include="..\Sources\win32\win32SND_Stream.h">
      <Filter>Sources\win32SND</Filter>
    </ClInclude>
    <ClInclude Include="..\Sources\win32\win32SNDdebug.h">
      <Filter>Sources\win32SND</Filter>
    </ClInclude>
    <ClInclude Include="..\Sources\win32\win32SNDfx.h">
      <Filter>Sources\win32SND</Filter>
    </ClInclude>
    <ClInclude Include="..\Sources\MTX.h">
      <Filter>Sources\MTX</Filter>
    </ClInclude>
    <ClInclude Include="..\Sources\SND.h">
      <Filter>Sources\global</Filter>
    </ClInclude>
    <ClInclude Include="..\Sources\SNDconst.h">
      <Filter>Sources\global</Filter>
    </ClInclude>
    <ClInclude Include="..\Sources\SNDerrid.h">
      <Filter>Sources\global</Filter>
    </ClInclude>
    <ClInclude Include="..\Sources\SNDmacros.h">
      <Filter>Sources\global</Filter>
    </ClInclude>
    <ClInclude Include="..\Sources\SNDspecific.h">
      <Filter>Sources\global</Filter>
    </ClInclude>
    <ClInclude Include="..\Sources\SNDstruct.h">
      <Filter>Sources\global</Filter>
    </ClInclude>
    <ClInclude Include="..\Sources\SNDvolume.h">
      <Filter>Sources\global</Filter>
    </ClInclude>
    <ClInclude Include="..\Sources\SNDambience.h">
      <Filter>Sources\stream</Filter>
    </ClInclude>
    <ClInclude Include="..\Sources\SNDdialog.h">
      <Filter>Sources\stream</Filter>
    </ClInclude>
    <ClInclude Include="..\Sources\SNDmusic.h">
      <Filter>Sources\stream</Filter>
    </ClInclude>
    <ClInclude Include="..\Sources\SNDstream.h">
      <Filter>Sources\stream</Filter>
    </ClInclude>
    <ClInclude Include="..\Sources\SNDtrack.h">
      <Filter>Sources\stream</Filter>
    </ClInclude>
    <ClInclude Include="..\Sources\SNDinsert.h">
      <Filter>Sources\smodifier</Filter>
    </ClInclude>
    <ClInclude Include="..\Sources\SNDmodifier.h">
      <Filter>Sources\smodifier</Filter>
    </ClInclude>
    <ClInclude Include="..\Sources\SNDinterface.h">
      <Filter>Sources\interface</Filter>
    </ClInclude>
    <ClInclude Include="..\Sources\SNDconv.h">
      <Filter>Sources\convert</Filter>
    </ClInclude>
    <ClInclude Include="..\Sources\SNDconv_pcretailadpcm.h">
      <Filter>Sources\convert</Filter>
    </ClInclude>
    <ClInclude Include="..\Sources\SNDconv_xboxadpcm.h">
      <Filter>Sources\convert</Filter>
    </ClInclude>
    <ClInclude Include="..\Sources\SNDmsadpcm.h">
      <Filter>Sources\convert</Filter>
    </ClInclude>
    <ClInclude Include="..\Sources\SNDdebug.h">
      <Filter>Sources\debug</Filter>
    </ClInclude>
    <ClInclude Include="..\Sources\SNDrasters.h">
      <Filter>Sources\debug</Filter>
    </ClInclude>
    <ClInclude Include="..\Sources\SNDfx.h">
      <Filter>Sources\fx</Filter>
    </ClInclude>
    <ClInclude Include="..\Sources\SNDbank.h">
      <Filter>Sources\loading</Filter>
    </ClInclude>
    <ClInclude Include="..\Sources\SNDload.h">
      <Filter>Sources\loading</Filter>
    </ClInclude>
    <ClInclude Include="..\Sources\SNDwave.h">
      <Filter>Sources\loading</Filter>
    </ClInclude>
    <ClInclude Include="..\Sources\SNDloadingsound.h">
      <Filter>Sources\wac</Filter>
    </ClInclude>
    <ClInclude Include="..\Sources\edi\ediSND.h">
      <Filter>Sources\ediSND</Filter>
    </ClInclude>
    <ClInclude Include="..\Sources\edi\ediSND_Stream.h">
      <Filter>Sources\ediSND</Filter>
    </ClInclude>
    <ClInclude Include="..\Sources\edi\ediSNDdebug.h">
      <Filter>Sources\ediSND</Filter>
    </ClInclude>
    <ClInclude Include="..\Sources\xbox\jadedsp.h">
      <Filter>Sources\XBox</Filter>
    </ClInclude>
    <ClInclude Include="..\Sources\xenon\xeSND_ADPCM.h">
      <Filter>Xenon</Filter>
    </ClInclude>
    <ClInclude Include="..\Sources\xenon\xeSND_AudioConsole.h">
      <Filter>Xenon</Filter>
    </ClInclude>
    <ClInclude Include="..\Sources\xenon\xeSND_BigFile.h">
      <Filter>Xenon</Filter>
    </ClInclude>
    <ClInclude Include="..\Sources\xenon\xeSND_Database.h">
      <Filter>Xenon</Filter>
    </ClInclude>
    <ClInclude Include="..\Sources\xenon\xeSND_Effects.h">
      <Filter>Xenon</Filter>
    </ClInclude>
    <ClInclude Include="..\Sources\xenon\xeSND_Engine.h">
      <Filter>Xenon</Filter>
    </ClInclude>
    <ClInclude Include="..\Sources\xenon\xeSND_Helpers.h">
      <Filter>Xenon</Filter>
    </ClInclude>
    <ClInclude Include="..\Sources\xenon\xeSND_Interface.h">
      <Filter>Xenon</Filter>
    </ClInclude>
    <ClInclude Include="..\Sources\xenon\xeSND_Voice.h">
      <Filter>Xenon</Filter>
    </ClInclude>
    <ClInclude Include="..\Sources\xenon\xeSND_WaveParser.h">
      <Filter>Xenon</Filter>
    </ClInclude>
    <ClInclude Include="..\Sources\Precomp.h" />
  </ItemGroup>
  <ItemGroup>
    <Library Include="..\..\..\Extern\DX9\Lib\dsound.lib">
      <Filter>Libraries</Filter>
    </Library>
  </ItemGroup>
  <ItemGroup>
    <CustomBuild Include="..\Sources\xbox\xbSND.h">
      <Filter>Sources\XBox</Filter>
    </CustomBuild>
    <CustomBuild Include="..\Sources\xbox\xbSND_debug.h">
      <Filter>Sources\XBox</Filter>
    </CustomBuild>
    <CustomBuild Include="..\Sources\xbox\xbSND_RAM.h">
      <Filter>Sources\XBox</Filter>
    </CustomBuild>
    <CustomBuild Include="..\Sources\xbox\xbSND_Stream.h">
      <Filter>Sources\XBox</Filter>
    </CustomBuild>
    <CustomBuild Include="..\Sources\xbox\xbSND_Thread.h">
      <Filter>Sources\XBox</Filter>
    </CustomBuild>
    <CustomBuild Include="..\Sources\xbox\xbSNDfx.h">
      <Filter>Sources\XBox</Filter>
    </CustomBuild>
  </ItemGroup>
</Project>