<?xml version="1.0" encoding="utf-8"?>
<Project ToolsVersion="4.0" xmlns="http://schemas.microsoft.com/developer/msbuild/2003">
  <ItemGroup>
    <Filter Include="AI">
      <UniqueIdentifier>{c3db8ef8-a73a-4488-ab2a-4b97adbf5a75}</UniqueIdentifier>
    </Filter>
    <Filter Include="Keywords">
      <UniqueIdentifier>{f2ff18ef-1eea-4496-8f8c-5561106a5189}</UniqueIdentifier>
    </Filter>
    <Filter Include="Types">
      <UniqueIdentifier>{954a1fd7-036f-4b03-8487-3873d77bf211}</UniqueIdentifier>
    </Filter>
    <Filter Include="Functions">
      <UniqueIdentifier>{5f2bbba2-c65d-44b4-8dac-bb92afd2cd36}</UniqueIdentifier>
    </Filter>
    <Filter Include="Categs">
      <UniqueIdentifier>{937c534a-0e8a-4c15-82f3-34ec9025c08e}</UniqueIdentifier>
    </Filter>
    <Filter Include="Fields">
      <UniqueIdentifier>{1955ef5b-1d59-4782-86ef-8bae4e7a553e}</UniqueIdentifier>
    </Filter>
    <Filter Include="Events">
      <UniqueIdentifier>{9ab9e466-e970-4701-b680-69ee9fc9d27b}</UniqueIdentifier>
    </Filter>
  </ItemGroup>
  <ItemGroup>
    <ClCompile Include="..\Sources\AI.c">
      <Filter>AI</Filter>
    </ClCompile>
    <ClCompile Include="..\Sources\AI2C.cpp">
      <Filter>AI</Filter>
    </ClCompile>
    <ClCompile Include="..\Sources\AI2C_dll\AI2C_dll.c">
      <Filter>AI</Filter>
    </ClCompile>
    <ClCompile Include="..\Sources\AI2C_fctlist0.cpp">
      <Filter>AI</Filter>
    </ClCompile>
    <ClCompile Include="..\Sources\AI2C_fctlist1.cpp">
      <Filter>AI</Filter>
    </ClCompile>
    <ClCompile Include="..\Sources\AI2C_fctlist2.cpp">
      <Filter>AI</Filter>
    </ClCompile>
    <ClCompile Include="..\Sources\AI2C_fctlist3.cpp">
      <Filter>AI</Filter>
    </ClCompile>
    <ClCompile Include="..\Sources\AI2C_fctlist4.cpp">
      <Filter>AI</Filter>
    </ClCompile>
    <ClCompile Include="..\Sources\AI2C_fctlist5.cpp">
      <Filter>AI</Filter>
    </ClCompile>
    <ClCompile Include="..\Sources\AI2C_fctlist6.cpp">
      <Filter>AI</Filter>
    </ClCompile>
    <ClCompile Include="..\Sources\AI2C_fctlist7.cpp">
      <Filter>AI</Filter>
    </ClCompile>
    <ClCompile Include="..\Sources\AI2C_fctlist8.cpp">
      <Filter>AI</Filter>
    </ClCompile>
    <ClCompile Include="..\Sources\AI2C_fctlist9.cpp">
      <Filter>AI</Filter>
    </ClCompile>
    <ClCompile Include="..\Sources\AIBench.c">
      <Filter>AI</Filter>
    </ClCompile>
    <ClCompile Include="..\Sources\AIdebug.c">
      <Filter>AI</Filter>
    </ClCompile>
    <ClCompile Include="..\Sources\AIengine.c">
      <Filter>AI</Filter>
    </ClCompile>
    <ClCompile Include="..\Sources\AIload.c">
      <Filter>AI</Filter>
    </ClCompile>
    <ClCompile Include="..\Sources\AIsave.c">
      <Filter>AI</Filter>
    </ClCompile>
    <ClCompile Include="..\Sources\Keywords\AIkeywords.c">
      <Filter>Keywords</Filter>
    </ClCompile>
    <ClCompile Include="..\Sources\Types\AItypes.c">
      <Filter>Types</Filter>
    </ClCompile>
    <ClCompile Include="..\Sources\Functions\AIfunctions_action.c">
      <Filter>Functions</Filter>
    </ClCompile>
    <ClCompile Include="..\Sources\Functions\AIfunctions_ai.c">
      <Filter>Functions</Filter>
    </ClCompile>
    <ClCompile Include="..\Sources\Functions\AIfunctions_ani.c">
      <Filter>Functions</Filter>
    </ClCompile>
    <ClCompile Include="..\Sources\Functions\AIfunctions_arr.c">
      <Filter>Functions</Filter>
    </ClCompile>
    <ClCompile Include="..\Sources\Functions\AIfunctions_cam.c">
      <Filter>Functions</Filter>
    </ClCompile>
    <ClCompile Include="..\Sources\Functions\AIfunctions_cast.c">
      <Filter>Functions</Filter>
    </ClCompile>
    <ClCompile Include="..\Sources\Functions\AIfunctions_col.c">
      <Filter>Functions</Filter>
    </ClCompile>
    <ClCompile Include="..\Sources\Functions\AIfunctions_COLOR.c">
      <Filter>Functions</Filter>
    </ClCompile>
    <ClCompile Include="..\Sources\Functions\AIfunctions_dbg.c">
      <Filter>Functions</Filter>
    </ClCompile>
    <ClCompile Include="..\Sources\Functions\AIfunctions_dyn.c">
      <Filter>Functions</Filter>
    </ClCompile>
    <ClCompile Include="..\Sources\Functions\AIfunctions_GFX.c">
      <Filter>Functions</Filter>
    </ClCompile>
    <ClCompile Include="..\Sources\Functions\AIfunctions_grid.c">
      <Filter>Functions</Filter>
    </ClCompile>
    <ClCompile Include="..\Sources\Functions\AIfunctions_io.c">
      <Filter>Functions</Filter>
    </ClCompile>
    <ClCompile Include="..\Sources\Functions\AIfunctions_light.c">
      <Filter>Functions</Filter>
    </ClCompile>
    <ClCompile Include="..\Sources\Functions\AIfunctions_MAT.c">
      <Filter>Functions</Filter>
    </ClCompile>
    <ClCompile Include="..\Sources\Functions\AIfunctions_msg.c">
      <Filter>Functions</Filter>
    </ClCompile>
    <ClCompile Include="..\Sources\Functions\AIfunctions_mth.c">
      <Filter>Functions</Filter>
    </ClCompile>
    <ClCompile Include="..\Sources\Functions\AIfunctions_net.c">
      <Filter>Functions</Filter>
    </ClCompile>
    <ClCompile Include="..\Sources\Functions\AIfunctions_obj.c">
      <Filter>Functions</Filter>
    </ClCompile>
    <ClCompile Include="..\Sources\Functions\AIfunctions_objtext.c">
      <Filter>Functions</Filter>
    </ClCompile>
    <ClCompile Include="..\Sources\Functions\AIfunctions_save.c">
      <Filter>Functions</Filter>
    </ClCompile>
    <ClCompile Include="..\Sources\Functions\AIfunctions_savephotos.c">
      <Filter>Functions</Filter>
    </ClCompile>
    <ClCompile Include="..\Sources\Functions\AIfunctions_sct.c">
      <Filter>Functions</Filter>
    </ClCompile>
    <ClCompile Include="..\Sources\Functions\AIfunctions_snd.c">
      <Filter>Functions</Filter>
    </ClCompile>
    <ClCompile Include="..\Sources\Functions\AIfunctions_softBody.c">
      <Filter>Functions</Filter>
    </ClCompile>
    <ClCompile Include="..\Sources\Functions\AIfunctions_text.c">
      <Filter>Functions</Filter>
    </ClCompile>
    <ClCompile Include="..\Sources\Functions\AIfunctions_time.c">
      <Filter>Functions</Filter>
    </ClCompile>
    <ClCompile Include="..\Sources\Functions\AIfunctions_tra.c">
      <Filter>Functions</Filter>
    </ClCompile>
    <ClCompile Include="..\Sources\Functions\AIfunctions_view.c">
      <Filter>Functions</Filter>
    </ClCompile>
    <ClCompile Include="..\Sources\Functions\AIfunctions_way.c">
      <Filter>Functions</Filter>
    </ClCompile>
    <ClCompile Include="..\Sources\Functions\AIfunctions_wor.c">
      <Filter>Functions</Filter>
    </ClCompile>
    <ClCompile Include="..\Sources\Functions\AIfunctions_Xenon.c">
      <Filter>Functions</Filter>
    </ClCompile>
    <ClCompile Include="..\Sources\Functions\AIfunctions_XMEN.c">
      <Filter>Functions</Filter>
    </ClCompile>
    <ClCompile Include="..\Sources\Categs\AIcateg.c">
      <Filter>Categs</Filter>
    </ClCompile>
    <ClCompile Include="..\Sources\Fields\AIfields.c">
      <Filter>Fields</Filter>
    </ClCompile>
    <ClCompile Include="..\Sources\Events\EVEinit.c">
      <Filter>Events</Filter>
    </ClCompile>
    <ClCompile Include="..\Sources\Events\EVEload.c">
      <Filter>Events</Filter>
    </ClCompile>
    <ClCompile Include="..\Sources\Events\EVEnt_aifunc.c">
      <Filter>Events</Filter>
    </ClCompile>
    <ClCompile Include="..\Sources\Events\EVEnt_interpolationkey.c">
      <Filter>Events</Filter>
    </ClCompile>
    <ClCompile Include="..\Sources\Events\EVEnt_morphkey.c">
      <Filter>Events</Filter>
    </ClCompile>
    <ClCompile Include="..\Sources\Events\EVEplay.c">
      <Filter>Events</Filter>
    </ClCompile>
    <ClCompile Include="..\Sources\Events\EVEsave.c">
      <Filter>Events</Filter>
    </ClCompile>
    <ClCompile Include="..\Sources\Precomp.c" />
  </ItemGroup>
  <ItemGroup>
    <ClInclude Include="..\Sources\AI.h">
      <Filter>AI</Filter>
    </ClInclude>
    <ClInclude Include="..\Sources\AI2C_fctdefs.h">
      <Filter>AI</Filter>
    </ClInclude>
    <ClInclude Include="..\Sources\AI2C_fctheader.h">
      <Filter>AI</Filter>
    </ClInclude>
    <ClInclude Include="..\Sources\AI2C_fctlist.h">
      <Filter>AI</Filter>
    </ClInclude>
    <ClInclude Include="..\Sources\AI2C_mdlheader.h">
      <Filter>AI</Filter>
    </ClInclude>
    <ClInclude Include="..\Sources\AIBench.h">
      <Filter>AI</Filter>
    </ClInclude>
    <ClInclude Include="..\Sources\AIdebug.h">
      <Filter>AI</Filter>
    </ClInclude>
    <ClInclude Include="..\Sources\AIengine.h">
      <Filter>AI</Filter>
    </ClInclude>
    <ClInclude Include="..\Sources\AIerrid.h">
      <Filter>AI</Filter>
    </ClInclude>
    <ClInclude Include="..\Sources\AIload.h">
      <Filter>AI</Filter>
    </ClInclude>
    <ClInclude Include="..\Sources\AImsg.h">
      <Filter>AI</Filter>
    </ClInclude>
    <ClInclude Include="..\Sources\AIsave.h">
      <Filter>AI</Filter>
    </ClInclude>
    <ClInclude Include="..\Sources\AIstack.h">
      <Filter>AI</Filter>
    </ClInclude>
    <ClInclude Include="..\Sources\AIstruct.h">
      <Filter>AI</Filter>
    </ClInclude>
    <ClInclude Include="..\Sources\AItools.h">
      <Filter>AI</Filter>
    </ClInclude>
    <ClInclude Include="..\Sources\Keywords\AIdefkey.h">
      <Filter>Keywords</Filter>
    </ClInclude>
    <ClInclude Include="..\Sources\Types\AIdeftyp.h">
      <Filter>Types</Filter>
    </ClInclude>
    <ClInclude Include="..\Sources\Functions\AIdeffct.h">
      <Filter>Functions</Filter>
    </ClInclude>
    <ClInclude Include="..\Sources\Functions\AIfunctions_cam.h">
      <Filter>Functions</Filter>
    </ClInclude>
    <ClInclude Include="..\Sources\Functions\AIfunctions_savephotos.h">
      <Filter>Functions</Filter>
    </ClInclude>
    <ClInclude Include="..\Sources\Categs\AIdefcateg.h">
      <Filter>Categs</Filter>
    </ClInclude>
    <ClInclude Include="..\Sources\Fields\AIdeffields.h">
      <Filter>Fields</Filter>
    </ClInclude>
    <ClInclude Include="..\Sources\Events\EVEconst.h">
      <Filter>Events</Filter>
    </ClInclude>
    <ClInclude Include="..\Sources\Events\EVEinit.h">
      <Filter>Events</Filter>
    </ClInclude>
    <ClInclude Include="..\Sources\Events\EVEload.h">
      <Filter>Events</Filter>
    </ClInclude>
    <ClInclude Include="..\Sources\Events\EVEnt_aifunc.h">
      <Filter>Events</Filter>
    </ClInclude>
    <ClInclude Include="..\Sources\Events\EVEnt_interpolationkey.h">
      <Filter>Events</Filter>
    </ClInclude>
    <ClInclude Include="..\Sources\Events\EVEnt_morphkey.h">
      <Filter>Events</Filter>
    </ClInclude>
    <ClInclude Include="..\Sources\Events\EVEplay.h">
      <Filter>Events</Filter>
    </ClInclude>
    <ClInclude Include="..\Sources\Events\EVEsave.h">
      <Filter>Events</Filter>
    </ClInclude>
    <ClInclude Include="..\Sources\Events\EVEstruct.h">
      <Filter>Events</Filter>
    </ClInclude>
    <ClInclude Include="..\Sources\Precomp.h" />
  </ItemGroup>
</Project>