<?xml version="1.0" encoding="utf-8"?>
<Project ToolsVersion="4.0" xmlns="http://schemas.microsoft.com/developer/msbuild/2003">
  <ItemGroup>
    <Filter Include="HEADER">
      <UniqueIdentifier>{17bfd040-7d1a-40b8-a275-6676febb833f}</UniqueIdentifier>
    </Filter>
    <Filter Include="SOURCES">
      <UniqueIdentifier>{b3fb5a8b-ec0c-4a1d-a01d-d14f594df4d1}</UniqueIdentifier>
    </Filter>
  </ItemGroup>
  <ItemGroup>
    <ClInclude Include="FMTSPEC.H">
      <Filter>HEADER</Filter>
    </ClInclude>
    <ClInclude Include="INTERFCE.H">
      <Filter>HEADER</Filter>
    </ClInclude>
    <ClInclude Include="JCHUFF.H">
      <Filter>HEADER</Filter>
    </ClInclude>
    <ClInclude Include="JCONFIG.H">
      <Filter>HEADER</Filter>
    </ClInclude>
    <ClInclude Include="JDCT.H">
      <Filter>HEADER</Filter>
    </ClInclude>
    <ClInclude Include="JDHUFF.H">
      <Filter>HEADER</Filter>
    </ClInclude>
    <ClInclude Include="JERROR.H">
      <Filter>HEADER</Filter>
    </ClInclude>
    <ClInclude Include="JINCLUDE.H">
      <Filter>HEADER</Filter>
    </ClInclude>
    <ClInclude Include="JMEMSYS.H">
      <Filter>HEADER</Filter>
    </ClInclude>
    <ClInclude Include="JMORECFG.H">
      <Filter>HEADER</Filter>
    </ClInclude>
    <ClInclude Include="JPEGINT.H">
      <Filter>HEADER</Filter>
    </ClInclude>
    <ClInclude Include="JPEGLIB.H">
      <Filter>HEADER</Filter>
    </ClInclude>
    <ClInclude Include="JPEGRC.H">
      <Filter>HEADER</Filter>
    </ClInclude>
    <ClInclude Include="JVERSION.H">
      <Filter>HEADER</Filter>
    </ClInclude>
  </ItemGroup>
  <ItemGroup>
    <ClCompile Include="INTERFCE.C">
      <Filter>SOURCES</Filter>
    </ClCompile>
    <ClCompile Include="JCAPIMIN.C">
      <Filter>SOURCES</Filter>
    </ClCompile>
    <ClCompile Include="JCAPISTD.C">
      <Filter>SOURCES</Filter>
    </ClCompile>
    <ClCompile Include="JCCOEFCT.C">
      <Filter>SOURCES</Filter>
    </ClCompile>
    <ClCompile Include="JCCOLOR.C">
      <Filter>SOURCES</Filter>
    </ClCompile>
    <ClCompile Include="JCDCTMGR.C">
      <Filter>SOURCES</Filter>
    </ClCompile>
    <ClCompile Include="JCHUFF.C">
      <Filter>SOURCES</Filter>
    </ClCompile>
    <ClCompile Include="JCINIT.C">
      <Filter>SOURCES</Filter>
    </ClCompile>
    <ClCompile Include="JCMAINCT.C">
      <Filter>SOURCES</Filter>
    </ClCompile>
    <ClCompile Include="JCMARKER.C">
      <Filter>SOURCES</Filter>
    </ClCompile>
    <ClCompile Include="JCMASTER.C">
      <Filter>SOURCES</Filter>
    </ClCompile>
    <ClCompile Include="JCOMAPI.C">
      <Filter>SOURCES</Filter>
    </ClCompile>
    <ClCompile Include="JCPARAM.C">
      <Filter>SOURCES</Filter>
    </ClCompile>
    <ClCompile Include="JCPHUFF.C">
      <Filter>SOURCES</Filter>
    </ClCompile>
    <ClCompile Include="JCPREPCT.C">
      <Filter>SOURCES</Filter>
    </ClCompile>
    <ClCompile Include="JCSAMPLE.C">
      <Filter>SOURCES</Filter>
    </ClCompile>
    <ClCompile Include="JCTRANS.C">
      <Filter>SOURCES</Filter>
    </ClCompile>
    <ClCompile Include="JDAPIMIN.C">
      <Filter>SOURCES</Filter>
    </ClCompile>
    <ClCompile Include="JDAPISTD.C">
      <Filter>SOURCES</Filter>
    </ClCompile>
    <ClCompile Include="JDATADST.C">
      <Filter>SOURCES</Filter>
    </ClCompile>
    <ClCompile Include="JDATASRC.C">
      <Filter>SOURCES</Filter>
    </ClCompile>
    <ClCompile Include="JDCOEFCT.C">
      <Filter>SOURCES</Filter>
    </ClCompile>
    <ClCompile Include="JDCOLOR.C">
      <Filter>SOURCES</Filter>
    </ClCompile>
    <ClCompile Include="JDDCTMGR.C">
      <Filter>SOURCES</Filter>
    </ClCompile>
    <ClCompile Include="JDHUFF.C">
      <Filter>SOURCES</Filter>
    </ClCompile>
    <ClCompile Include="JDINPUT.C">
      <Filter>SOURCES</Filter>
    </ClCompile>
    <ClCompile Include="JDMAINCT.C">
      <Filter>SOURCES</Filter>
    </ClCompile>
    <ClCompile Include="JDMARKER.C">
      <Filter>SOURCES</Filter>
    </ClCompile>
    <ClCompile Include="JDMASTER.C">
      <Filter>SOURCES</Filter>
    </ClCompile>
    <ClCompile Include="JDMERGE.C">
      <Filter>SOURCES</Filter>
    </ClCompile>
    <ClCompile Include="JDPHUFF.C">
      <Filter>SOURCES</Filter>
    </ClCompile>
    <ClCompile Include="JDPOSTCT.C">
      <Filter>SOURCES</Filter>
    </ClCompile>
    <ClCompile Include="JDSAMPLE.C">
      <Filter>SOURCES</Filter>
    </ClCompile>
    <ClCompile Include="JDTRANS.C">
      <Filter>SOURCES</Filter>
    </ClCompile>
    <ClCompile Include="JERROR.C">
      <Filter>SOURCES</Filter>
    </ClCompile>
    <ClCompile Include="JFDCTFLT.C">
      <Filter>SOURCES</Filter>
    </ClCompile>
    <ClCompile Include="JFDCTFST.C">
      <Filter>SOURCES</Filter>
    </ClCompile>
    <ClCompile Include="JFDCTINT.C">
      <Filter>SOURCES</Filter>
    </ClCompile>
    <ClCompile Include="JIDCTFLT.C">
      <Filter>SOURCES</Filter>
    </ClCompile>
    <ClCompile Include="JIDCTFST.C">
      <Filter>SOURCES</Filter>
    </ClCompile>
    <ClCompile Include="JIDCTINT.C">
      <Filter>SOURCES</Filter>
    </ClCompile>
    <ClCompile Include="JIDCTRED.C">
      <Filter>SOURCES</Filter>
    </ClCompile>
    <ClCompile Include="JMEMMGR.C">
      <Filter>SOURCES</Filter>
    </ClCompile>
    <ClCompile Include="JMEMNOBS.C">
      <Filter>SOURCES</Filter>
    </ClCompile>
    <ClCompile Include="JQUANT1.C">
      <Filter>SOURCES</Filter>
    </ClCompile>
    <ClCompile Include="JQUANT2.C">
      <Filter>SOURCES</Filter>
    </ClCompile>
    <ClCompile Include="JUTILS.C">
      <Filter>SOURCES</Filter>
    </ClCompile>
  </ItemGroup>
</Project>