<?xml version="1.0" encoding="utf-8"?>
<Project ToolsVersion="4.0" xmlns="http://schemas.microsoft.com/developer/msbuild/2003">
  <ItemGroup>
    <Filter Include="Source Files">
      <UniqueIdentifier>{4FC737F1-C7A5-4376-A066-2A32D752A2FF}</UniqueIdentifier>
      <Extensions>cpp;c;cxx;def;odl;idl;hpj;bat;asm;asmx;h;hpp;hxx;hm;inl;inc;xsd</Extensions>
    </Filter>
  </ItemGroup>
  <ItemGroup>
    <ClCompile Include="Sources\Precomp.cpp">
      <Filter>Source Files</Filter>
    </ClCompile>
    <ClCompile Include="Sources\XMP_XenonMesh.cpp">
      <Filter>Source Files</Filter>
    </ClCompile>
    <ClCompile Include="Sources\XMP_XenonMesh_Pack.cpp">
      <Filter>Source Files</Filter>
    </ClCompile>
    <ClCompile Include="Sources\XMP_XenonMeshBuilder.cpp">
      <Filter>Source Files</Filter>
    </ClCompile>
    <ClCompile Include="Sources\XMP_XenonMeshBuilder_Chamfer.cpp">
      <Filter>Source Files</Filter>
    </ClCompile>
    <ClCompile Include="Sources\XMP_XenonMeshBuilder_EdgeFix.cpp">
      <Filter>Source Files</Filter>
    </ClCompile>
  </ItemGroup>
  <ItemGroup>
    <CustomBuild Include="Sources\Precomp.h">
      <Filter>Source Files</Filter>
    </CustomBuild>
    <CustomBuild Include="Sources\XMP_XenonMesh.h">
      <Filter>Source Files</Filter>
    </CustomBuild>
    <CustomBuild Include="Sources\XMP_XenonMeshBuilder.h">
      <Filter>Source Files</Filter>
    </CustomBuild>
    <CustomBuild Include="Sources\XMP_XenonMeshBuilder.inl">
      <Filter>Source Files</Filter>
    </CustomBuild>
    <CustomBuild Include="Sources\XMP_XenonMeshKDTree.h">
      <Filter>Source Files</Filter>
    </CustomBuild>
    <CustomBuild Include="Sources\XMP_XenonMeshMath.h">
      <Filter>Source Files</Filter>
    </CustomBuild>
    <CustomBuild Include="Sources\XMP_XenonMeshUtils.h">
      <Filter>Source Files</Filter>
    </CustomBuild>
  </ItemGroup>
</Project>