<?xml version="1.0" encoding="utf-8"?>
<Project ToolsVersion="4.0" xmlns="http://schemas.microsoft.com/developer/msbuild/2003">
  <ItemGroup>
    <Filter Include="TEXture">
      <UniqueIdentifier>{bdee1321-7cd1-4a8a-932e-98a84e9729c5}</UniqueIdentifier>
    </Filter>
    <Filter Include="MATerial">
      <UniqueIdentifier>{b40f7b44-c745-4f60-b6d2-59ef70512df1}</UniqueIdentifier>
    </Filter>
    <Filter Include="MATerial\Xbox">
      <UniqueIdentifier>{221d71db-2361-4e2c-89aa-8d801a4a13ac}</UniqueIdentifier>
    </Filter>
    <Filter Include="GEOmetric">
      <UniqueIdentifier>{51bd715e-fe9c-4c01-8bc9-ff06865272d3}</UniqueIdentifier>
    </Filter>
    <Filter Include="CAMera">
      <UniqueIdentifier>{a0b17fa8-984f-4295-9650-f574636f727b}</UniqueIdentifier>
    </Filter>
    <Filter Include="SOFT">
      <UniqueIdentifier>{59079d51-d60a-4245-9d11-c7e283fffb24}</UniqueIdentifier>
    </Filter>
    <Filter Include="SELection">
      <UniqueIdentifier>{f412cc66-d16b-4f7a-8e9e-4570efaaab6d}</UniqueIdentifier>
    </Filter>
    <Filter Include="GDInterface">
      <UniqueIdentifier>{aa295624-52ee-4865-b3cc-8483b527d051}</UniqueIdentifier>
    </Filter>
    <Filter Include="LIBraries">
      <UniqueIdentifier>{96d24ff2-1f6b-412f-853a-bdbd5a472f6d}</UniqueIdentifier>
    </Filter>
    <Filter Include="LIGHT">
      <UniqueIdentifier>{6540194d-4c05-4060-8e6f-a1001c7f51c8}</UniqueIdentifier>
    </Filter>
    <Filter Include="GRObject">
      <UniqueIdentifier>{2e0d6d88-7aad-4eb6-a6ae-ad37e55207b1}</UniqueIdentifier>
    </Filter>
    <Filter Include="WAYpoint">
      <UniqueIdentifier>{65778e1b-aaf1-44c4-8ac0-21a168c6fa9c}</UniqueIdentifier>
    </Filter>
    <Filter Include="STRing">
      <UniqueIdentifier>{17ee3f87-280b-4772-b6df-a8d3c9aa3a0b}</UniqueIdentifier>
    </Filter>
    <Filter Include="PArticleGenerator">
      <UniqueIdentifier>{2146af07-4e66-48e9-ba56-11f2dc8fec71}</UniqueIdentifier>
    </Filter>
    <Filter Include="GFX">
      <UniqueIdentifier>{da449b7f-e00a-47f8-b53b-6ddd06cbb16e}</UniqueIdentifier>
    </Filter>
    <Filter Include="RADLM">
      <UniqueIdentifier>{38f34837-bb10-4e90-aa1f-0e93b12f3f5d}</UniqueIdentifier>
    </Filter>
    <Filter Include="RADLM\FSRAD">
      <UniqueIdentifier>{58b9ca3c-92d6-4142-ba60-a66f19c50a81}</UniqueIdentifier>
    </Filter>
    <Filter Include="RADLM\FSRAD\Geom">
      <UniqueIdentifier>{304b60c8-358f-4bed-9c5c-e83639565bcc}</UniqueIdentifier>
    </Filter>
    <Filter Include="RADLM\FSRAD\FSTL">
      <UniqueIdentifier>{052bae8f-0945-4790-8c42-fe6470c7bcc4}</UniqueIdentifier>
    </Filter>
  </ItemGroup>
  <ItemGroup>
    <ClCompile Include="..\Sources\TEXture\TEX_Bink.c">
      <Filter>TEXture</Filter>
    </ClCompile>
    <ClCompile Include="..\Sources\TEXture\TEX_mesh.c">
      <Filter>TEXture</Filter>
    </ClCompile>
    <ClCompile Include="..\Sources\TEXture\TEXanimated.c">
      <Filter>TEXture</Filter>
    </ClCompile>
    <ClCompile Include="..\Sources\TEXture\TEXconvert.c">
      <Filter>TEXture</Filter>
    </ClCompile>
    <ClCompile Include="..\Sources\TEXture\TEXcubemap.c">
      <Filter>TEXture</Filter>
    </ClCompile>
    <ClCompile Include="..\Sources\TEXture\TEXeditorfct.c">
      <Filter>TEXture</Filter>
    </ClCompile>
    <ClCompile Include="..\Sources\TEXture\TEXfile.c">
      <Filter>TEXture</Filter>
    </ClCompile>
    <ClCompile Include="..\Sources\TEXture\TEXhardwareload.c">
      <Filter>TEXture</Filter>
    </ClCompile>
    <ClCompile Include="..\Sources\TEXture\TEXList.c">
      <Filter>TEXture</Filter>
    </ClCompile>
    <ClCompile Include="..\Sources\TEXture\TEXmanager.c">
      <Filter>TEXture</Filter>
    </ClCompile>
    <ClCompile Include="..\Sources\TEXture\TEXmemory.c">
      <Filter>TEXture</Filter>
    </ClCompile>
    <ClCompile Include="..\Sources\TEXture\TEXprocedural.c">
      <Filter>TEXture</Filter>
    </ClCompile>
    <ClCompile Include="..\Sources\TEXture\TEXxenon.cpp">
      <Filter>TEXture</Filter>
    </ClCompile>
    <ClCompile Include="..\Sources\TEXture\Water_FFT.c">
      <Filter>TEXture</Filter>
    </ClCompile>
    <ClCompile Include="..\Sources\MATerial\MATCompute.c">
      <Filter>MATerial</Filter>
    </ClCompile>
    <ClCompile Include="..\Sources\MATerial\MATDraw.c">
      <Filter>MATerial</Filter>
    </ClCompile>
    <ClCompile Include="..\Sources\MATerial\MATmulti.c">
      <Filter>MATerial</Filter>
    </ClCompile>
    <ClCompile Include="..\Sources\MATerial\MATmultitexture.c">
      <Filter>MATerial</Filter>
    </ClCompile>
    <ClCompile Include="..\Sources\MATerial\MATShadow.c">
      <Filter>MATerial</Filter>
    </ClCompile>
    <ClCompile Include="..\Sources\MATerial\MATSingle.c">
      <Filter>MATerial</Filter>
    </ClCompile>
    <ClCompile Include="..\Sources\MATerial\MATSprite.c">
      <Filter>MATerial</Filter>
    </ClCompile>
    <ClCompile Include="..\Sources\MATerial\MATSprite_Load.c">
      <Filter>MATerial</Filter>
    </ClCompile>
    <ClCompile Include="..\Sources\MATerial\MATstruct.c">
      <Filter>MATerial</Filter>
    </ClCompile>
    <ClCompile Include="..\Sources\MATerial\xbox\MATCompute.c">
      <Filter>MATerial\Xbox</Filter>
    </ClCompile>
    <ClCompile Include="..\Sources\MATerial\xbox\MATDraw.c">
      <Filter>MATerial\Xbox</Filter>
    </ClCompile>
    <ClCompile Include="..\Sources\MATerial\xbox\MATShadow.c">
      <Filter>MATerial\Xbox</Filter>
    </ClCompile>
    <ClCompile Include="..\Sources\MATerial\xbox\MATSprite.c">
      <Filter>MATerial\Xbox</Filter>
    </ClCompile>
    <ClCompile Include="..\Sources\GEOmetric\GEO_LIGHTCUT.c">
      <Filter>GEOmetric</Filter>
    </ClCompile>
    <ClCompile Include="..\Sources\GEOmetric\GEO_LIGHTCUT_BRONX.c">
      <Filter>GEOmetric</Filter>
    </ClCompile>
    <ClCompile Include="..\Sources\GEOmetric\GEO_LIGHTCUT_DEF.c">
      <Filter>GEOmetric</Filter>
    </ClCompile>
    <ClCompile Include="..\Sources\GEOmetric\GEO_LIGHTCUT_DRAW.c">
      <Filter>GEOmetric</Filter>
    </ClCompile>
    <ClCompile Include="..\Sources\GEOmetric\GEO_LIGHTCUT_FE.c">
      <Filter>GEOmetric</Filter>
    </ClCompile>
    <ClCompile Include="..\Sources\GEOmetric\GEO_LIGHTCUT_GEO.c">
      <Filter>GEOmetric</Filter>
    </ClCompile>
    <ClCompile Include="..\Sources\GEOmetric\GEO_LIGHTCUT_OK3.c">
      <Filter>GEOmetric</Filter>
    </ClCompile>
    <ClCompile Include="..\Sources\GEOmetric\GEO_LIGHTCUT_OPT.c">
      <Filter>GEOmetric</Filter>
    </ClCompile>
    <ClCompile Include="..\Sources\GEOmetric\GEO_LIGHTCUT_RADIO.c">
      <Filter>GEOmetric</Filter>
    </ClCompile>
    <ClCompile Include="..\Sources\GEOmetric\GEO_LIGHTCUT_RT.c">
      <Filter>GEOmetric</Filter>
    </ClCompile>
    <ClCompile Include="..\Sources\GEOmetric\GEO_LIGHTCUT_TOOLS.c">
      <Filter>GEOmetric</Filter>
    </ClCompile>
    <ClCompile Include="..\Sources\GEOmetric\GEO_LODCmpt.c">
      <Filter>GEOmetric</Filter>
    </ClCompile>
    <ClCompile Include="..\Sources\GEOmetric\GEO_MRM.c">
      <Filter>GEOmetric</Filter>
    </ClCompile>
    <ClCompile Include="..\Sources\GEOmetric\GEO_SKIN.c">
      <Filter>GEOmetric</Filter>
    </ClCompile>
    <ClCompile Include="..\Sources\GEOmetric\GEO_STRIP.c">
      <Filter>GEOmetric</Filter>
    </ClCompile>
    <ClCompile Include="..\Sources\GEOmetric\GEOboundingvolume.c">
      <Filter>GEOmetric</Filter>
    </ClCompile>
    <ClCompile Include="..\Sources\GEOmetric\GEOcreateobject.c">
      <Filter>GEOmetric</Filter>
    </ClCompile>
    <ClCompile Include="..\Sources\GEOmetric\GEODebugObject.c">
      <Filter>GEOmetric</Filter>
    </ClCompile>
    <ClCompile Include="..\Sources\GEOmetric\GEOload.c">
      <Filter>GEOmetric</Filter>
    </ClCompile>
    <ClCompile Include="..\Sources\GEOmetric\GEOobject.c">
      <Filter>GEOmetric</Filter>
    </ClCompile>
    <ClCompile Include="..\Sources\GEOmetric\GEOobjectaccess.c">
      <Filter>GEOmetric</Filter>
    </ClCompile>
    <ClCompile Include="..\Sources\GEOmetric\GEOobjectcomputing.c">
      <Filter>GEOmetric</Filter>
    </ClCompile>
    <ClCompile Include="..\Sources\GEOmetric\GEOstaticLOD.c">
      <Filter>GEOmetric</Filter>
    </ClCompile>
    <ClCompile Include="..\Sources\GEOmetric\GEOstatistics.c">
      <Filter>GEOmetric</Filter>
    </ClCompile>
    <ClCompile Include="..\Sources\GEOmetric\GEOsubobject.c">
      <Filter>GEOmetric</Filter>
    </ClCompile>
    <ClCompile Include="..\Sources\GEOmetric\GEOXenonPack.cpp">
      <Filter>GEOmetric</Filter>
    </ClCompile>
    <ClCompile Include="..\Sources\GEOmetric\GEOzone.c">
      <Filter>GEOmetric</Filter>
    </ClCompile>
    <ClCompile Include="..\Sources\CAMera\CAMera.c">
      <Filter>CAMera</Filter>
    </ClCompile>
    <ClCompile Include="..\Sources\CAMera\CAMstruct.c">
      <Filter>CAMera</Filter>
    </ClCompile>
    <ClCompile Include="..\Sources\SOFT\SOFTbackgroundimage.c">
      <Filter>SOFT</Filter>
    </ClCompile>
    <ClCompile Include="..\Sources\SOFT\SOFTcolor.c">
      <Filter>SOFT</Filter>
    </ClCompile>
    <ClCompile Include="..\Sources\SOFT\SOFTHelpers.c">
      <Filter>SOFT</Filter>
    </ClCompile>
    <ClCompile Include="..\Sources\SOFT\SOFTlinear.c">
      <Filter>SOFT</Filter>
    </ClCompile>
    <ClCompile Include="..\Sources\SOFT\SOFTMatrixStack.c">
      <Filter>SOFT</Filter>
    </ClCompile>
    <ClCompile Include="..\Sources\SOFT\SOFTPickingBuffer.c">
      <Filter>SOFT</Filter>
    </ClCompile>
    <ClCompile Include="..\Sources\SOFT\SOFTuvgizmo.c">
      <Filter>SOFT</Filter>
    </ClCompile>
    <ClCompile Include="..\Sources\Soft\SOFTWebCam.cpp">
      <Filter>SOFT</Filter>
    </ClCompile>
    <ClCompile Include="..\Sources\SOFT\SOFTzlist.c">
      <Filter>SOFT</Filter>
    </ClCompile>
    <ClCompile Include="..\Sources\SELection\SELection.c">
      <Filter>SELection</Filter>
    </ClCompile>
    <ClCompile Include="..\Sources\GDInterface\GDInterface.c">
      <Filter>GDInterface</Filter>
    </ClCompile>
    <ClCompile Include="..\Sources\GDInterface\GDIrasters.c">
      <Filter>GDInterface</Filter>
    </ClCompile>
    <ClCompile Include="..\Sources\GDInterface\GDIresolution.c">
      <Filter>GDInterface</Filter>
    </ClCompile>
    <ClCompile Include="..\Sources\LIGHT\LIGHTcolor.c">
      <Filter>LIGHT</Filter>
    </ClCompile>
    <ClCompile Include="..\Sources\LIGHT\LIGHTcompute.c">
      <Filter>LIGHT</Filter>
    </ClCompile>
    <ClCompile Include="..\Sources\Light\LIGHTmap.c">
      <Filter>LIGHT</Filter>
    </ClCompile>
    <ClCompile Include="..\Sources\Light\LIGHTmapcompute.c">
      <Filter>LIGHT</Filter>
    </ClCompile>
    <ClCompile Include="..\Sources\Light\LIGHTrejection.cpp">
      <Filter>LIGHT</Filter>
    </ClCompile>
    <ClCompile Include="..\Sources\LIGHT\LIGHTstruct.c">
      <Filter>LIGHT</Filter>
    </ClCompile>
    <ClCompile Include="..\Sources\GRObject\GROimportfrommad.c">
      <Filter>GRObject</Filter>
    </ClCompile>
    <ClCompile Include="..\Sources\GRObject\GROmemstats.c">
      <Filter>GRObject</Filter>
    </ClCompile>
    <ClCompile Include="..\Sources\GRObject\GROrender.c">
      <Filter>GRObject</Filter>
    </ClCompile>
    <ClCompile Include="..\Sources\GRObject\GROsave.c">
      <Filter>GRObject</Filter>
    </ClCompile>
    <ClCompile Include="..\Sources\GRObject\GROstruct.c">
      <Filter>GRObject</Filter>
    </ClCompile>
    <ClCompile Include="..\Sources\WAYpoint\WAYlink.c">
      <Filter>WAYpoint</Filter>
    </ClCompile>
    <ClCompile Include="..\Sources\WAYpoint\WAYpoint.c">
      <Filter>WAYpoint</Filter>
    </ClCompile>
    <ClCompile Include="..\Sources\STRing\STRaccess.c">
      <Filter>STRing</Filter>
    </ClCompile>
    <ClCompile Include="..\Sources\STRing\STRdata.c">
      <Filter>STRing</Filter>
    </ClCompile>
    <ClCompile Include="..\Sources\STRing\STReffects.c">
      <Filter>STRing</Filter>
    </ClCompile>
    <ClCompile Include="..\Sources\STRing\STRfont.c">
      <Filter>STRing</Filter>
    </ClCompile>
    <ClCompile Include="..\Sources\STRing\STRparse.c">
      <Filter>STRing</Filter>
    </ClCompile>
    <ClCompile Include="..\Sources\STRing\STRrender.c">
      <Filter>STRing</Filter>
    </ClCompile>
    <ClCompile Include="..\Sources\STRing\STRstruct.c">
      <Filter>STRing</Filter>
    </ClCompile>
    <ClCompile Include="..\Sources\PArticleGenerator\PAGstruct.c">
      <Filter>PArticleGenerator</Filter>
    </ClCompile>
    <ClCompile Include="..\Sources\GFX\GFX.c">
      <Filter>GFX</Filter>
    </ClCompile>
    <ClCompile Include="..\Sources\GFX\GFXcarte.c">
      <Filter>GFX</Filter>
    </ClCompile>
    <ClCompile Include="..\Sources\GFX\GFXdesintegrate.c">
      <Filter>GFX</Filter>
    </ClCompile>
    <ClCompile Include="..\Sources\GFX\GFXExplode.c">
      <Filter>GFX</Filter>
    </ClCompile>
    <ClCompile Include="..\Sources\GFX\GFXfade.c">
      <Filter>GFX</Filter>
    </ClCompile>
    <ClCompile Include="..\Sources\GFX\GFXflare.c">
      <Filter>GFX</Filter>
    </ClCompile>
    <ClCompile Include="..\Sources\GFX\GFXlightning.c">
      <Filter>GFX</Filter>
    </ClCompile>
    <ClCompile Include="..\Sources\GFX\GFXline.c">
      <Filter>GFX</Filter>
    </ClCompile>
    <ClCompile Include="..\Sources\GFX\GFXProfiler.c">
      <Filter>GFX</Filter>
    </ClCompile>
    <ClCompile Include="..\Sources\GFX\GFXripple.c">
      <Filter>GFX</Filter>
    </ClCompile>
    <ClCompile Include="..\Sources\GFX\GFXsmoke.c">
      <Filter>GFX</Filter>
    </ClCompile>
    <ClCompile Include="..\Sources\GFX\GFXspark.c">
      <Filter>GFX</Filter>
    </ClCompile>
    <ClCompile Include="..\Sources\GFX\GFXspeed.c">
      <Filter>GFX</Filter>
    </ClCompile>
    <ClCompile Include="..\Sources\GFX\GFXString.c">
      <Filter>GFX</Filter>
    </ClCompile>
    <ClCompile Include="..\Sources\GFX\GFXtable.c">
      <Filter>GFX</Filter>
    </ClCompile>
    <ClCompile Include="..\Sources\GFX\GFXwater.c">
      <Filter>GFX</Filter>
    </ClCompile>
    <ClCompile Include="..\Sources\Radlm\RADLM.cpp">
      <Filter>RADLM</Filter>
    </ClCompile>
    <ClCompile Include="..\Sources\Radlm\FSRad\BeamTree.cpp">
      <Filter>RADLM\FSRAD</Filter>
    </ClCompile>
    <ClCompile Include="..\Sources\Radlm\FSRad\BSP.cpp">
      <Filter>RADLM\FSRAD</Filter>
    </ClCompile>
    <ClCompile Include="..\Sources\Radlm\FSRad\GeomDB.cpp">
      <Filter>RADLM\FSRAD</Filter>
    </ClCompile>
    <ClCompile Include="..\Sources\Radlm\FSRad\LMapGen.cpp">
      <Filter>RADLM\FSRAD</Filter>
    </ClCompile>
    <ClCompile Include="..\Sources\Radlm\FSRad\PolarQuadtree.cpp">
      <Filter>RADLM\FSRAD</Filter>
    </ClCompile>
    <ClCompile Include="..\Sources\Radlm\FSRad\RadGen.cpp">
      <Filter>RADLM\FSRAD</Filter>
    </ClCompile>
    <ClCompile Include="..\Sources\Radlm\FSRad\RadLMap.cpp">
      <Filter>RADLM\FSRAD</Filter>
    </ClCompile>
    <ClCompile Include="..\Sources\Radlm\FSRad\RadPrim.cpp">
      <Filter>RADLM\FSRAD</Filter>
    </ClCompile>
    <ClCompile Include="..\Sources\Radlm\FSRad\SOctree.cpp">
      <Filter>RADLM\FSRAD</Filter>
    </ClCompile>
    <ClCompile Include="..\Sources\Radlm\FSRad\geom\3dutils.cpp">
      <Filter>RADLM\FSRAD\Geom</Filter>
    </ClCompile>
    <ClCompile Include="..\Sources\Radlm\FSRad\geom\primitive.cpp">
      <Filter>RADLM\FSRAD\Geom</Filter>
    </ClCompile>
    <ClCompile Include="..\Sources\Precomp.c" />
  </ItemGroup>
  <ItemGroup>
    <ClInclude Include="..\Sources\TEXture\TEX_Bink.h">
      <Filter>TEXture</Filter>
    </ClInclude>
    <ClInclude Include="..\Sources\TEXture\TEX_mesh.h">
      <Filter>TEXture</Filter>
    </ClInclude>
    <ClInclude Include="..\Sources\TEXture\TEX_mesh_internal.h">
      <Filter>TEXture</Filter>
    </ClInclude>
    <ClInclude Include="..\Sources\TEXture\TEXanimated.h">
      <Filter>TEXture</Filter>
    </ClInclude>
    <ClInclude Include="..\Sources\TEXture\TEXconvert.h">
      <Filter>TEXture</Filter>
    </ClInclude>
    <ClInclude Include="..\Sources\TEXture\TEXcubemap.h">
      <Filter>TEXture</Filter>
    </ClInclude>
    <ClInclude Include="..\Sources\TEXture\TEXeditorfct.h">
      <Filter>TEXture</Filter>
    </ClInclude>
    <ClInclude Include="..\Sources\TEXture\TEXfile.h">
      <Filter>TEXture</Filter>
    </ClInclude>
    <ClInclude Include="..\Sources\TEXture\TEXhardwareload.h">
      <Filter>TEXture</Filter>
    </ClInclude>
    <ClInclude Include="..\Sources\TEXture\TEXmanager.h">
      <Filter>TEXture</Filter>
    </ClInclude>
    <ClInclude Include="..\Sources\TEXture\TEXmemory.h">
      <Filter>TEXture</Filter>
    </ClInclude>
    <ClInclude Include="..\Sources\TEXture\TEXprocedural.h">
      <Filter>TEXture</Filter>
    </ClInclude>
    <ClInclude Include="..\Sources\TEXture\TEXstruct.h">
      <Filter>TEXture</Filter>
    </ClInclude>
    <ClInclude Include="..\Sources\TEXture\TEXxenon.h">
      <Filter>TEXture</Filter>
    </ClInclude>
    <ClInclude Include="..\Sources\TEXture\Water_FFT.h">
      <Filter>TEXture</Filter>
    </ClInclude>
    <ClInclude Include="..\Sources\MATerial\MATCompute.h">
      <Filter>MATerial</Filter>
    </ClInclude>
    <ClInclude Include="..\Sources\MATerial\MATmulti.h">
      <Filter>MATerial</Filter>
    </ClInclude>
    <ClInclude Include="..\Sources\MATerial\MATmultitexture.h">
      <Filter>MATerial</Filter>
    </ClInclude>
    <ClInclude Include="..\Sources\MATerial\MATShadow.h">
      <Filter>MATerial</Filter>
    </ClInclude>
    <ClInclude Include="..\Sources\MATerial\MATSingle.h">
      <Filter>MATerial</Filter>
    </ClInclude>
    <ClInclude Include="..\Sources\MATerial\MATSprite.h">
      <Filter>MATerial</Filter>
    </ClInclude>
    <ClInclude Include="..\Sources\MATerial\MATstruct.h">
      <Filter>MATerial</Filter>
    </ClInclude>
    <ClInclude Include="..\Sources\GEOmetric\GEO_LIGHTCUT.h">
      <Filter>GEOmetric</Filter>
    </ClInclude>
    <ClInclude Include="..\Sources\GEOmetric\GEO_LODCmpt.h">
      <Filter>GEOmetric</Filter>
    </ClInclude>
    <ClInclude Include="..\Sources\GEOmetric\GEO_MRM.h">
      <Filter>GEOmetric</Filter>
    </ClInclude>
    <ClInclude Include="..\Sources\GEOmetric\GEO_SKIN.h">
      <Filter>GEOmetric</Filter>
    </ClInclude>
    <ClInclude Include="..\Sources\GEOmetric\GEO_STRIP.h">
      <Filter>GEOmetric</Filter>
    </ClInclude>
    <ClInclude Include="..\Sources\GEOmetric\GEOboundingvolume.h">
      <Filter>GEOmetric</Filter>
    </ClInclude>
    <ClInclude Include="..\Sources\GEOmetric\GEOcreateobject.h">
      <Filter>GEOmetric</Filter>
    </ClInclude>
    <ClInclude Include="..\Sources\GEOmetric\GEODebugObject.h">
      <Filter>GEOmetric</Filter>
    </ClInclude>
    <ClInclude Include="..\Sources\GEOmetric\GEOdebugobjectdef.h">
      <Filter>GEOmetric</Filter>
    </ClInclude>
    <ClInclude Include="..\Sources\GEOmetric\GEOload.h">
      <Filter>GEOmetric</Filter>
    </ClInclude>
    <ClInclude Include="..\Sources\GEOmetric\GEOobject.h">
      <Filter>GEOmetric</Filter>
    </ClInclude>
    <ClInclude Include="..\Sources\GEOmetric\GEOobjectaccess.h">
      <Filter>GEOmetric</Filter>
    </ClInclude>
    <ClInclude Include="..\Sources\GEOmetric\GEOobjectcomputing.h">
      <Filter>GEOmetric</Filter>
    </ClInclude>
    <ClInclude Include="..\Sources\GEOmetric\GEOstaticLOD.h">
      <Filter>GEOmetric</Filter>
    </ClInclude>
    <ClInclude Include="..\Sources\GEOmetric\GEOstatistics.h">
      <Filter>GEOmetric</Filter>
    </ClInclude>
    <ClInclude Include="..\Sources\GEOmetric\GEOsubobject.h">
      <Filter>GEOmetric</Filter>
    </ClInclude>
    <ClInclude Include="..\Sources\GEOmetric\GEOXenonPack.h">
      <Filter>GEOmetric</Filter>
    </ClInclude>
    <ClInclude Include="..\Sources\GEOmetric\GEOzone.h">
      <Filter>GEOmetric</Filter>
    </ClInclude>
    <ClInclude Include="..\Sources\CAMera\CAMera.h">
      <Filter>CAMera</Filter>
    </ClInclude>
    <ClInclude Include="..\Sources\CAMera\CAMstruct.h">
      <Filter>CAMera</Filter>
    </ClInclude>
    <ClInclude Include="..\Sources\SOFT\SOFTbackgroundimage.h">
      <Filter>SOFT</Filter>
    </ClInclude>
    <ClInclude Include="..\Sources\SOFT\SOFTcolor.h">
      <Filter>SOFT</Filter>
    </ClInclude>
    <ClInclude Include="..\Sources\SOFT\SOFTHelper.h">
      <Filter>SOFT</Filter>
    </ClInclude>
    <ClInclude Include="..\Sources\SOFT\SOFTlinear.h">
      <Filter>SOFT</Filter>
    </ClInclude>
    <ClInclude Include="..\Sources\SOFT\SOFTMatrixStack.h">
      <Filter>SOFT</Filter>
    </ClInclude>
    <ClInclude Include="..\Sources\SOFT\SOFTPickingBuffer.h">
      <Filter>SOFT</Filter>
    </ClInclude>
    <ClInclude Include="..\Sources\SOFT\SOFTstrings.h">
      <Filter>SOFT</Filter>
    </ClInclude>
    <ClInclude Include="..\Sources\SOFT\SOFTstruct.h">
      <Filter>SOFT</Filter>
    </ClInclude>
    <ClInclude Include="..\Sources\SOFT\SOFTUVGizmo.h">
      <Filter>SOFT</Filter>
    </ClInclude>
    <ClInclude Include="..\Sources\SOFT\SOFTzlist.h">
      <Filter>SOFT</Filter>
    </ClInclude>
    <ClInclude Include="..\Sources\SELection\SELection.h">
      <Filter>SELection</Filter>
    </ClInclude>
    <ClInclude Include="..\Sources\GDInterface\GDInterface.h">
      <Filter>GDInterface</Filter>
    </ClInclude>
    <ClInclude Include="..\Sources\GDInterface\GDIrasters.h">
      <Filter>GDInterface</Filter>
    </ClInclude>
    <ClInclude Include="..\Sources\GDInterface\GDIrequest.h">
      <Filter>GDInterface</Filter>
    </ClInclude>
    <ClInclude Include="..\Sources\GDInterface\GDIresolution.h">
      <Filter>GDInterface</Filter>
    </ClInclude>
    <ClInclude Include="..\Sources\Light\LIGHTmap.h">
      <Filter>LIGHT</Filter>
    </ClInclude>
    <ClInclude Include="..\Sources\Light\LIGHTmapcompute.h">
      <Filter>LIGHT</Filter>
    </ClInclude>
    <ClInclude Include="..\Sources\Light\LIGHTmapstruct.h">
      <Filter>LIGHT</Filter>
    </ClInclude>
    <ClInclude Include="..\Sources\Light\LIGHTrejection.h">
      <Filter>LIGHT</Filter>
    </ClInclude>
    <ClInclude Include="..\Sources\LIGHT\LIGHTstruct.h">
      <Filter>LIGHT</Filter>
    </ClInclude>
    <ClInclude Include="..\Sources\GRObject\GROedit.h">
      <Filter>GRObject</Filter>
    </ClInclude>
    <ClInclude Include="..\Sources\GRObject\GROimportfrommad.h">
      <Filter>GRObject</Filter>
    </ClInclude>
    <ClInclude Include="..\Sources\GRObject\GROmemstats.h">
      <Filter>GRObject</Filter>
    </ClInclude>
    <ClInclude Include="..\Sources\GRObject\GROrender.h">
      <Filter>GRObject</Filter>
    </ClInclude>
    <ClInclude Include="..\Sources\GRObject\GROsave.h">
      <Filter>GRObject</Filter>
    </ClInclude>
    <ClInclude Include="..\Sources\GRObject\GROstruct.h">
      <Filter>GRObject</Filter>
    </ClInclude>
    <ClInclude Include="..\Sources\WAYpoint\WAYlink.h">
      <Filter>WAYpoint</Filter>
    </ClInclude>
    <ClInclude Include="..\Sources\WAYpoint\WAYpoint.h">
      <Filter>WAYpoint</Filter>
    </ClInclude>
    <ClInclude Include="..\Sources\STRing\STRdata.h">
      <Filter>STRing</Filter>
    </ClInclude>
    <ClInclude Include="..\Sources\STRing\STRstruct.h">
      <Filter>STRing</Filter>
    </ClInclude>
    <ClInclude Include="..\Sources\PArticleGenerator\PAGstruct.h">
      <Filter>PArticleGenerator</Filter>
    </ClInclude>
    <ClInclude Include="..\Sources\GFX\GFX.h">
      <Filter>GFX</Filter>
    </ClInclude>
    <ClInclude Include="..\Sources\GFX\GFXcarte.h">
      <Filter>GFX</Filter>
    </ClInclude>
    <ClInclude Include="..\Sources\GFX\GFXdesintegrate.h">
      <Filter>GFX</Filter>
    </ClInclude>
    <ClInclude Include="..\Sources\GFX\GFXExplode.h">
      <Filter>GFX</Filter>
    </ClInclude>
    <ClInclude Include="..\Sources\GFX\GFXfade.h">
      <Filter>GFX</Filter>
    </ClInclude>
    <ClInclude Include="..\Sources\GFX\GFXflare.h">
      <Filter>GFX</Filter>
    </ClInclude>
    <ClInclude Include="..\Sources\GFX\GFXlightning.h">
      <Filter>GFX</Filter>
    </ClInclude>
    <ClInclude Include="..\Sources\GFX\GFXline.h">
      <Filter>GFX</Filter>
    </ClInclude>
    <ClInclude Include="..\Sources\GFX\GFXProfiler.h">
      <Filter>GFX</Filter>
    </ClInclude>
    <ClInclude Include="..\Sources\GFX\GFXripple.h">
      <Filter>GFX</Filter>
    </ClInclude>
    <ClInclude Include="..\Sources\GFX\GFXsmoke.h">
      <Filter>GFX</Filter>
    </ClInclude>
    <ClInclude Include="..\Sources\GFX\GFXspark.h">
      <Filter>GFX</Filter>
    </ClInclude>
    <ClInclude Include="..\Sources\GFX\GFXspeed.h">
      <Filter>GFX</Filter>
    </ClInclude>
    <ClInclude Include="..\Sources\GFX\GFXstring.h">
      <Filter>GFX</Filter>
    </ClInclude>
    <ClInclude Include="..\Sources\GFX\GFXtable.h">
      <Filter>GFX</Filter>
    </ClInclude>
    <ClInclude Include="..\Sources\GFX\GFXwater.h">
      <Filter>GFX</Filter>
    </ClInclude>
    <ClInclude Include="..\Sources\Radlm\RADLM.h">
      <Filter>RADLM</Filter>
    </ClInclude>
    <ClInclude Include="..\Sources\Radlm\FSRad\BeamTree.h">
      <Filter>RADLM\FSRAD</Filter>
    </ClInclude>
    <ClInclude Include="..\Sources\Radlm\FSRad\BSP.h">
      <Filter>RADLM\FSRAD</Filter>
    </ClInclude>
    <ClInclude Include="..\Sources\Radlm\FSRad\GeomDB.h">
      <Filter>RADLM\FSRAD</Filter>
    </ClInclude>
    <ClInclude Include="..\Sources\Radlm\FSRad\LMapGen.h">
      <Filter>RADLM\FSRAD</Filter>
    </ClInclude>
    <ClInclude Include="..\Sources\Radlm\FSRad\PolarQuadtree.h">
      <Filter>RADLM\FSRAD</Filter>
    </ClInclude>
    <ClInclude Include="..\Sources\Radlm\FSRad\RadGen.h">
      <Filter>RADLM\FSRAD</Filter>
    </ClInclude>
    <ClInclude Include="..\Sources\Radlm\FSRad\RadLMap.h">
      <Filter>RADLM\FSRAD</Filter>
    </ClInclude>
    <ClInclude Include="..\Sources\Radlm\FSRad\RadPatch.h">
      <Filter>RADLM\FSRAD</Filter>
    </ClInclude>
    <ClInclude Include="..\Sources\Radlm\FSRad\RadPrim.h">
      <Filter>RADLM\FSRAD</Filter>
    </ClInclude>
    <ClInclude Include="..\Sources\Radlm\FSRad\SOctree.h">
      <Filter>RADLM\FSRAD</Filter>
    </ClInclude>
    <ClInclude Include="..\Sources\Radlm\FSRad\geom\3dutils.h">
      <Filter>RADLM\FSRAD\Geom</Filter>
    </ClInclude>
    <ClInclude Include="..\Sources\Radlm\FSRad\geom\common.h">
      <Filter>RADLM\FSRAD\Geom</Filter>
    </ClInclude>
    <ClInclude Include="..\Sources\Radlm\FSRad\geom\geom.h">
      <Filter>RADLM\FSRAD\Geom</Filter>
    </ClInclude>
    <ClInclude Include="..\Sources\Radlm\FSRad\geom\primitive.h">
      <Filter>RADLM\FSRAD\Geom</Filter>
    </ClInclude>
    <ClInclude Include="..\Sources\Radlm\FSRad\geom\rayplaneline.h">
      <Filter>RADLM\FSRAD\Geom</Filter>
    </ClInclude>
    <ClInclude Include="..\Sources\Radlm\FSRad\geom\vmath.h">
      <Filter>RADLM\FSRAD\Geom</Filter>
    </ClInclude>
    <ClInclude Include="..\Sources\Radlm\FSRad\Fstl\array.h">
      <Filter>RADLM\FSRAD\FSTL</Filter>
    </ClInclude>
    <ClInclude Include="..\Sources\Radlm\FSRad\Fstl\common.h">
      <Filter>RADLM\FSRAD\FSTL</Filter>
    </ClInclude>
    <ClInclude Include="..\Sources\Radlm\FSRad\Fstl\error.h">
      <Filter>RADLM\FSRAD\FSTL</Filter>
    </ClInclude>
    <ClInclude Include="..\Sources\Radlm\FSRad\Fstl\fstl.h">
      <Filter>RADLM\FSRAD\FSTL</Filter>
    </ClInclude>
    <ClInclude Include="..\Sources\Radlm\FSRad\Fstl\hash.h">
      <Filter>RADLM\FSRAD\FSTL</Filter>
    </ClInclude>
    <ClInclude Include="..\Sources\Radlm\FSRad\Fstl\list.h">
      <Filter>RADLM\FSRAD\FSTL</Filter>
    </ClInclude>
    <ClInclude Include="..\Sources\Radlm\FSRad\Fstl\reservoir.h">
      <Filter>RADLM\FSRAD\FSTL</Filter>
    </ClInclude>
    <ClInclude Include="..\Sources\Radlm\FSRad\Fstl\string.h">
      <Filter>RADLM\FSRAD\FSTL</Filter>
    </ClInclude>
    <ClInclude Include="..\Sources\Radlm\FSRad\Fstl\util.h">
      <Filter>RADLM\FSRAD\FSTL</Filter>
    </ClInclude>
    <ClInclude Include="..\Sources\Precomp.h" />
  </ItemGroup>
  <ItemGroup>
    <CustomBuild Include="..\..\..\Extern\DDRAW.LIB">
      <Filter>LIBraries</Filter>
    </CustomBuild>
    <CustomBuild Include="..\..\..\Extern\dxguid.lib">
      <Filter>LIBraries</Filter>
    </CustomBuild>
  </ItemGroup>
</Project>