<?xml version="1.0" encoding="utf-8"?>
<Project ToolsVersion="4.0" xmlns="http://schemas.microsoft.com/developer/msbuild/2003">
  <ItemGroup>
    <Filter Include="Vertex Shaders">
      <UniqueIdentifier>{5679ac83-0f80-4b4e-bec1-016d23777655}</UniqueIdentifier>
    </Filter>
    <Filter Include="Vertex Shaders\Modules">
      <UniqueIdentifier>{1caa1e3a-6b4d-46db-a2fe-7e8f51a21d61}</UniqueIdentifier>
    </Filter>
    <Filter Include="AfterFX">
      <UniqueIdentifier>{251e4151-17f5-488b-b3a1-21adc92978f0}</UniqueIdentifier>
    </Filter>
    <Filter Include="RASter">
      <UniqueIdentifier>{e12b59db-4a3a-4696-99a6-ade57514de8f}</UniqueIdentifier>
    </Filter>
    <Filter Include="PixelShaders">
      <UniqueIdentifier>{9d3f67d7-8529-484e-ad60-4149cd1646d9}</UniqueIdentifier>
    </Filter>
    <Filter Include="Bink">
      <UniqueIdentifier>{334325eb-8fda-4a7c-b7d9-6d6adf5a0c9c}</UniqueIdentifier>
    </Filter>
  </ItemGroup>
  <ItemGroup>
    <FxCompile Include="VShaders\fur.vsh">
      <Filter>Vertex Shaders</Filter>
    </FxCompile>
    <FxCompile Include="VShaders\lit_alpha_PS_N.vsh">
      <Filter>Vertex Shaders</Filter>
    </FxCompile>
    <FxCompile Include="VShaders\lit_alpha_PS_O.vsh">
      <Filter>Vertex Shaders</Filter>
    </FxCompile>
    <FxCompile Include="VShaders\lit_alpha_PS_OO.vsh">
      <Filter>Vertex Shaders</Filter>
    </FxCompile>
    <FxCompile Include="VShaders\lit_alpha_PS_OP.vsh">
      <Filter>Vertex Shaders</Filter>
    </FxCompile>
    <FxCompile Include="VShaders\lit_alpha_PS_P.vsh">
      <Filter>Vertex Shaders</Filter>
    </FxCompile>
    <FxCompile Include="VShaders\lit_alpha_PS_PO.vsh">
      <Filter>Vertex Shaders</Filter>
    </FxCompile>
    <FxCompile Include="VShaders\lit_alpha_PS_PP.vsh">
      <Filter>Vertex Shaders</Filter>
    </FxCompile>
    <FxCompile Include="VShaders\lit_alpha_template.vsh">
      <Filter>Vertex Shaders</Filter>
    </FxCompile>
    <FxCompile Include="VShaders\NormalMap.vsh">
      <Filter>Vertex Shaders</Filter>
    </FxCompile>
    <FxCompile Include="VShaders\NormalMapSpec.vsh">
      <Filter>Vertex Shaders</Filter>
    </FxCompile>
    <FxCompile Include="VShaders\sprite_xbox.vsh">
      <Filter>Vertex Shaders</Filter>
    </FxCompile>
    <FxCompile Include="VShaders\Modules\PLight_module.vsh">
      <Filter>Vertex Shaders\Modules</Filter>
    </FxCompile>
    <FxCompile Include="VShaders\Modules\SLight_module.vsh">
      <Filter>Vertex Shaders\Modules</Filter>
    </FxCompile>
    <FxCompile Include="VShaders\Modules\TransformAndFog_module.vsh">
      <Filter>Vertex Shaders\Modules</Filter>
    </FxCompile>
    <FxCompile Include="VShaders\Modules\UV_module.vsh">
      <Filter>Vertex Shaders\Modules</Filter>
    </FxCompile>
    <FxCompile Include="PShaders\specular.psh">
      <Filter>PixelShaders</Filter>
    </FxCompile>
  </ItemGroup>
  <ItemGroup>
    <ClCompile Include="AfterFX\GX8AfterFX.c">
      <Filter>AfterFX</Filter>
    </ClCompile>
    <ClCompile Include="RASter\GX8_Menus.c">
      <Filter>RASter</Filter>
    </ClCompile>
    <ClCompile Include="RASter\GX8_Rasters.c">
      <Filter>RASter</Filter>
    </ClCompile>
    <ClCompile Include="bink\Player.cpp">
      <Filter>Bink</Filter>
    </ClCompile>
    <ClCompile Include="..\GraphicDK\Sources\TEXture\TEX_Sub.c">
      <Filter>Bink</Filter>
    </ClCompile>
    <ClCompile Include="bink\xbxrad3d.cpp">
      <Filter>Bink</Filter>
    </ClCompile>
    <ClCompile Include="Gx8.c" />
    <ClCompile Include="Gx8buffer.c" />
    <ClCompile Include="GX8BuildUVs.c" />
    <ClCompile Include="Gx8color.c" />
    <ClCompile Include="GX8debugfct.c" />
    <ClCompile Include="Gx8FileError.cpp" />
    <ClCompile Include="Gx8flare.c" />
    <ClCompile Include="Gx8Font.cpp" />
    <ClCompile Include="GX8GPUMon.cpp" />
    <ClCompile Include="Gx8HandleNoPad.cpp" />
    <ClCompile Include="GX8init.c" />
    <ClCompile Include="GX8Light.c" />
    <ClCompile Include="GX8PixelShaders.c" />
    <ClCompile Include="GX8renderstate.c" />
    <ClCompile Include="GX8request.c" />
    <ClCompile Include="Gx8Resource.cpp" />
    <ClCompile Include="Gx8ShadowBuffer.c" />
    <ClCompile Include="GX8ShiftDraw.c" />
    <ClCompile Include="GX8tex.c" />
    <ClCompile Include="GX8VertexBuffer.c" />
    <ClCompile Include="GX8VertexShaders.c" />
    <ClCompile Include="Gx8video.c" />
    <ClCompile Include="Gx8water.c" />
    <ClCompile Include="Precomp.c" />
  </ItemGroup>
  <ItemGroup>
    <ClInclude Include="AfterFX\GX8AfterFX_Def.h">
      <Filter>AfterFX</Filter>
    </ClInclude>
    <ClInclude Include="RASter\GX8_Bench.h">
      <Filter>RASter</Filter>
    </ClInclude>
    <ClInclude Include="RASter\GX8_CheatFlags.h">
      <Filter>RASter</Filter>
    </ClInclude>
    <ClInclude Include="RASter\GX8_MenuSetup.h">
      <Filter>RASter</Filter>
    </ClInclude>
    <ClInclude Include="RASter\GX8_Ras_Def.h">
      <Filter>RASter</Filter>
    </ClInclude>
    <ClInclude Include="bink\bink.h">
      <Filter>Bink</Filter>
    </ClInclude>
    <ClInclude Include="bink\player.h">
      <Filter>Bink</Filter>
    </ClInclude>
    <ClInclude Include="bink\rad3d.h">
      <Filter>Bink</Filter>
    </ClInclude>
    <ClInclude Include="bink\radbase.h">
      <Filter>Bink</Filter>
    </ClInclude>
    <ClInclude Include="Gx8.h" />
    <ClInclude Include="Gx8_Def.h" />
    <ClInclude Include="GX8AddInfo.h" />
    <ClInclude Include="Gx8buffer.h" />
    <ClInclude Include="GX8BuildUVs.h" />
    <ClInclude Include="Gx8color.h" />
    <ClInclude Include="GX8debugfct.h" />
    <ClInclude Include="Gx8FileError.h" />
    <ClInclude Include="Gx8flare.h" />
    <ClInclude Include="Gx8Font.h" />
    <ClInclude Include="Gx8FontC.h" />
    <ClInclude Include="Gx8GPUMon.h" />
    <ClInclude Include="Gx8HandleNoPad.h" />
    <ClInclude Include="GX8init.h" />
    <ClInclude Include="GX8Light.h" />
    <ClInclude Include="GX8PixelShaders.h" />
    <ClInclude Include="GX8renderstate.h" />
    <ClInclude Include="GX8request.h" />
    <ClInclude Include="Gx8Resource.h" />
    <ClInclude Include="Gx8ShadowBuffer.h" />
    <ClInclude Include="GX8tex.h" />
    <ClInclude Include="Gx8Util.h" />
    <ClInclude Include="GX8VertexBuffer.h" />
    <ClInclude Include="GX8VertexShaders.h" />
    <ClInclude Include="Gx8video.h" />
    <ClInclude Include="Gx8water.h" />
    <ClInclude Include="Precomp.h" />
  </ItemGroup>
  <ItemGroup>
    <Library Include="bink\binkxbox.lib">
      <Filter>Bink</Filter>
    </Library>
  </ItemGroup>
</Project>