<?xml version="1.0" encoding="utf-8"?>
<Project ToolsVersion="4.0" xmlns="http://schemas.microsoft.com/developer/msbuild/2003">
  <ItemGroup>
    <Filter Include="Libraries">
      <UniqueIdentifier>{43021955-40b6-42f8-8aa6-7fd379eed4c7}</UniqueIdentifier>
    </Filter>
    <Filter Include="Libraries\DX8">
      <UniqueIdentifier>{37309641-a753-474f-b567-ec1bb12313b1}</UniqueIdentifier>
    </Filter>
    <Filter Include="MAI">
      <UniqueIdentifier>{e6887025-bde1-432b-9244-4a2894add595}</UniqueIdentifier>
    </Filter>
  </ItemGroup>
  <ItemGroup>
    <Library Include="..\..\..\Extern\DX8\lib\d3d8.lib">
      <Filter>Libraries\DX8</Filter>
    </Library>
    <Library Include="..\..\..\Extern\DX8\lib\dinput8.lib">
      <Filter>Libraries\DX8</Filter>
    </Library>
    <Library Include="..\..\..\Extern\DX8\lib\dxguid.lib">
      <Filter>Libraries\DX8</Filter>
    </Library>
  </ItemGroup>
  <ItemGroup>
    <ClCompile Include="..\Sources\MAIwind.c">
      <Filter>MAI</Filter>
    </ClCompile>
  </ItemGroup>
</Project>