<?xml version="1.0" encoding="utf-8"?>
<Project ToolsVersion="4.0" xmlns="http://schemas.microsoft.com/developer/msbuild/2003">
  <ItemGroup>
    <Filter Include="Sources">
      <UniqueIdentifier>{a2626081-2eaa-4276-88df-4a3d761a8b19}</UniqueIdentifier>
    </Filter>
    <Filter Include="LIBS">
      <UniqueIdentifier>{2ded965c-120e-4ac1-8c95-a0d678252080}</UniqueIdentifier>
    </Filter>
    <Filter Include="Resource">
      <UniqueIdentifier>{69f06d58-7bd1-4c01-8568-b64c29c085a0}</UniqueIdentifier>
    </Filter>
    <Filter Include="MAX3LIBS">
      <UniqueIdentifier>{c8e65046-a76d-4592-bed2-6a99f7db0813}</UniqueIdentifier>
    </Filter>
    <Filter Include="MAX5LIBS">
      <UniqueIdentifier>{43354337-b8ce-4fcc-a141-58578fc1e09f}</UniqueIdentifier>
    </Filter>
    <Filter Include="MAX25LIBS">
      <UniqueIdentifier>{533170c2-1c3f-4aeb-8f6d-278b0a515d47}</UniqueIdentifier>
    </Filter>
    <Filter Include="MAX8LIBS">
      <UniqueIdentifier>{03cd0835-c822-4f12-b4b6-d85d9ebec190}</UniqueIdentifier>
    </Filter>
  </ItemGroup>
  <ItemGroup>
    <ClCompile Include="X:\Dlls\MAD_import\Sources\MAD_import.cpp">
      <Filter>Sources</Filter>
    </ClCompile>
    <ClCompile Include="X:\Dlls\MAD_import\Sources\MADCDLG.cpp">
      <Filter>Sources</Filter>
    </ClCompile>
  </ItemGroup>
  <ItemGroup>
    <None Include="X:\Dlls\MAD_import\Sources\MAD_import.def">
      <Filter>Sources</Filter>
    </None>
  </ItemGroup>
  <ItemGroup>
    <ClInclude Include="X:\Dlls\MAD_import\Sources\MAD_import.h">
      <Filter>Sources</Filter>
    </ClInclude>
    <ClInclude Include="X:\Dlls\MAD_import\Sources\MADCDLG.h">
      <Filter>Sources</Filter>
    </ClInclude>
  </ItemGroup>
  <ItemGroup>
    <Library Include="..\..\..\Output\Libs\MAD_loadsave___d.lib">
      <Filter>LIBS</Filter>
    </Library>
    <Library Include="..\..\..\Output\Libs\MAD_mem___d.lib">
      <Filter>LIBS</Filter>
    </Library>
  </ItemGroup>
  <ItemGroup>
    <ResourceCompile Include="X:\Dlls\MAD_export\Sources\RES.rc">
      <Filter>Resource</Filter>
    </ResourceCompile>
  </ItemGroup>
  <ItemGroup>
    <CustomBuild Include="..\..\..\Output\Libs\MAD_loadsave___r.lib">
      <Filter>LIBS</Filter>
    </CustomBuild>
    <CustomBuild Include="..\..\..\Output\Libs\MAD_mem___r.lib">
      <Filter>LIBS</Filter>
    </CustomBuild>
    <CustomBuild Include="..\..\Max3sdk\lib\acap.lib">
      <Filter>MAX3LIBS</Filter>
    </CustomBuild>
    <CustomBuild Include="..\..\Max3sdk\lib\bmm.lib">
      <Filter>MAX3LIBS</Filter>
    </CustomBuild>
    <CustomBuild Include="..\..\Max3sdk\lib\client.lib">
      <Filter>MAX3LIBS</Filter>
    </CustomBuild>
    <CustomBuild Include="..\..\Max3sdk\lib\core.lib">
      <Filter>MAX3LIBS</Filter>
    </CustomBuild>
    <CustomBuild Include="..\..\Max3sdk\lib\edmodel.lib">
      <Filter>MAX3LIBS</Filter>
    </CustomBuild>
    <CustomBuild Include="..\..\Max3sdk\lib\expr.lib">
      <Filter>MAX3LIBS</Filter>
    </CustomBuild>
    <CustomBuild Include="..\..\Max3sdk\lib\FLILIBD.LIB">
      <Filter>MAX3LIBS</Filter>
    </CustomBuild>
    <CustomBuild Include="..\..\Max3sdk\lib\FLILIBH.LIB">
      <Filter>MAX3LIBS</Filter>
    </CustomBuild>
    <CustomBuild Include="..\..\Max3sdk\lib\FLILIBR.LIB">
      <Filter>MAX3LIBS</Filter>
    </CustomBuild>
    <CustomBuild Include="..\..\Max3sdk\lib\flt.lib">
      <Filter>MAX3LIBS</Filter>
    </CustomBuild>
    <CustomBuild Include="..\..\Max3sdk\lib\gcomm.lib">
      <Filter>MAX3LIBS</Filter>
    </CustomBuild>
    <CustomBuild Include="..\..\Max3sdk\lib\geom.lib">
      <Filter>MAX3LIBS</Filter>
    </CustomBuild>
    <CustomBuild Include="..\..\Max3sdk\lib\gfx.lib">
      <Filter>MAX3LIBS</Filter>
    </CustomBuild>
    <CustomBuild Include="..\..\Max3sdk\lib\gup.lib">
      <Filter>MAX3LIBS</Filter>
    </CustomBuild>
    <CustomBuild Include="..\..\Max3sdk\lib\helpsys.lib">
      <Filter>MAX3LIBS</Filter>
    </CustomBuild>
    <CustomBuild Include="..\..\Max3sdk\lib\Maxscrpt.lib">
      <Filter>MAX3LIBS</Filter>
    </CustomBuild>
    <CustomBuild Include="..\..\Max3sdk\lib\maxutil.lib">
      <Filter>MAX3LIBS</Filter>
    </CustomBuild>
    <CustomBuild Include="..\..\Max3sdk\lib\mesh.lib">
      <Filter>MAX3LIBS</Filter>
    </CustomBuild>
    <CustomBuild Include="..\..\Max3sdk\lib\MNMath.lib">
      <Filter>MAX3LIBS</Filter>
    </CustomBuild>
    <CustomBuild Include="..\..\Max3sdk\lib\Paramblk2.lib">
      <Filter>MAX3LIBS</Filter>
    </CustomBuild>
    <CustomBuild Include="..\..\Max3sdk\lib\particle.lib">
      <Filter>MAX3LIBS</Filter>
    </CustomBuild>
    <CustomBuild Include="..\..\Max3sdk\lib\tessint.lib">
      <Filter>MAX3LIBS</Filter>
    </CustomBuild>
    <CustomBuild Include="..\..\Max3sdk\lib\viewfile.lib">
      <Filter>MAX3LIBS</Filter>
    </CustomBuild>
    <CustomBuild Include="..\..\Max3sdk\lib\zlibdll.lib">
      <Filter>MAX3LIBS</Filter>
    </CustomBuild>
    <CustomBuild Include="..\..\max5sdk\lib\acap.lib">
      <Filter>MAX5LIBS</Filter>
    </CustomBuild>
    <CustomBuild Include="..\..\max5sdk\lib\bmm.lib">
      <Filter>MAX5LIBS</Filter>
    </CustomBuild>
    <CustomBuild Include="..\..\max5sdk\lib\core.lib">
      <Filter>MAX5LIBS</Filter>
    </CustomBuild>
    <CustomBuild Include="..\..\max5sdk\lib\CustDlg.lib">
      <Filter>MAX5LIBS</Filter>
    </CustomBuild>
    <CustomBuild Include="..\..\max5sdk\lib\edmodel.lib">
      <Filter>MAX5LIBS</Filter>
    </CustomBuild>
    <CustomBuild Include="..\..\max5sdk\lib\expr.lib">
      <Filter>MAX5LIBS</Filter>
    </CustomBuild>
    <CustomBuild Include="..\..\max5sdk\lib\FLILIBD.LIB">
      <Filter>MAX5LIBS</Filter>
    </CustomBuild>
    <CustomBuild Include="..\..\max5sdk\lib\FLILIBH.LIB">
      <Filter>MAX5LIBS</Filter>
    </CustomBuild>
    <CustomBuild Include="..\..\max5sdk\lib\FLILIBR.LIB">
      <Filter>MAX5LIBS</Filter>
    </CustomBuild>
    <CustomBuild Include="..\..\max5sdk\lib\flt.lib">
      <Filter>MAX5LIBS</Filter>
    </CustomBuild>
    <CustomBuild Include="..\..\max5sdk\lib\gcomm2.lib">
      <Filter>MAX5LIBS</Filter>
    </CustomBuild>
    <CustomBuild Include="..\..\max5sdk\lib\geom.lib">
      <Filter>MAX5LIBS</Filter>
    </CustomBuild>
    <CustomBuild Include="..\..\max5sdk\lib\gfx.lib">
      <Filter>MAX5LIBS</Filter>
    </CustomBuild>
    <CustomBuild Include="..\..\max5sdk\lib\gup.lib">
      <Filter>MAX5LIBS</Filter>
    </CustomBuild>
    <CustomBuild Include="..\..\max5sdk\lib\helpsys.lib">
      <Filter>MAX5LIBS</Filter>
    </CustomBuild>
    <CustomBuild Include="..\..\max5sdk\lib\imageViewers.lib">
      <Filter>MAX5LIBS</Filter>
    </CustomBuild>
    <CustomBuild Include="..\..\max5sdk\lib\ManipSys.lib">
      <Filter>MAX5LIBS</Filter>
    </CustomBuild>
    <CustomBuild Include="..\..\max5sdk\lib\maxnet.lib">
      <Filter>MAX5LIBS</Filter>
    </CustomBuild>
    <CustomBuild Include="..\..\max5sdk\lib\Maxscrpt.lib">
      <Filter>MAX5LIBS</Filter>
    </CustomBuild>
    <CustomBuild Include="..\..\max5sdk\lib\maxutil.lib">
      <Filter>MAX5LIBS</Filter>
    </CustomBuild>
    <CustomBuild Include="..\..\max5sdk\lib\MenuMan.lib">
      <Filter>MAX5LIBS</Filter>
    </CustomBuild>
    <CustomBuild Include="..\..\max5sdk\lib\menus.lib">
      <Filter>MAX5LIBS</Filter>
    </CustomBuild>
    <CustomBuild Include="..\..\max5sdk\lib\mesh.lib">
      <Filter>MAX5LIBS</Filter>
    </CustomBuild>
    <CustomBuild Include="..\..\max5sdk\lib\MNMath.lib">
      <Filter>MAX5LIBS</Filter>
    </CustomBuild>
    <CustomBuild Include="..\..\max5sdk\lib\Paramblk2.lib">
      <Filter>MAX5LIBS</Filter>
    </CustomBuild>
    <CustomBuild Include="..\..\max5sdk\lib\particle.lib">
      <Filter>MAX5LIBS</Filter>
    </CustomBuild>
    <CustomBuild Include="..\..\max5sdk\lib\Poly.lib">
      <Filter>MAX5LIBS</Filter>
    </CustomBuild>
    <CustomBuild Include="..\..\max5sdk\lib\RenderUtil.lib">
      <Filter>MAX5LIBS</Filter>
    </CustomBuild>
    <CustomBuild Include="..\..\max5sdk\lib\SpringSys.lib">
      <Filter>MAX5LIBS</Filter>
    </CustomBuild>
    <CustomBuild Include="..\..\max5sdk\lib\tessint.lib">
      <Filter>MAX5LIBS</Filter>
    </CustomBuild>
    <CustomBuild Include="..\..\max5sdk\lib\viewfile.lib">
      <Filter>MAX5LIBS</Filter>
    </CustomBuild>
    <CustomBuild Include="..\..\max5sdk\lib\zlibdll.lib">
      <Filter>MAX5LIBS</Filter>
    </CustomBuild>
    <CustomBuild Include="..\..\Max25sdk\LIB\ACAP.LIB">
      <Filter>MAX25LIBS</Filter>
    </CustomBuild>
    <CustomBuild Include="..\..\Max25sdk\LIB\BMM.LIB">
      <Filter>MAX25LIBS</Filter>
    </CustomBuild>
    <CustomBuild Include="..\..\Max25sdk\LIB\CLIENT.LIB">
      <Filter>MAX25LIBS</Filter>
    </CustomBuild>
    <CustomBuild Include="..\..\Max25sdk\LIB\Core.lib">
      <Filter>MAX25LIBS</Filter>
    </CustomBuild>
    <CustomBuild Include="..\..\Max25sdk\LIB\EDMODEL.LIB">
      <Filter>MAX25LIBS</Filter>
    </CustomBuild>
    <CustomBuild Include="..\..\Max25sdk\LIB\EXPR.LIB">
      <Filter>MAX25LIBS</Filter>
    </CustomBuild>
    <CustomBuild Include="..\..\Max25sdk\LIB\FLILIBD.LIB">
      <Filter>MAX25LIBS</Filter>
    </CustomBuild>
    <CustomBuild Include="..\..\Max25sdk\LIB\FLILIBH.LIB">
      <Filter>MAX25LIBS</Filter>
    </CustomBuild>
    <CustomBuild Include="..\..\Max25sdk\LIB\FLILIBR.LIB">
      <Filter>MAX25LIBS</Filter>
    </CustomBuild>
    <CustomBuild Include="..\..\Max25sdk\LIB\FLT.LIB">
      <Filter>MAX25LIBS</Filter>
    </CustomBuild>
    <CustomBuild Include="..\..\Max25sdk\LIB\GCOMM.LIB">
      <Filter>MAX25LIBS</Filter>
    </CustomBuild>
    <CustomBuild Include="..\..\Max25sdk\LIB\GEOM.LIB">
      <Filter>MAX25LIBS</Filter>
    </CustomBuild>
    <CustomBuild Include="..\..\Max25sdk\LIB\GFX.LIB">
      <Filter>MAX25LIBS</Filter>
    </CustomBuild>
    <CustomBuild Include="..\..\Max25sdk\LIB\MESH.LIB">
      <Filter>MAX25LIBS</Filter>
    </CustomBuild>
    <CustomBuild Include="..\..\Max25sdk\LIB\MNMATH.LIB">
      <Filter>MAX25LIBS</Filter>
    </CustomBuild>
    <CustomBuild Include="..\..\Max25sdk\LIB\PARTICLE.LIB">
      <Filter>MAX25LIBS</Filter>
    </CustomBuild>
    <CustomBuild Include="..\..\Max25sdk\LIB\PATCH.LIB">
      <Filter>MAX25LIBS</Filter>
    </CustomBuild>
    <CustomBuild Include="..\..\Max25sdk\LIB\UTIL.LIB">
      <Filter>MAX25LIBS</Filter>
    </CustomBuild>
    <CustomBuild Include="..\..\Max25sdk\LIB\VIEWFILE.LIB">
      <Filter>MAX25LIBS</Filter>
    </CustomBuild>
    <CustomBuild Include="x:\Dlls\Max8sdk\lib\acap.lib">
      <Filter>MAX8LIBS</Filter>
    </CustomBuild>
    <CustomBuild Include="x:\Dlls\Max8sdk\lib\Amodeler.lib">
      <Filter>MAX8LIBS</Filter>
    </CustomBuild>
    <CustomBuild Include="x:\Dlls\Max8sdk\lib\biped.lib">
      <Filter>MAX8LIBS</Filter>
    </CustomBuild>
    <CustomBuild Include="x:\Dlls\Max8sdk\lib\bmm.lib">
      <Filter>MAX8LIBS</Filter>
    </CustomBuild>
    <CustomBuild Include="x:\Dlls\Max8sdk\lib\composite.lib">
      <Filter>MAX8LIBS</Filter>
    </CustomBuild>
    <CustomBuild Include="x:\Dlls\Max8sdk\lib\core.lib">
      <Filter>MAX8LIBS</Filter>
    </CustomBuild>
    <CustomBuild Include="x:\Dlls\Max8sdk\lib\crowd.lib">
      <Filter>MAX8LIBS</Filter>
    </CustomBuild>
    <CustomBuild Include="x:\Dlls\Max8sdk\lib\CustDlg.lib">
      <Filter>MAX8LIBS</Filter>
    </CustomBuild>
    <CustomBuild Include="x:\Dlls\Max8sdk\lib\edmodel.lib">
      <Filter>MAX8LIBS</Filter>
    </CustomBuild>
    <CustomBuild Include="x:\Dlls\Max8sdk\lib\expr.lib">
      <Filter>MAX8LIBS</Filter>
    </CustomBuild>
    <CustomBuild Include="x:\Dlls\Max8sdk\lib\Flilibd.lib">
      <Filter>MAX8LIBS</Filter>
    </CustomBuild>
    <CustomBuild Include="x:\Dlls\Max8sdk\lib\Flilibh.lib">
      <Filter>MAX8LIBS</Filter>
    </CustomBuild>
    <CustomBuild Include="x:\Dlls\Max8sdk\lib\Flilibr.lib">
      <Filter>MAX8LIBS</Filter>
    </CustomBuild>
    <CustomBuild Include="x:\Dlls\Max8sdk\lib\flt.lib">
      <Filter>MAX8LIBS</Filter>
    </CustomBuild>
    <CustomBuild Include="x:\Dlls\Max8sdk\lib\gcomm2.lib">
      <Filter>MAX8LIBS</Filter>
    </CustomBuild>
    <CustomBuild Include="x:\Dlls\Max8sdk\lib\geom.lib">
      <Filter>MAX8LIBS</Filter>
    </CustomBuild>
    <CustomBuild Include="x:\Dlls\Max8sdk\lib\geomimp.lib">
      <Filter>MAX8LIBS</Filter>
    </CustomBuild>
    <CustomBuild Include="x:\Dlls\Max8sdk\lib\gfx.lib">
      <Filter>MAX8LIBS</Filter>
    </CustomBuild>
    <CustomBuild Include="x:\Dlls\Max8sdk\lib\gup.lib">
      <Filter>MAX8LIBS</Filter>
    </CustomBuild>
    <CustomBuild Include="x:\Dlls\Max8sdk\lib\helpsys.lib">
      <Filter>MAX8LIBS</Filter>
    </CustomBuild>
    <CustomBuild Include="x:\Dlls\Max8sdk\lib\IGame.lib">
      <Filter>MAX8LIBS</Filter>
    </CustomBuild>
    <CustomBuild Include="x:\Dlls\Max8sdk\lib\imageViewers.lib">
      <Filter>MAX8LIBS</Filter>
    </CustomBuild>
    <CustomBuild Include="x:\Dlls\Max8sdk\lib\ManipSys.lib">
      <Filter>MAX8LIBS</Filter>
    </CustomBuild>
    <CustomBuild Include="x:\Dlls\Max8sdk\lib\maxnet.lib">
      <Filter>MAX8LIBS</Filter>
    </CustomBuild>
    <CustomBuild Include="x:\Dlls\Max8sdk\lib\Maxscrpt.lib">
      <Filter>MAX8LIBS</Filter>
    </CustomBuild>
    <CustomBuild Include="x:\Dlls\Max8sdk\lib\maxutil.lib">
      <Filter>MAX8LIBS</Filter>
    </CustomBuild>
    <CustomBuild Include="x:\Dlls\Max8sdk\lib\MenuMan.lib">
      <Filter>MAX8LIBS</Filter>
    </CustomBuild>
    <CustomBuild Include="x:\Dlls\Max8sdk\lib\menus.lib">
      <Filter>MAX8LIBS</Filter>
    </CustomBuild>
    <CustomBuild Include="x:\Dlls\Max8sdk\lib\mesh.lib">
      <Filter>MAX8LIBS</Filter>
    </CustomBuild>
    <CustomBuild Include="x:\Dlls\Max8sdk\lib\MNMath.lib">
      <Filter>MAX8LIBS</Filter>
    </CustomBuild>
    <CustomBuild Include="x:\Dlls\Max8sdk\lib\mtl.lib">
      <Filter>MAX8LIBS</Filter>
    </CustomBuild>
    <CustomBuild Include="x:\Dlls\Max8sdk\lib\Paramblk2.lib">
      <Filter>MAX8LIBS</Filter>
    </CustomBuild>
    <CustomBuild Include="x:\Dlls\Max8sdk\lib\particle.lib">
      <Filter>MAX8LIBS</Filter>
    </CustomBuild>
    <CustomBuild Include="x:\Dlls\Max8sdk\lib\ParticleFlow.lib">
      <Filter>MAX8LIBS</Filter>
    </CustomBuild>
    <CustomBuild Include="x:\Dlls\Max8sdk\lib\physique.lib">
      <Filter>MAX8LIBS</Filter>
    </CustomBuild>
    <CustomBuild Include="x:\Dlls\Max8sdk\lib\Poly.lib">
      <Filter>MAX8LIBS</Filter>
    </CustomBuild>
    <CustomBuild Include="x:\Dlls\Max8sdk\lib\RenderUtil.lib">
      <Filter>MAX8LIBS</Filter>
    </CustomBuild>
    <CustomBuild Include="x:\Dlls\Max8sdk\lib\rtmax.lib">
      <Filter>MAX8LIBS</Filter>
    </CustomBuild>
    <CustomBuild Include="x:\Dlls\Max8sdk\lib\SpringSys.lib">
      <Filter>MAX8LIBS</Filter>
    </CustomBuild>
    <CustomBuild Include="x:\Dlls\Max8sdk\lib\tessint.lib">
      <Filter>MAX8LIBS</Filter>
    </CustomBuild>
    <CustomBuild Include="x:\Dlls\Max8sdk\lib\viewfile.lib">
      <Filter>MAX8LIBS</Filter>
    </CustomBuild>
    <CustomBuild Include="x:\Dlls\Max8sdk\lib\zlibdll.lib">
      <Filter>MAX8LIBS</Filter>
    </CustomBuild>
  </ItemGroup>
</Project>