<?xml version="1.0" encoding="utf-8"?>
<Project ToolsVersion="4.0" xmlns="http://schemas.microsoft.com/developer/msbuild/2003">
  <ItemGroup>
    <Filter Include="VAVview">
      <UniqueIdentifier>{821a397d-901d-4bf5-9a5c-9579c3092305}</UniqueIdentifier>
    </Filter>
    <Filter Include="F3Dframe">
      <UniqueIdentifier>{b010b788-0f76-4cd9-97ac-c345301ca449}</UniqueIdentifier>
    </Filter>
    <Filter Include="Res">
      <UniqueIdentifier>{bbd31957-3d38-45e5-9375-8fdb02b31642}</UniqueIdentifier>
    </Filter>
    <Filter Include="DIAlogs">
      <UniqueIdentifier>{0ca7f60d-0866-40e9-bdc3-6af35676091d}</UniqueIdentifier>
    </Filter>
    <Filter Include="EDI">
      <UniqueIdentifier>{5e7e3396-4f7e-4cd8-92d6-358215ef5f2c}</UniqueIdentifier>
    </Filter>
    <Filter Include="DATaControl">
      <UniqueIdentifier>{e2127fbc-8367-4bea-94cb-844eecda2388}</UniqueIdentifier>
    </Filter>
    <Filter Include="DATaControl\Zlib">
      <UniqueIdentifier>{cd6add01-93ce-42c1-992d-70d65f2c4b89}</UniqueIdentifier>
    </Filter>
    <Filter Include="DATaControl\P4Utils">
      <UniqueIdentifier>{8b6fa15b-ca84-40e5-9eea-894c367e382e}</UniqueIdentifier>
    </Filter>
    <Filter Include="DATaControl\Lib">
      <UniqueIdentifier>{b20643a4-7383-4c46-a849-ec48f893348b}</UniqueIdentifier>
    </Filter>
    <Filter Include="Shared">
      <UniqueIdentifier>{4ecb9042-fc6f-4926-b27d-fc9f71509f41}</UniqueIdentifier>
    </Filter>
    <Filter Include="Shared\ImGui">
      <UniqueIdentifier>{373a72e6-3c44-4a9d-8553-89ebda401326}</UniqueIdentifier>
    </Filter>
  </ItemGroup>
  <ItemGroup>
    <ClCompile Include="..\Sources\VAVview\VAVlist.cpp">
      <Filter>VAVview</Filter>
    </ClCompile>
    <ClCompile Include="..\Sources\VAVview\VAVlist_action.cpp">
      <Filter>VAVview</Filter>
    </ClCompile>
    <ClCompile Include="..\Sources\VAVview\VAVlist_ai.cpp">
      <Filter>VAVview</Filter>
    </ClCompile>
    <ClCompile Include="..\Sources\VAVview\VAVlist_anim.cpp">
      <Filter>VAVview</Filter>
    </ClCompile>
    <ClCompile Include="..\Sources\VAVview\VAVlist_col.cpp">
      <Filter>VAVview</Filter>
    </ClCompile>
    <ClCompile Include="..\Sources\VAVview\VAVlist_msg.cpp">
      <Filter>VAVview</Filter>
    </ClCompile>
    <ClCompile Include="..\Sources\VAVview\VAVlist_obj.cpp">
      <Filter>VAVview</Filter>
    </ClCompile>
    <ClCompile Include="..\Sources\VAVview\VAVlist_snd.cpp">
      <Filter>VAVview</Filter>
    </ClCompile>
    <ClCompile Include="..\Sources\VAVview\VAVview.cpp">
      <Filter>VAVview</Filter>
    </ClCompile>
    <ClCompile Include="..\Sources\VAVview\VAVview_aifunc.cpp">
      <Filter>VAVview</Filter>
    </ClCompile>
    <ClCompile Include="..\Sources\VAVview\VAVview_anim.cpp">
      <Filter>VAVview</Filter>
    </ClCompile>
    <ClCompile Include="..\Sources\VAVview\VAVview_bool.cpp">
      <Filter>VAVview</Filter>
    </ClCompile>
    <ClCompile Include="..\Sources\VAVview\VAVview_bounding.cpp">
      <Filter>VAVview</Filter>
    </ClCompile>
    <ClCompile Include="..\Sources\VAVview\VAVview_color.cpp">
      <Filter>VAVview</Filter>
    </ClCompile>
    <ClCompile Include="..\Sources\VAVview\VAVview_constfloat.cpp">
      <Filter>VAVview</Filter>
    </ClCompile>
    <ClCompile Include="..\Sources\VAVview\VAVview_constint.cpp">
      <Filter>VAVview</Filter>
    </ClCompile>
    <ClCompile Include="..\Sources\VAVview\VAVview_custsep.cpp">
      <Filter>VAVview</Filter>
    </ClCompile>
    <ClCompile Include="..\Sources\VAVview\VAVview_file.cpp">
      <Filter>VAVview</Filter>
    </ClCompile>
    <ClCompile Include="..\Sources\VAVview\VAVview_flags.cpp">
      <Filter>VAVview</Filter>
    </ClCompile>
    <ClCompile Include="..\Sources\VAVview\VAVview_float.cpp">
      <Filter>VAVview</Filter>
    </ClCompile>
    <ClCompile Include="..\Sources\VAVview\VAVview_go.cpp">
      <Filter>VAVview</Filter>
    </ClCompile>
    <ClCompile Include="..\Sources\VAVview\VAVview_grotype.cpp">
      <Filter>VAVview</Filter>
    </ClCompile>
    <ClCompile Include="..\Sources\VAVview\VAVview_grp.cpp">
      <Filter>VAVview</Filter>
    </ClCompile>
    <ClCompile Include="..\Sources\VAVview\VAVview_hexa.cpp">
      <Filter>VAVview</Filter>
    </ClCompile>
    <ClCompile Include="..\Sources\VAVview\VAVview_int.cpp">
      <Filter>VAVview</Filter>
    </ClCompile>
    <ClCompile Include="..\Sources\VAVview\VAVview_key.cpp">
      <Filter>VAVview</Filter>
    </ClCompile>
    <ClCompile Include="..\Sources\VAVview\VAVview_matrix.cpp">
      <Filter>VAVview</Filter>
    </ClCompile>
    <ClCompile Include="..\Sources\VAVview\VAVview_modifier.cpp">
      <Filter>VAVview</Filter>
    </ClCompile>
    <ClCompile Include="..\Sources\VAVview\VAVview_network.cpp">
      <Filter>VAVview</Filter>
    </ClCompile>
    <ClCompile Include="..\Sources\VAVview\VAVview_smodifier.cpp">
      <Filter>VAVview</Filter>
    </ClCompile>
    <ClCompile Include="..\Sources\VAVview\VAVview_sndkey.cpp">
      <Filter>VAVview</Filter>
    </ClCompile>
    <ClCompile Include="..\Sources\VAVview\VAVview_string.cpp">
      <Filter>VAVview</Filter>
    </ClCompile>
    <ClCompile Include="..\Sources\VAVview\VAVview_text.cpp">
      <Filter>VAVview</Filter>
    </ClCompile>
    <ClCompile Include="..\Sources\VAVview\VAVview_vector.cpp">
      <Filter>VAVview</Filter>
    </ClCompile>
    <ClCompile Include="..\Sources\VAVview\VAVview_zone.cpp">
      <Filter>VAVview</Filter>
    </ClCompile>
    <ClCompile Include="..\Sources\F3Dframe\F3Dframe.cpp">
      <Filter>F3Dframe</Filter>
    </ClCompile>
    <ClCompile Include="..\Sources\F3Dframe\F3Dview.cpp">
      <Filter>F3Dframe</Filter>
    </ClCompile>
    <ClCompile Include="..\Sources\F3Dframe\F3Dview_action.cpp">
      <Filter>F3Dframe</Filter>
    </ClCompile>
    <ClCompile Include="..\Sources\F3Dframe\F3Dview_ai.cpp">
      <Filter>F3Dframe</Filter>
    </ClCompile>
    <ClCompile Include="..\Sources\F3Dframe\F3Dview_anim.cpp">
      <Filter>F3Dframe</Filter>
    </ClCompile>
    <ClCompile Include="..\Sources\F3Dframe\F3Dview_brickmapper.cpp">
      <Filter>F3Dframe</Filter>
    </ClCompile>
    <ClCompile Include="..\Sources\F3Dframe\F3Dview_cam.cpp">
      <Filter>F3Dframe</Filter>
    </ClCompile>
    <ClCompile Include="..\Sources\F3Dframe\F3Dview_col.cpp">
      <Filter>F3Dframe</Filter>
    </ClCompile>
    <ClCompile Include="..\Sources\F3Dframe\F3Dview_curve.cpp">
      <Filter>F3Dframe</Filter>
    </ClCompile>
    <ClCompile Include="..\Sources\F3Dframe\F3DView_grid.cpp">
      <Filter>F3Dframe</Filter>
    </ClCompile>
    <ClCompile Include="..\Sources\F3Dframe\F3Dview_gro.cpp">
      <Filter>F3Dframe</Filter>
    </ClCompile>
    <ClCompile Include="..\Sources\F3Dframe\F3Dview_grp.cpp">
      <Filter>F3Dframe</Filter>
    </ClCompile>
    <ClCompile Include="..\Sources\F3Dframe\F3Dview_helpers.cpp">
      <Filter>F3Dframe</Filter>
    </ClCompile>
    <ClCompile Include="..\Sources\F3Dframe\F3Dview_mouse.cpp">
      <Filter>F3Dframe</Filter>
    </ClCompile>
    <ClCompile Include="..\Sources\F3Dframe\F3Dview_obj.cpp">
      <Filter>F3Dframe</Filter>
    </ClCompile>
    <ClCompile Include="..\Sources\F3Dframe\F3Dview_ode.cpp">
      <Filter>F3Dframe</Filter>
    </ClCompile>
    <ClCompile Include="..\Sources\F3Dframe\F3Dview_op.cpp">
      <Filter>F3Dframe</Filter>
    </ClCompile>
    <ClCompile Include="..\Sources\F3Dframe\F3DView_pick.cpp">
      <Filter>F3Dframe</Filter>
    </ClCompile>
    <ClCompile Include="..\Sources\F3Dframe\F3Dview_portal.cpp">
      <Filter>F3Dframe</Filter>
    </ClCompile>
    <ClCompile Include="..\Sources\F3Dframe\F3Dview_postit.cpp">
      <Filter>F3Dframe</Filter>
    </ClCompile>
    <ClCompile Include="..\Sources\F3Dframe\F3Dview_rli.cpp">
      <Filter>F3Dframe</Filter>
    </ClCompile>
    <ClCompile Include="..\Sources\F3Dframe\F3DView_Selection.cpp">
      <Filter>F3Dframe</Filter>
    </ClCompile>
    <ClCompile Include="..\Sources\F3Dframe\F3DView_subobject.cpp">
      <Filter>F3Dframe</Filter>
    </ClCompile>
    <ClCompile Include="..\Sources\F3Dframe\F3Dview_undo.cpp">
      <Filter>F3Dframe</Filter>
    </ClCompile>
    <ClCompile Include="..\Sources\F3Dframe\F3Dview_way.cpp">
      <Filter>F3Dframe</Filter>
    </ClCompile>
    <ClCompile Include="..\Sources\F3Dframe\F3Dview_wor.cpp">
      <Filter>F3Dframe</Filter>
    </ClCompile>
    <ClCompile Include="..\Sources\F3Dframe\F3Dview_wow.cpp">
      <Filter>F3Dframe</Filter>
    </ClCompile>
    <ClCompile Include="..\Sources\F3Dframe\F3Dview_zonebv.cpp">
      <Filter>F3Dframe</Filter>
    </ClCompile>
    <ClCompile Include="..\Sources\DIAlogs\BaseTabCtrl.cpp">
      <Filter>DIAlogs</Filter>
    </ClCompile>
    <ClCompile Include="..\Sources\DIAlogs\BtnST.cpp">
      <Filter>DIAlogs</Filter>
    </ClCompile>
    <ClCompile Include="..\Sources\DIAlogs\CCheckList.cpp">
      <Filter>DIAlogs</Filter>
    </ClCompile>
    <ClCompile Include="..\Sources\DIAlogs\DIA_RADIOSTY2.cpp">
      <Filter>DIAlogs</Filter>
    </ClCompile>
    <ClCompile Include="..\Sources\DIAlogs\DIA_SKN_dlg.cpp">
      <Filter>DIAlogs</Filter>
    </ClCompile>
    <ClCompile Include="..\Sources\DIAlogs\DIA_SmoothSel_dlg.cpp">
      <Filter>DIAlogs</Filter>
    </ClCompile>
    <ClCompile Include="..\Sources\DIAlogs\DIA_UPDATE_dlg.cpp">
      <Filter>DIAlogs</Filter>
    </ClCompile>
    <ClCompile Include="..\Sources\DIAlogs\DIAanim_dlg.cpp">
      <Filter>DIAlogs</Filter>
    </ClCompile>
    <ClCompile Include="..\Sources\DIAlogs\DIAbackgroundimage_dlg.cpp">
      <Filter>DIAlogs</Filter>
    </ClCompile>
    <ClCompile Include="..\Sources\DIAlogs\DIAbase.cpp">
      <Filter>DIAlogs</Filter>
    </ClCompile>
    <ClCompile Include="..\Sources\DIAlogs\DIAbrickmapper_dlg.cpp">
      <Filter>DIAlogs</Filter>
    </ClCompile>
    <ClCompile Include="..\Sources\DIAlogs\DIAbrofilter_dlg.cpp">
      <Filter>DIAlogs</Filter>
    </ClCompile>
    <ClCompile Include="..\Sources\DIAlogs\DIAchecklist_dlg.cpp">
      <Filter>DIAlogs</Filter>
    </ClCompile>
    <ClCompile Include="..\Sources\DIAlogs\DIAcheckworld_dlg.cpp">
      <Filter>DIAlogs</Filter>
    </ClCompile>
    <ClCompile Include="..\Sources\DIAlogs\DIACOLOR_dlg.cpp">
      <Filter>DIAlogs</Filter>
    </ClCompile>
    <ClCompile Include="..\Sources\DIAlogs\DIAComboBoxCompletion.cpp">
      <Filter>DIAlogs</Filter>
    </ClCompile>
    <ClCompile Include="..\Sources\DIAlogs\DIAcompletion_dlg.cpp">
      <Filter>DIAlogs</Filter>
    </ClCompile>
    <ClCompile Include="..\Sources\DIAlogs\DIAcopymatrixfrom_dlg.cpp">
      <Filter>DIAlogs</Filter>
    </ClCompile>
    <ClCompile Include="..\Sources\DIAlogs\DIAcreategeometry_dlg.cpp">
      <Filter>DIAlogs</Filter>
    </ClCompile>
    <ClCompile Include="..\Sources\DIAlogs\DIAcreategeometry_inside.cpp">
      <Filter>DIAlogs</Filter>
    </ClCompile>
    <ClCompile Include="..\Sources\DIAlogs\DIAcubemapgen_dlg.cpp">
      <Filter>DIAlogs</Filter>
    </ClCompile>
    <ClCompile Include="..\Sources\DIAlogs\DIAdropgro_dlg.cpp">
      <Filter>DIAlogs</Filter>
    </ClCompile>
    <ClCompile Include="..\Sources\DIAlogs\DIAfavorites_dlg.cpp">
      <Filter>DIAlogs</Filter>
    </ClCompile>
    <ClCompile Include="..\Sources\DIAlogs\DIAfile_dlg.cpp">
      <Filter>DIAlogs</Filter>
    </ClCompile>
    <ClCompile Include="..\Sources\DIAlogs\DIAfindai_dlg.cpp">
      <Filter>DIAlogs</Filter>
    </ClCompile>
    <ClCompile Include="..\Sources\DIAlogs\DIAfindfile_dlg.cpp">
      <Filter>DIAlogs</Filter>
    </ClCompile>
    <ClCompile Include="..\Sources\DIAlogs\DIAfontdescriptor_dlg.cpp">
      <Filter>DIAlogs</Filter>
    </ClCompile>
    <ClCompile Include="..\Sources\DIAlogs\DIAgamematerial_dlg.cpp">
      <Filter>DIAlogs</Filter>
    </ClCompile>
    <ClCompile Include="..\Sources\DIAlogs\DIAgamematerial_inside.cpp">
      <Filter>DIAlogs</Filter>
    </ClCompile>
    <ClCompile Include="..\Sources\DIAlogs\DIAgaoinfo_dlg.cpp">
      <Filter>DIAlogs</Filter>
    </ClCompile>
    <ClCompile Include="..\Sources\DIAlogs\DIAgraphchoose_dlg.cpp">
      <Filter>DIAlogs</Filter>
    </ClCompile>
    <ClCompile Include="..\Sources\DIAlogs\DIAgrid_dlg.cpp">
      <Filter>DIAlogs</Filter>
    </ClCompile>
    <ClCompile Include="..\Sources\DIAlogs\DIAgromodifier_dlg.cpp">
      <Filter>DIAlogs</Filter>
    </ClCompile>
    <ClCompile Include="..\Sources\DIAlogs\DIAgromodifiersnap_dlg.cpp">
      <Filter>DIAlogs</Filter>
    </ClCompile>
    <ClCompile Include="..\Sources\DIAlogs\DIAgrovertexpos_dlg.cpp">
      <Filter>DIAlogs</Filter>
    </ClCompile>
    <ClCompile Include="..\Sources\DIAlogs\DIAjoystick_dlg.cpp">
      <Filter>DIAlogs</Filter>
    </ClCompile>
    <ClCompile Include="..\Sources\DIAlogs\DIAkeyboard_dlg.cpp">
      <Filter>DIAlogs</Filter>
    </ClCompile>
    <ClCompile Include="..\Sources\DIAlogs\DIAlang_dlg.cpp">
      <Filter>DIAlogs</Filter>
    </ClCompile>
    <ClCompile Include="..\Sources\DIAlogs\DIALightmaps.cpp">
      <Filter>DIAlogs</Filter>
    </ClCompile>
    <ClCompile Include="..\Sources\DIAlogs\DIAlightrej_dlg.cpp">
      <Filter>DIAlogs</Filter>
    </ClCompile>
    <ClCompile Include="..\Sources\DIAlogs\DIAlink_dlg.cpp">
      <Filter>DIAlogs</Filter>
    </ClCompile>
    <ClCompile Include="..\Sources\DIAlogs\DIAlist2_dlg.cpp">
      <Filter>DIAlogs</Filter>
    </ClCompile>
    <ClCompile Include="..\Sources\DIAlogs\DIAlist_dlg.cpp">
      <Filter>DIAlogs</Filter>
    </ClCompile>
    <ClCompile Include="..\Sources\DIAlogs\DIAmatrix_dlg.cpp">
      <Filter>DIAlogs</Filter>
    </ClCompile>
    <ClCompile Include="..\Sources\DIAlogs\DIAmessage_dlg.cpp">
      <Filter>DIAlogs</Filter>
    </ClCompile>
    <ClCompile Include="..\Sources\DIAlogs\DIAmixer_dlg.cpp">
      <Filter>DIAlogs</Filter>
    </ClCompile>
    <ClCompile Include="..\Sources\DIAlogs\DIAmorphedit_dlg.cpp">
      <Filter>DIAlogs</Filter>
    </ClCompile>
    <ClCompile Include="..\Sources\DIAlogs\DIAmorphing_dlg.cpp">
      <Filter>DIAlogs</Filter>
    </ClCompile>
    <ClCompile Include="..\Sources\DIAlogs\DIAmorphingsliders_dlg.cpp">
      <Filter>DIAlogs</Filter>
    </ClCompile>
    <ClCompile Include="..\Sources\DIAlogs\DIAmsglink_dlg.cpp">
      <Filter>DIAlogs</Filter>
    </ClCompile>
    <ClCompile Include="..\Sources\DIAlogs\DIAmtx_dlg.cpp">
      <Filter>DIAlogs</Filter>
    </ClCompile>
    <ClCompile Include="..\Sources\DIAlogs\DIAname_dlg.cpp">
      <Filter>DIAlogs</Filter>
    </ClCompile>
    <ClCompile Include="..\Sources\DIAlogs\DIAorder_dlg.cpp">
      <Filter>DIAlogs</Filter>
    </ClCompile>
    <ClCompile Include="..\Sources\DIAlogs\DIApalette_dlg.cpp">
      <Filter>DIAlogs</Filter>
    </ClCompile>
    <ClCompile Include="..\Sources\DIAlogs\DIApostit_dlg.cpp">
      <Filter>DIAlogs</Filter>
    </ClCompile>
    <ClCompile Include="..\Sources\DIAlogs\DIAradiosity_dlg.cpp">
      <Filter>DIAlogs</Filter>
    </ClCompile>
    <ClCompile Include="..\Sources\DIAlogs\DIAreplace_dlg.cpp">
      <Filter>DIAlogs</Filter>
    </ClCompile>
    <ClCompile Include="..\Sources\DIAlogs\DIArli_dlg.cpp">
      <Filter>DIAlogs</Filter>
    </ClCompile>
    <ClCompile Include="..\Sources\DIAlogs\DIArliadjust_dlg.cpp">
      <Filter>DIAlogs</Filter>
    </ClCompile>
    <ClCompile Include="..\Sources\DIAlogs\DIArlicarte_dlg.cpp">
      <Filter>DIAlogs</Filter>
    </ClCompile>
    <ClCompile Include="..\Sources\DIAlogs\DIAsaveaddmatrix_dlg.cpp">
      <Filter>DIAlogs</Filter>
    </ClCompile>
    <ClCompile Include="..\Sources\DIAlogs\DIAScreenshotSeqBuilder_dlg.cpp">
      <Filter>DIAlogs</Filter>
    </ClCompile>
    <ClCompile Include="..\Sources\DIAlogs\DIAsecto_dlg.cpp">
      <Filter>DIAlogs</Filter>
    </ClCompile>
    <ClCompile Include="..\Sources\DIAlogs\DIAselection_dlg.cpp">
      <Filter>DIAlogs</Filter>
    </ClCompile>
    <ClCompile Include="..\Sources\DIAlogs\DIAsetTextureFilter_dlg.cpp">
      <Filter>DIAlogs</Filter>
    </ClCompile>
    <ClCompile Include="..\Sources\DIAlogs\DIAshape_dlg.cpp">
      <Filter>DIAlogs</Filter>
    </ClCompile>
    <ClCompile Include="..\Sources\DIAlogs\DIAsnddisp_dlg.cpp">
      <Filter>DIAlogs</Filter>
    </ClCompile>
    <ClCompile Include="..\Sources\DIAlogs\DIAsndgroupwatcher_dlg.cpp">
      <Filter>DIAlogs</Filter>
    </ClCompile>
    <ClCompile Include="..\Sources\DIAlogs\DIAsndinsert_dlg.cpp">
      <Filter>DIAlogs</Filter>
    </ClCompile>
    <ClCompile Include="..\Sources\DIAlogs\DIAsndinstance_dlg.cpp">
      <Filter>DIAlogs</Filter>
    </ClCompile>
    <ClCompile Include="..\Sources\DIAlogs\DIAsndtrans_dlg.cpp">
      <Filter>DIAlogs</Filter>
    </ClCompile>
    <ClCompile Include="..\Sources\DIAlogs\DIAsndvumeter.cpp">
      <Filter>DIAlogs</Filter>
    </ClCompile>
    <ClCompile Include="..\Sources\DIAlogs\DIAsndvumeterset.cpp">
      <Filter>DIAlogs</Filter>
    </ClCompile>
    <ClCompile Include="..\Sources\DIAlogs\DIAspeedact_dlg.cpp">
      <Filter>DIAlogs</Filter>
    </ClCompile>
    <ClCompile Include="..\Sources\DIAlogs\DIAstockofcolor_dlg.cpp">
      <Filter>DIAlogs</Filter>
    </ClCompile>
    <ClCompile Include="..\Sources\DIAlogs\DIAtextfile_dlg.cpp">
      <Filter>DIAlogs</Filter>
    </ClCompile>
    <ClCompile Include="..\Sources\DIAlogs\DIAtexture_dlg.cpp">
      <Filter>DIAlogs</Filter>
    </ClCompile>
    <ClCompile Include="..\Sources\DIAlogs\DIAtimeinterpolation_dlg.cpp">
      <Filter>DIAlogs</Filter>
    </ClCompile>
    <ClCompile Include="..\Sources\DIAlogs\DIAtoolbox_curveview.cpp">
      <Filter>DIAlogs</Filter>
    </ClCompile>
    <ClCompile Include="..\Sources\DIAlogs\DIAtoolbox_dlg.cpp">
      <Filter>DIAlogs</Filter>
    </ClCompile>
    <ClCompile Include="..\Sources\DIAlogs\DIAtoolbox_groview.cpp">
      <Filter>DIAlogs</Filter>
    </ClCompile>
    <ClCompile Include="..\Sources\DIAlogs\DIAundo_dlg.cpp">
      <Filter>DIAlogs</Filter>
    </ClCompile>
    <ClCompile Include="..\Sources\DIAlogs\DIAuvmapper_dlg.cpp">
      <Filter>DIAlogs</Filter>
    </ClCompile>
    <ClCompile Include="..\Sources\DIAlogs\DIAvector_dlg.cpp">
      <Filter>DIAlogs</Filter>
    </ClCompile>
    <ClCompile Include="..\Sources\DIAlogs\diawindcurve_dlg.cpp">
      <Filter>DIAlogs</Filter>
    </ClCompile>
    <ClCompile Include="..\Sources\DIAlogs\DIAwpshowstatus_dlg.cpp">
      <Filter>DIAlogs</Filter>
    </ClCompile>
    <ClCompile Include="..\Sources\DIAlogs\DIAXeMergeFlags.cpp">
      <Filter>DIAlogs</Filter>
    </ClCompile>
    <ClCompile Include="..\Sources\DIAlogs\EnTabCtrl.cpp">
      <Filter>DIAlogs</Filter>
    </ClCompile>
    <ClCompile Include="..\Sources\DIAlogs\FlatHeaderCtrl.cpp">
      <Filter>DIAlogs</Filter>
    </ClCompile>
    <ClCompile Include="..\Sources\DIAlogs\HScrollListBox.cpp">
      <Filter>DIAlogs</Filter>
    </ClCompile>
    <ClCompile Include="..\Sources\DIAlogs\ListCtrlStyled.cpp">
      <Filter>DIAlogs</Filter>
    </ClCompile>
    <ClCompile Include="..\Sources\DIAlogs\NumEdit.cpp">
      <Filter>DIAlogs</Filter>
    </ClCompile>
    <ClCompile Include="..\Sources\DIAlogs\ProSliderCtrl.cpp">
      <Filter>DIAlogs</Filter>
    </ClCompile>
    <ClCompile Include="..\Sources\EDIaction.cpp">
      <Filter>EDI</Filter>
    </ClCompile>
    <ClCompile Include="..\Sources\EDIapp.cpp">
      <Filter>EDI</Filter>
    </ClCompile>
    <ClCompile Include="..\Sources\EDIapp_help.cpp">
      <Filter>EDI</Filter>
    </ClCompile>
    <ClCompile Include="..\Sources\EDIbaseframe.cpp">
      <Filter>EDI</Filter>
    </ClCompile>
    <ClCompile Include="..\Sources\EDIbaseframe_ini.cpp">
      <Filter>EDI</Filter>
    </ClCompile>
    <ClCompile Include="..\Sources\EDIbaseview.cpp">
      <Filter>EDI</Filter>
    </ClCompile>
    <ClCompile Include="..\Sources\EDIbaseview_game.cpp">
      <Filter>EDI</Filter>
    </ClCompile>
    <ClCompile Include="..\Sources\EDIbaseview_ini.cpp">
      <Filter>EDI</Filter>
    </ClCompile>
    <ClCompile Include="..\Sources\EDIbaseview_msg.cpp">
      <Filter>EDI</Filter>
    </ClCompile>
    <ClCompile Include="..\Sources\EDIeditors_reg.cpp">
      <Filter>EDI</Filter>
    </ClCompile>
    <ClCompile Include="..\Sources\EDIFileFilters.cpp">
      <Filter>EDI</Filter>
    </ClCompile>
    <ClCompile Include="..\Sources\EDImainframe.cpp">
      <Filter>EDI</Filter>
    </ClCompile>
    <ClCompile Include="..\Sources\EDImainframe_act.cpp">
      <Filter>EDI</Filter>
    </ClCompile>
    <ClCompile Include="..\Sources\EDImainframe_dd.cpp">
      <Filter>EDI</Filter>
    </ClCompile>
    <ClCompile Include="..\Sources\EDImainframe_desk.cpp">
      <Filter>EDI</Filter>
    </ClCompile>
    <ClCompile Include="..\Sources\EDImainframe_ini.cpp">
      <Filter>EDI</Filter>
    </ClCompile>
    <ClCompile Include="..\Sources\EDImainframe_msg.cpp">
      <Filter>EDI</Filter>
    </ClCompile>
    <ClCompile Include="..\Sources\EDImainframe_universe.cpp">
      <Filter>EDI</Filter>
    </ClCompile>
    <ClCompile Include="..\Sources\EDImainframe_vss.cpp">
      <Filter>EDI</Filter>
    </ClCompile>
    <ClCompile Include="..\Sources\EDIsplitter.cpp">
      <Filter>EDI</Filter>
    </ClCompile>
    <ClCompile Include="..\Sources\EDIundo.cpp">
      <Filter>EDI</Filter>
    </ClCompile>
    <ClCompile Include="..\Sources\DATaControl\DATCP4BFObject.cpp">
      <Filter>DATaControl</Filter>
    </ClCompile>
    <ClCompile Include="..\..\..\Extern\zlib\adler32.c">
      <Filter>DATaControl\Zlib</Filter>
    </ClCompile>
    <ClCompile Include="..\..\..\Extern\zlib\compress.c">
      <Filter>DATaControl\Zlib</Filter>
    </ClCompile>
    <ClCompile Include="..\..\..\Extern\zlib\crc32.c">
      <Filter>DATaControl\Zlib</Filter>
    </ClCompile>
    <ClCompile Include="..\..\..\Extern\zlib\deflate.c">
      <Filter>DATaControl\Zlib</Filter>
    </ClCompile>
    <ClCompile Include="..\..\..\Extern\zlib\example.c">
      <Filter>DATaControl\Zlib</Filter>
    </ClCompile>
    <ClCompile Include="..\..\..\Extern\zlib\gzio.c">
      <Filter>DATaControl\Zlib</Filter>
    </ClCompile>
    <ClCompile Include="..\..\..\Extern\zlib\infback.c">
      <Filter>DATaControl\Zlib</Filter>
    </ClCompile>
    <ClCompile Include="..\..\..\Extern\zlib\inffast.c">
      <Filter>DATaControl\Zlib</Filter>
    </ClCompile>
    <ClCompile Include="..\..\..\Extern\zlib\inflate.c">
      <Filter>DATaControl\Zlib</Filter>
    </ClCompile>
    <ClCompile Include="..\..\..\Extern\zlib\inftrees.c">
      <Filter>DATaControl\Zlib</Filter>
    </ClCompile>
    <ClCompile Include="..\..\..\Extern\zlib\trees.c">
      <Filter>DATaControl\Zlib</Filter>
    </ClCompile>
    <ClCompile Include="..\..\..\Extern\zlib\uncompr.c">
      <Filter>DATaControl\Zlib</Filter>
    </ClCompile>
    <ClCompile Include="..\..\..\Extern\zlib\zutil.c">
      <Filter>DATaControl\Zlib</Filter>
    </ClCompile>
    <ClCompile Include="..\Sources\DATaControl\DATCUtils.cpp">
      <Filter>DATaControl\P4Utils</Filter>
    </ClCompile>
    <ClCompile Include="..\..\..\Libraries\EDItors\Sources\Precomp.cpp" />
    <ClCompile Include="..\..\Shared\MainSharedApp.cpp">
      <Filter>Shared</Filter>
    </ClCompile>
    <ClCompile Include="..\..\Shared\MainSharedSystem.cpp">
      <Filter>Shared</Filter>
    </ClCompile>
    <ClCompile Include="..\..\Shared\ImGuiInterface.cpp">
      <Filter>Shared\ImGui</Filter>
    </ClCompile>
  </ItemGroup>
  <ItemGroup>
    <ClInclude Include="..\Sources\VAVview\VAVlist.h">
      <Filter>VAVview</Filter>
    </ClInclude>
    <ClInclude Include="..\Sources\VAVview\VAVtypes.h">
      <Filter>VAVview</Filter>
    </ClInclude>
    <ClInclude Include="..\Sources\VAVview\VAVview.h">
      <Filter>VAVview</Filter>
    </ClInclude>
    <ClInclude Include="..\Sources\F3Dframe\F3Dframe.h">
      <Filter>F3Dframe</Filter>
    </ClInclude>
    <ClInclude Include="..\Sources\F3Dframe\F3Dstrings.h">
      <Filter>F3Dframe</Filter>
    </ClInclude>
    <ClInclude Include="..\Sources\F3Dframe\F3Dview.h">
      <Filter>F3Dframe</Filter>
    </ClInclude>
    <ClInclude Include="..\Sources\F3Dframe\F3Dview_postit.h">
      <Filter>F3Dframe</Filter>
    </ClInclude>
    <ClInclude Include="..\Sources\F3Dframe\F3Dview_undo.h">
      <Filter>F3Dframe</Filter>
    </ClInclude>
    <ClInclude Include="..\Sources\Res\Res.h">
      <Filter>Res</Filter>
    </ClInclude>
    <ClInclude Include="..\Sources\DIAlogs\BaseTabCtrl.h">
      <Filter>DIAlogs</Filter>
    </ClInclude>
    <ClInclude Include="..\Sources\DIAlogs\BtnST.h">
      <Filter>DIAlogs</Filter>
    </ClInclude>
    <ClInclude Include="..\Sources\DIAlogs\CCheckList.h">
      <Filter>DIAlogs</Filter>
    </ClInclude>
    <ClInclude Include="..\Sources\DIAlogs\DIA_RADIOSTY2.h">
      <Filter>DIAlogs</Filter>
    </ClInclude>
    <ClInclude Include="..\Sources\DIAlogs\DIA_SKN_dlg.h">
      <Filter>DIAlogs</Filter>
    </ClInclude>
    <ClInclude Include="..\Sources\DIAlogs\DIA_SmoothSel_dlg.h">
      <Filter>DIAlogs</Filter>
    </ClInclude>
    <ClInclude Include="..\Sources\DIAlogs\DIA_UPDATE_dlg.h">
      <Filter>DIAlogs</Filter>
    </ClInclude>
    <ClInclude Include="..\Sources\DIAlogs\DIAanim_dlg.h">
      <Filter>DIAlogs</Filter>
    </ClInclude>
    <ClInclude Include="..\Sources\DIAlogs\DIAbackgroundimage_dlg.h">
      <Filter>DIAlogs</Filter>
    </ClInclude>
    <ClInclude Include="..\Sources\DIAlogs\DIAbase.h">
      <Filter>DIAlogs</Filter>
    </ClInclude>
    <ClInclude Include="..\Sources\DIAlogs\DIAbrickmapper_dlg.h">
      <Filter>DIAlogs</Filter>
    </ClInclude>
    <ClInclude Include="..\Sources\DIAlogs\DIAbrofilter_dlg.h">
      <Filter>DIAlogs</Filter>
    </ClInclude>
    <ClInclude Include="..\Sources\DIAlogs\DIAchecklist_dlg.h">
      <Filter>DIAlogs</Filter>
    </ClInclude>
    <ClInclude Include="..\Sources\DIAlogs\DIAcheckworld_dlg.h">
      <Filter>DIAlogs</Filter>
    </ClInclude>
    <ClInclude Include="..\Sources\DIAlogs\DIACOLOR_dlg.h">
      <Filter>DIAlogs</Filter>
    </ClInclude>
    <ClInclude Include="..\Sources\DIAlogs\DIAComboBoxCompletion.h">
      <Filter>DIAlogs</Filter>
    </ClInclude>
    <ClInclude Include="..\Sources\DIAlogs\DIAcompletion_dlg.h">
      <Filter>DIAlogs</Filter>
    </ClInclude>
    <ClInclude Include="..\Sources\DIAlogs\DIAcopymatrixfrom_dlg.h">
      <Filter>DIAlogs</Filter>
    </ClInclude>
    <ClInclude Include="..\Sources\DIAlogs\DIAcreategeometry_dlg.h">
      <Filter>DIAlogs</Filter>
    </ClInclude>
    <ClInclude Include="..\Sources\DIAlogs\DIAcreategeometry_inside.h">
      <Filter>DIAlogs</Filter>
    </ClInclude>
    <ClInclude Include="..\Sources\DIAlogs\DIAcubemapgen_dlg.h">
      <Filter>DIAlogs</Filter>
    </ClInclude>
    <ClInclude Include="..\Sources\DIAlogs\DIAdropgro_dlg.h">
      <Filter>DIAlogs</Filter>
    </ClInclude>
    <ClInclude Include="..\Sources\DIAlogs\DIAfavorites_dlg.h">
      <Filter>DIAlogs</Filter>
    </ClInclude>
    <ClInclude Include="..\Sources\DIAlogs\DIAfile_dlg.h">
      <Filter>DIAlogs</Filter>
    </ClInclude>
    <ClInclude Include="..\Sources\DIAlogs\DIAfindai_dlg.h">
      <Filter>DIAlogs</Filter>
    </ClInclude>
    <ClInclude Include="..\Sources\DIAlogs\DIAfindfile_dlg.h">
      <Filter>DIAlogs</Filter>
    </ClInclude>
    <ClInclude Include="..\Sources\DIAlogs\DIAfontdescriptor_dlg.h">
      <Filter>DIAlogs</Filter>
    </ClInclude>
    <ClInclude Include="..\Sources\DIAlogs\DIAgamematerial_dlg.h">
      <Filter>DIAlogs</Filter>
    </ClInclude>
    <ClInclude Include="..\Sources\DIAlogs\DIAgamematerial_inside.h">
      <Filter>DIAlogs</Filter>
    </ClInclude>
    <ClInclude Include="..\Sources\DIAlogs\DIAgaoinfo_dlg.h">
      <Filter>DIAlogs</Filter>
    </ClInclude>
    <ClInclude Include="..\Sources\DIAlogs\DIAgraphchoose_dlg.h">
      <Filter>DIAlogs</Filter>
    </ClInclude>
    <ClInclude Include="..\Sources\DIAlogs\DIAgrid_dlg.h">
      <Filter>DIAlogs</Filter>
    </ClInclude>
    <ClInclude Include="..\Sources\DIAlogs\DIAgromodifier_dlg.h">
      <Filter>DIAlogs</Filter>
    </ClInclude>
    <ClInclude Include="..\Sources\DIAlogs\DIAgromodifiersnap_dlg.h">
      <Filter>DIAlogs</Filter>
    </ClInclude>
    <ClInclude Include="..\Sources\DIAlogs\DIAgrovertexpos_dlg.h">
      <Filter>DIAlogs</Filter>
    </ClInclude>
    <ClInclude Include="..\Sources\DIAlogs\DIAjoystick_dlg.h">
      <Filter>DIAlogs</Filter>
    </ClInclude>
    <ClInclude Include="..\Sources\DIAlogs\DIAkeyboard_dlg.h">
      <Filter>DIAlogs</Filter>
    </ClInclude>
    <ClInclude Include="..\Sources\DIAlogs\DIAlang_dlg.h">
      <Filter>DIAlogs</Filter>
    </ClInclude>
    <ClInclude Include="..\Sources\DIAlogs\DIALightmaps.h">
      <Filter>DIAlogs</Filter>
    </ClInclude>
    <ClInclude Include="..\Sources\DIAlogs\DIAlightrej_dlg.h">
      <Filter>DIAlogs</Filter>
    </ClInclude>
    <ClInclude Include="..\Sources\DIAlogs\DIAlink_dlg.h">
      <Filter>DIAlogs</Filter>
    </ClInclude>
    <ClInclude Include="..\Sources\DIAlogs\DIAlist2_dlg.h">
      <Filter>DIAlogs</Filter>
    </ClInclude>
    <ClInclude Include="..\Sources\DIAlogs\DIAlist_dlg.h">
      <Filter>DIAlogs</Filter>
    </ClInclude>
    <ClInclude Include="..\Sources\DIAlogs\DIAmatrix_dlg.h">
      <Filter>DIAlogs</Filter>
    </ClInclude>
    <ClInclude Include="..\Sources\DIAlogs\DIAmessage_dlg.h">
      <Filter>DIAlogs</Filter>
    </ClInclude>
    <ClInclude Include="..\Sources\DIAlogs\DIAmixer_dlg.h">
      <Filter>DIAlogs</Filter>
    </ClInclude>
    <ClInclude Include="..\Sources\DIAlogs\DIAmorphedit_dlg.h">
      <Filter>DIAlogs</Filter>
    </ClInclude>
    <ClInclude Include="..\Sources\DIAlogs\DIAmorphing_dlg.h">
      <Filter>DIAlogs</Filter>
    </ClInclude>
    <ClInclude Include="..\Sources\DIAlogs\DIAmorphingsliders_dlg.h">
      <Filter>DIAlogs</Filter>
    </ClInclude>
    <ClInclude Include="..\Sources\DIAlogs\DIAmsglink_dlg.h">
      <Filter>DIAlogs</Filter>
    </ClInclude>
    <ClInclude Include="..\Sources\DIAlogs\DIAmtx_dlg.h">
      <Filter>DIAlogs</Filter>
    </ClInclude>
    <ClInclude Include="..\Sources\DIAlogs\DIAname_dlg.h">
      <Filter>DIAlogs</Filter>
    </ClInclude>
    <ClInclude Include="..\Sources\DIAlogs\DIAorder_dlg.h">
      <Filter>DIAlogs</Filter>
    </ClInclude>
    <ClInclude Include="..\Sources\DIAlogs\DIApalette_dlg.h">
      <Filter>DIAlogs</Filter>
    </ClInclude>
    <ClInclude Include="..\Sources\DIAlogs\DIApostit_dlg.h">
      <Filter>DIAlogs</Filter>
    </ClInclude>
    <ClInclude Include="..\Sources\DIAlogs\DIAradiosity_dlg.h">
      <Filter>DIAlogs</Filter>
    </ClInclude>
    <ClInclude Include="..\Sources\DIAlogs\DIAreplace_dlg.h">
      <Filter>DIAlogs</Filter>
    </ClInclude>
    <ClInclude Include="..\Sources\DIAlogs\DIArli_dlg.h">
      <Filter>DIAlogs</Filter>
    </ClInclude>
    <ClInclude Include="..\Sources\DIAlogs\DIArliadjust_dlg.h">
      <Filter>DIAlogs</Filter>
    </ClInclude>
    <ClInclude Include="..\Sources\DIAlogs\DIArlicarte_dlg.h">
      <Filter>DIAlogs</Filter>
    </ClInclude>
    <ClInclude Include="..\Sources\DIAlogs\DIAsaveaddmatrix_dlg.h">
      <Filter>DIAlogs</Filter>
    </ClInclude>
    <ClInclude Include="..\Sources\DIAlogs\DIAScreenshotSeqBuilder_dlg.h">
      <Filter>DIAlogs</Filter>
    </ClInclude>
    <ClInclude Include="..\Sources\DIAlogs\DIAsecto_dlg.h">
      <Filter>DIAlogs</Filter>
    </ClInclude>
    <ClInclude Include="..\Sources\DIAlogs\DIAselection_dlg.h">
      <Filter>DIAlogs</Filter>
    </ClInclude>
    <ClInclude Include="..\Sources\DIAlogs\DIAsetTextureFilter_dlg.h">
      <Filter>DIAlogs</Filter>
    </ClInclude>
    <ClInclude Include="..\Sources\DIAlogs\DIAshape_dlg.h">
      <Filter>DIAlogs</Filter>
    </ClInclude>
    <ClInclude Include="..\Sources\DIAlogs\DIAsnddisp_dlg.h">
      <Filter>DIAlogs</Filter>
    </ClInclude>
    <ClInclude Include="..\Sources\DIAlogs\DIAsndgroupwatcher_dlg.h">
      <Filter>DIAlogs</Filter>
    </ClInclude>
    <ClInclude Include="..\Sources\DIAlogs\DIAsndinsert_dlg.h">
      <Filter>DIAlogs</Filter>
    </ClInclude>
    <ClInclude Include="..\Sources\DIAlogs\DIAsndinstance_dlg.h">
      <Filter>DIAlogs</Filter>
    </ClInclude>
    <ClInclude Include="..\Sources\DIAlogs\DIAsndtrans_dlg.h">
      <Filter>DIAlogs</Filter>
    </ClInclude>
    <ClInclude Include="..\Sources\DIAlogs\DIAsndvumeter.h">
      <Filter>DIAlogs</Filter>
    </ClInclude>
    <ClInclude Include="..\Sources\DIAlogs\DIAsndvumeterset.h">
      <Filter>DIAlogs</Filter>
    </ClInclude>
    <ClInclude Include="..\Sources\DIAlogs\DIAspeedact_dlg.h">
      <Filter>DIAlogs</Filter>
    </ClInclude>
    <ClInclude Include="..\Sources\DIAlogs\DIAstockofcolor_dlg.h">
      <Filter>DIAlogs</Filter>
    </ClInclude>
    <ClInclude Include="..\Sources\DIAlogs\DIAstrings.h">
      <Filter>DIAlogs</Filter>
    </ClInclude>
    <ClInclude Include="..\Sources\DIAlogs\DIAtextfile_dlg.h">
      <Filter>DIAlogs</Filter>
    </ClInclude>
    <ClInclude Include="..\Sources\DIAlogs\DIAtexture_dlg.h">
      <Filter>DIAlogs</Filter>
    </ClInclude>
    <ClInclude Include="..\Sources\DIAlogs\DIAtimeinterpolation_dlg.h">
      <Filter>DIAlogs</Filter>
    </ClInclude>
    <ClInclude Include="..\Sources\DIAlogs\DIAtoolbox_curveview.h">
      <Filter>DIAlogs</Filter>
    </ClInclude>
    <ClInclude Include="..\Sources\DIAlogs\DIAtoolbox_dlg.h">
      <Filter>DIAlogs</Filter>
    </ClInclude>
    <ClInclude Include="..\Sources\DIAlogs\DIAtoolbox_groview.h">
      <Filter>DIAlogs</Filter>
    </ClInclude>
    <ClInclude Include="..\Sources\DIAlogs\DIAundo_dlg.h">
      <Filter>DIAlogs</Filter>
    </ClInclude>
    <ClInclude Include="..\Sources\DIAlogs\DIAuvmapper_dlg.h">
      <Filter>DIAlogs</Filter>
    </ClInclude>
    <ClInclude Include="..\Sources\DIAlogs\DIAvector_dlg.h">
      <Filter>DIAlogs</Filter>
    </ClInclude>
    <ClInclude Include="..\Sources\DIAlogs\diawindcurve_dlg.h">
      <Filter>DIAlogs</Filter>
    </ClInclude>
    <ClInclude Include="..\Sources\DIAlogs\DIAwpshowstatus_dlg.h">
      <Filter>DIAlogs</Filter>
    </ClInclude>
    <ClInclude Include="..\Sources\DIAlogs\DIAXeMergeFlags.h">
      <Filter>DIAlogs</Filter>
    </ClInclude>
    <ClInclude Include="..\Sources\DIAlogs\EnTabCtrl.h">
      <Filter>DIAlogs</Filter>
    </ClInclude>
    <ClInclude Include="..\Sources\DIAlogs\FlatHeaderCtrl.h">
      <Filter>DIAlogs</Filter>
    </ClInclude>
    <ClInclude Include="..\Sources\DIAlogs\HScrollListBox.h">
      <Filter>DIAlogs</Filter>
    </ClInclude>
    <ClInclude Include="..\Sources\DIAlogs\ListCtrlStyled.h">
      <Filter>DIAlogs</Filter>
    </ClInclude>
    <ClInclude Include="..\Sources\DIAlogs\MemDC.h">
      <Filter>DIAlogs</Filter>
    </ClInclude>
    <ClInclude Include="..\Sources\DIAlogs\NumEdit.h">
      <Filter>DIAlogs</Filter>
    </ClInclude>
    <ClInclude Include="..\Sources\DIAlogs\ProSliderCtrl.h">
      <Filter>DIAlogs</Filter>
    </ClInclude>
    <ClInclude Include="..\Sources\EDIaction.h">
      <Filter>EDI</Filter>
    </ClInclude>
    <ClInclude Include="..\Sources\EDIapp.h">
      <Filter>EDI</Filter>
    </ClInclude>
    <ClInclude Include="..\Sources\EDIapp_options.h">
      <Filter>EDI</Filter>
    </ClInclude>
    <ClInclude Include="..\Sources\EDIbaseframe.h">
      <Filter>EDI</Filter>
    </ClInclude>
    <ClInclude Include="..\Sources\EDIbaseview.h">
      <Filter>EDI</Filter>
    </ClInclude>
    <ClInclude Include="..\Sources\EDIeditors_infos.h">
      <Filter>EDI</Filter>
    </ClInclude>
    <ClInclude Include="..\Sources\EDIerrid.h">
      <Filter>EDI</Filter>
    </ClInclude>
    <ClInclude Include="..\Sources\EDIFileFilters.h">
      <Filter>EDI</Filter>
    </ClInclude>
    <ClInclude Include="..\Sources\EDIicons.h">
      <Filter>EDI</Filter>
    </ClInclude>
    <ClInclude Include="..\Sources\EDImainframe.h">
      <Filter>EDI</Filter>
    </ClInclude>
    <ClInclude Include="..\Sources\EDImainframe_act.h">
      <Filter>EDI</Filter>
    </ClInclude>
    <ClInclude Include="..\Sources\EDImsg.h">
      <Filter>EDI</Filter>
    </ClInclude>
    <ClInclude Include="..\Sources\EDIpaths.h">
      <Filter>EDI</Filter>
    </ClInclude>
    <ClInclude Include="..\Sources\EDIsplitter.h">
      <Filter>EDI</Filter>
    </ClInclude>
    <ClInclude Include="..\Sources\EDIstrings.h">
      <Filter>EDI</Filter>
    </ClInclude>
    <ClInclude Include="..\Sources\EDIundo.h">
      <Filter>EDI</Filter>
    </ClInclude>
    <ClInclude Include="..\Sources\DATaControl\DATCCompression.h">
      <Filter>DATaControl</Filter>
    </ClInclude>
    <ClInclude Include="..\Sources\DATaControl\DATCP4BFObject.h">
      <Filter>DATaControl</Filter>
    </ClInclude>
    <ClInclude Include="..\Sources\DATaControl\DATCP4ClientApi.h">
      <Filter>DATaControl</Filter>
    </ClInclude>
    <ClInclude Include="..\Sources\DATaControl\DATCP4Message.h">
      <Filter>DATaControl</Filter>
    </ClInclude>
    <ClInclude Include="..\..\..\Extern\zlib\crc32.h">
      <Filter>DATaControl\Zlib</Filter>
    </ClInclude>
    <ClInclude Include="..\..\..\Extern\zlib\deflate.h">
      <Filter>DATaControl\Zlib</Filter>
    </ClInclude>
    <ClInclude Include="..\..\..\Extern\zlib\inffast.h">
      <Filter>DATaControl\Zlib</Filter>
    </ClInclude>
    <ClInclude Include="..\..\..\Extern\zlib\inffixed.h">
      <Filter>DATaControl\Zlib</Filter>
    </ClInclude>
    <ClInclude Include="..\..\..\Extern\zlib\inflate.h">
      <Filter>DATaControl\Zlib</Filter>
    </ClInclude>
    <ClInclude Include="..\..\..\Extern\zlib\inftrees.h">
      <Filter>DATaControl\Zlib</Filter>
    </ClInclude>
    <ClInclude Include="..\..\..\Extern\zlib\trees.h">
      <Filter>DATaControl\Zlib</Filter>
    </ClInclude>
    <ClInclude Include="..\..\..\Extern\zlib\zconf.h">
      <Filter>DATaControl\Zlib</Filter>
    </ClInclude>
    <ClInclude Include="..\..\..\Extern\zlib\zconf.in.h">
      <Filter>DATaControl\Zlib</Filter>
    </ClInclude>
    <ClInclude Include="..\..\..\Extern\zlib\zlib.h">
      <Filter>DATaControl\Zlib</Filter>
    </ClInclude>
    <ClInclude Include="..\..\..\Extern\zlib\zutil.h">
      <Filter>DATaControl\Zlib</Filter>
    </ClInclude>
    <ClInclude Include="..\Sources\DATaControl\DATCUtils.h">
      <Filter>DATaControl\P4Utils</Filter>
    </ClInclude>
    <ClInclude Include="..\..\..\Libraries\EDItors\Sources\Precomp.h" />
    <ClInclude Include="..\..\Shared\MainSharedApp.h">
      <Filter>Shared</Filter>
    </ClInclude>
    <ClInclude Include="..\..\Shared\MainSharedSystem.h">
      <Filter>Shared</Filter>
    </ClInclude>
    <ClInclude Include="..\..\Shared\ImGuiInterface.h">
      <Filter>Shared\ImGui</Filter>
    </ClInclude>
    <ClInclude Include="..\..\Shared\Profiler.h">
      <Filter>Shared</Filter>
    </ClInclude>
  </ItemGroup>
  <ItemGroup>
    <Image Include="..\Sources\Res\ALPHA.bmp">
      <Filter>Res</Filter>
    </Image>
    <Image Include="..\Sources\Res\bigfile.ico">
      <Filter>Res</Filter>
    </Image>
    <Image Include="..\Sources\Res\bitmap1.bmp">
      <Filter>Res</Filter>
    </Image>
    <Image Include="..\Sources\Res\bitmap2.bmp">
      <Filter>Res</Filter>
    </Image>
    <Image Include="..\Sources\Res\bitmap6.bmp">
      <Filter>Res</Filter>
    </Image>
    <Image Include="..\Sources\Res\bitmap7.bmp">
      <Filter>Res</Filter>
    </Image>
    <Image Include="..\Sources\Res\bmppropexp.bmp">
      <Filter>Res</Filter>
    </Image>
    <Image Include="..\Sources\Res\cadenasferme.bmp">
      <Filter>Res</Filter>
    </Image>
    <Image Include="..\Sources\Res\cadenasouvert.bmp">
      <Filter>Res</Filter>
    </Image>
    <Image Include="..\Sources\Res\checkoff.bmp">
      <Filter>Res</Filter>
    </Image>
    <Image Include="..\Sources\Res\checkon1.bmp">
      <Filter>Res</Filter>
    </Image>
    <Image Include="..\Sources\Res\COLOR.bmp">
      <Filter>Res</Filter>
    </Image>
    <Image Include="..\Sources\Res\eai_break.ico">
      <Filter>Res</Filter>
    </Image>
    <Image Include="..\Sources\Res\eai_break1.ico">
      <Filter>Res</Filter>
    </Image>
    <Image Include="..\Sources\Res\eai_breakstop.ico">
      <Filter>Res</Filter>
    </Image>
    <Image Include="..\Sources\Res\eai_error.ico">
      <Filter>Res</Filter>
    </Image>
    <Image Include="..\Sources\Res\eai_idi_.ico">
      <Filter>Res</Filter>
    </Image>
    <Image Include="..\Sources\Res\ebro_idr.bmp">
      <Filter>Res</Filter>
    </Image>
    <Image Include="..\Sources\Res\ebro_tb.bmp">
      <Filter>Res</Filter>
    </Image>
    <Image Include="..\Sources\Res\edi_about.bmp">
      <Filter>Res</Filter>
    </Image>
    <Image Include="..\Sources\Res\edi_idr_.bmp">
      <Filter>Res</Filter>
    </Image>
    <Image Include="..\Sources\Res\edi_image.bmp">
      <Filter>Res</Filter>
    </Image>
    <Image Include="..\Sources\Res\edi_image1.bmp">
      <Filter>Res</Filter>
    </Image>
    <Image Include="..\Sources\Res\edi_image2.bmp">
      <Filter>Res</Filter>
    </Image>
    <Image Include="..\Sources\Res\edi_intro.bmp">
      <Filter>Res</Filter>
    </Image>
    <Image Include="..\Sources\Res\edi_tb.bmp">
      <Filter>Res</Filter>
    </Image>
    <Image Include="..\Sources\Res\EDITEX_bumpoff.bmp">
      <Filter>Res</Filter>
    </Image>
    <Image Include="..\Sources\Res\EDITEX_bumpon.bmp">
      <Filter>Res</Filter>
    </Image>
    <Image Include="..\Sources\Res\EDITEX_fontoff.bmp">
      <Filter>Res</Filter>
    </Image>
    <Image Include="..\Sources\Res\EDITEX_fonton.bmp">
      <Filter>Res</Filter>
    </Image>
    <Image Include="..\Sources\Res\EDITEX_interfaceoff.bmp">
      <Filter>Res</Filter>
    </Image>
    <Image Include="..\Sources\Res\EDITEX_interfaceon.bmp">
      <Filter>Res</Filter>
    </Image>
    <Image Include="..\Sources\Res\EDITEX_mipmapalphaoff.bmp">
      <Filter>Res</Filter>
    </Image>
    <Image Include="..\Sources\Res\EDITEX_mipmapalphaon.bmp">
      <Filter>Res</Filter>
    </Image>
    <Image Include="..\Sources\Res\EDITEX_mipmapcoloroff.bmp">
      <Filter>Res</Filter>
    </Image>
    <Image Include="..\Sources\Res\EDITEX_mipmapcoloron.bmp">
      <Filter>Res</Filter>
    </Image>
    <Image Include="..\Sources\Res\EDITEX_mipmapkeepborderoff.bmp">
      <Filter>Res</Filter>
    </Image>
    <Image Include="..\Sources\Res\EDITEX_mipmapkeepborderon.bmp">
      <Filter>Res</Filter>
    </Image>
    <Image Include="..\Sources\Res\EDITEX_mipmapoff.bmp">
      <Filter>Res</Filter>
    </Image>
    <Image Include="..\Sources\Res\EDITEX_MipmapOn.bmp">
      <Filter>Res</Filter>
    </Image>
    <Image Include="..\Sources\Res\EDITEX_updatefonton.bmp">
      <Filter>Res</Filter>
    </Image>
    <Image Include="..\Sources\Res\EDITEX_updatepaloff.bmp">
      <Filter>Res</Filter>
    </Image>
    <Image Include="..\Sources\Res\elog_tb.bmp">
      <Filter>Res</Filter>
    </Image>
    <Image Include="..\Sources\Res\eout_idr.bmp">
      <Filter>Res</Filter>
    </Image>
    <Image Include="..\Sources\Res\epro_idr.bmp">
      <Filter>Res</Filter>
    </Image>
    <Image Include="..\Sources\Res\eson_idr.bmp">
      <Filter>Res</Filter>
    </Image>
    <Image Include="..\Sources\Res\eson_toolbar.bmp">
      <Filter>Res</Filter>
    </Image>
    <Image Include="..\Sources\Res\eve_idi_.ico">
      <Filter>Res</Filter>
    </Image>
    <Image Include="..\Sources\Res\fileadd.bmp">
      <Filter>Res</Filter>
    </Image>
    <Image Include="..\Sources\Res\filechangelist.bmp">
      <Filter>Res</Filter>
    </Image>
    <Image Include="..\Sources\Res\filedelete.bmp">
      <Filter>Res</Filter>
    </Image>
    <Image Include="..\Sources\Res\fileedit.bmp">
      <Filter>Res</Filter>
    </Image>
    <Image Include="..\Sources\Res\goparent.ico">
      <Filter>Res</Filter>
    </Image>
    <Image Include="..\Sources\Res\Gro_ChangeId.bmp">
      <Filter>Res</Filter>
    </Image>
    <Image Include="..\Sources\Res\Gro_FlipNormals.bmp">
      <Filter>Res</Filter>
    </Image>
    <Image Include="..\Sources\Res\ico00001.ico">
      <Filter>Res</Filter>
    </Image>
    <Image Include="..\Sources\Res\ico00002.ico">
      <Filter>Res</Filter>
    </Image>
    <Image Include="..\Sources\Res\ico00003.ico">
      <Filter>Res</Filter>
    </Image>
    <Image Include="..\Sources\Res\ico00004.ico">
      <Filter>Res</Filter>
    </Image>
    <Image Include="..\Sources\Res\ico00005.ico">
      <Filter>Res</Filter>
    </Image>
    <Image Include="..\Sources\Res\ico00006.ico">
      <Filter>Res</Filter>
    </Image>
    <Image Include="..\Sources\Res\ico00007.ico">
      <Filter>Res</Filter>
    </Image>
    <Image Include="..\Sources\Res\icon1.ico">
      <Filter>Res</Filter>
    </Image>
    <Image Include="..\Sources\Res\icon2.ico">
      <Filter>Res</Filter>
    </Image>
    <Image Include="..\Sources\Res\icon3.ico">
      <Filter>Res</Filter>
    </Image>
    <Image Include="..\Sources\Res\icon_bru.ico">
      <Filter>Res</Filter>
    </Image>
    <Image Include="..\Sources\Res\icon_byp.ico">
      <Filter>Res</Filter>
    </Image>
    <Image Include="..\Sources\Res\icon_cur.ico">
      <Filter>Res</Filter>
    </Image>
    <Image Include="..\Sources\Res\icon_fxa.ico">
      <Filter>Res</Filter>
    </Image>
    <Image Include="..\Sources\Res\icon_mut.ico">
      <Filter>Res</Filter>
    </Image>
    <Image Include="..\Sources\Res\icon_sol.ico">
      <Filter>Res</Filter>
    </Image>
    <Image Include="..\Sources\Res\icon_up.ico">
      <Filter>Res</Filter>
    </Image>
    <Image Include="..\Sources\Res\icon_uvmapper_alpha.ico">
      <Filter>Res</Filter>
    </Image>
    <Image Include="..\Sources\Res\icon_uvmapper_gizmobox.ico">
      <Filter>Res</Filter>
    </Image>
    <Image Include="..\Sources\Res\icon_uvmapper_gizmocylindre.ico">
      <Filter>Res</Filter>
    </Image>
    <Image Include="..\Sources\Res\icon_uvmapper_gizmoplanar.ico">
      <Filter>Res</Filter>
    </Image>
    <Image Include="..\Sources\Res\icon_uvmapper_gizmosphere.ico">
      <Filter>Res</Filter>
    </Image>
    <Image Include="..\Sources\Res\icon_uvmapper_grid.ico">
      <Filter>Res</Filter>
    </Image>
    <Image Include="..\Sources\Res\icon_uvmapper_hidesubobject.ico">
      <Filter>Res</Filter>
    </Image>
    <Image Include="..\Sources\Res\icon_uvmapper_lockratio.ico">
      <Filter>Res</Filter>
    </Image>
    <Image Include="..\Sources\Res\icon_uvmapper_showoriginico.ico">
      <Filter>Res</Filter>
    </Image>
    <Image Include="..\Sources\Res\icon_uvmapper_useuvtransform.ico">
      <Filter>Res</Filter>
    </Image>
    <Image Include="..\Sources\Res\icon_uvmapper_zoom.ico">
      <Filter>Res</Filter>
    </Image>
    <Image Include="..\Sources\Res\iconPick.ico">
      <Filter>Res</Filter>
    </Image>
    <Image Include="..\Sources\Res\idimain.ico">
      <Filter>Res</Filter>
    </Image>
    <Image Include="..\Sources\Res\lckmenu.bmp">
      <Filter>Res</Filter>
    </Image>
    <Image Include="..\Sources\Res\LUMIN.bmp">
      <Filter>Res</Filter>
    </Image>
    <Image Include="..\Sources\Res\Morph_delete.bmp">
      <Filter>Res</Filter>
    </Image>
    <Image Include="..\Sources\Res\morph_down.bmp">
      <Filter>Res</Filter>
    </Image>
    <Image Include="..\Sources\Res\morph_first.bmp">
      <Filter>Res</Filter>
    </Image>
    <Image Include="..\Sources\Res\morph_last.bmp">
      <Filter>Res</Filter>
    </Image>
    <Image Include="..\Sources\Res\morph_up.bmp">
      <Filter>Res</Filter>
    </Image>
    <Image Include="..\Sources\Res\P4CheckDELETE.bmp">
      <Filter>Res</Filter>
    </Image>
    <Image Include="..\Sources\Res\p4checkMODIFY.bmp">
      <Filter>Res</Filter>
    </Image>
    <Image Include="..\Sources\Res\P4CheckMOVE.bmp">
      <Filter>Res</Filter>
    </Image>
    <Image Include="..\Sources\Res\P4CheckNEW.bmp">
      <Filter>Res</Filter>
    </Image>
    <Image Include="..\Sources\Res\P4CheckP4NEW.bmp">
      <Filter>Res</Filter>
    </Image>
    <Image Include="..\Sources\Res\p4checkRENAME.bmp">
      <Filter>Res</Filter>
    </Image>
    <Image Include="..\Sources\Res\P4CheckSAME.bmp">
      <Filter>Res</Filter>
    </Image>
    <Image Include="..\Sources\Res\P4CheckSort.bmp">
      <Filter>Res</Filter>
    </Image>
    <Image Include="..\Sources\Res\P4CheckTree.bmp">
      <Filter>Res</Filter>
    </Image>
    <Image Include="..\Sources\Res\Perforce.bmp">
      <Filter>Res</Filter>
    </Image>
    <Image Include="..\Sources\Res\radiooff.bmp">
      <Filter>Res</Filter>
    </Image>
    <Image Include="..\Sources\Res\selection_crossing.bmp">
      <Filter>Res</Filter>
    </Image>
    <Image Include="..\Sources\Res\selection_window.bmp">
      <Filter>Res</Filter>
    </Image>
    <Image Include="..\Sources\Res\unlckmenu.bmp">
      <Filter>Res</Filter>
    </Image>
  </ItemGroup>
  <ItemGroup>
    <None Include="..\Sources\Res\cam.cur">
      <Filter>Res</Filter>
    </None>
    <None Include="..\Sources\Res\campane.cur">
      <Filter>Res</Filter>
    </None>
    <None Include="..\Sources\Res\camtgt.cur">
      <Filter>Res</Filter>
    </None>
    <None Include="..\Sources\Res\camzoom.cur">
      <Filter>Res</Filter>
    </None>
    <None Include="..\Sources\Res\camzoom1.cur">
      <Filter>Res</Filter>
    </None>
    <None Include="..\Sources\Res\cur00001.cur">
      <Filter>Res</Filter>
    </None>
    <None Include="..\Sources\Res\cur00002.cur">
      <Filter>Res</Filter>
    </None>
    <None Include="..\Sources\Res\cur00003.cur">
      <Filter>Res</Filter>
    </None>
    <None Include="..\Sources\Res\cur00004.cur">
      <Filter>Res</Filter>
    </None>
    <None Include="..\Sources\Res\cursor2.cur">
      <Filter>Res</Filter>
    </None>
    <None Include="..\Sources\Res\cursor3.cur">
      <Filter>Res</Filter>
    </None>
    <None Include="..\Sources\Res\cursor4.cur">
      <Filter>Res</Filter>
    </None>
    <None Include="..\Sources\Res\cursor5.cur">
      <Filter>Res</Filter>
    </None>
    <None Include="..\Sources\Res\cursor6.cur">
      <Filter>Res</Filter>
    </None>
    <None Include="..\Sources\Res\cursor7.cur">
      <Filter>Res</Filter>
    </None>
    <None Include="..\Sources\Res\dragcopy.cur">
      <Filter>Res</Filter>
    </None>
    <None Include="..\Sources\Res\dragdel.cur">
      <Filter>Res</Filter>
    </None>
    <None Include="..\Sources\Res\dragmove.cur">
      <Filter>Res</Filter>
    </None>
    <None Include="..\Sources\Res\dragnone.cur">
      <Filter>Res</Filter>
    </None>
    <None Include="..\Sources\Res\dragquest.cur">
      <Filter>Res</Filter>
    </None>
    <None Include="..\Sources\Res\hand.cur">
      <Filter>Res</Filter>
    </None>
    <None Include="..\Sources\Res\main_idc.cur">
      <Filter>Res</Filter>
    </None>
    <None Include="..\Sources\Res\pipe.cur">
      <Filter>Res</Filter>
    </None>
    <None Include="..\Sources\Res\rarrow.cur">
      <Filter>Res</Filter>
    </None>
    <None Include="cpp.hint" />
  </ItemGroup>
  <ItemGroup>
    <ResourceCompile Include="..\Sources\Res\Res.rc">
      <Filter>Res</Filter>
    </ResourceCompile>
  </ItemGroup>
  <ItemGroup>
    <Library Include="..\..\..\Extern\Greta\greta.lib">
      <Filter>DATaControl\Lib</Filter>
    </Library>
  </ItemGroup>
</Project>