<?xml version="1.0" encoding="utf-8"?>
<Project ToolsVersion="4.0" xmlns="http://schemas.microsoft.com/developer/msbuild/2003">
  <ItemGroup>
    <Filter Include="Shaders">
      <UniqueIdentifier>{2baa8899-27cf-44d5-a8d9-a6450e97da53}</UniqueIdentifier>
    </Filter>
    <Filter Include="Shaders\Vertex">
      <UniqueIdentifier>{879ad7c3-32d8-46ed-b7bf-c227a0a3b30f}</UniqueIdentifier>
    </Filter>
    <Filter Include="Shaders\Pixel">
      <UniqueIdentifier>{27e4ce2d-0e66-4614-b5e8-f9a4acc58689}</UniqueIdentifier>
    </Filter>
    <Filter Include="DevHelpers">
      <UniqueIdentifier>{19f4a96e-dd03-4f44-a52f-655c367a9440}</UniqueIdentifier>
    </Filter>
    <Filter Include="AfterEffects">
      <UniqueIdentifier>{24395c96-1379-4185-aa0e-7fa8c1a74d65}</UniqueIdentifier>
    </Filter>
    <Filter Include="TemplatedCallback">
      <UniqueIdentifier>{4695a199-9f23-4f6a-b94e-c36ec8667342}</UniqueIdentifier>
    </Filter>
    <Filter Include="Profiling">
      <UniqueIdentifier>{be2a068e-375f-40b0-b8c0-1b3310e64a7a}</UniqueIdentifier>
    </Filter>
  </ItemGroup>
  <ItemGroup>
    <FxCompile Include="Shaders\ShaderCommon.hlsl">
      <Filter>Shaders</Filter>
    </FxCompile>
    <FxCompile Include="Shaders\VsAfterEffects.hlsl">
      <Filter>Shaders\Vertex</Filter>
    </FxCompile>
    <FxCompile Include="Shaders\VsBlurShadow.hlsl">
      <Filter>Shaders\Vertex</Filter>
    </FxCompile>
    <FxCompile Include="Shaders\VsCommon.hlsl">
      <Filter>Shaders\Vertex</Filter>
    </FxCompile>
    <FxCompile Include="Shaders\VsFur.hlsl">
      <Filter>Shaders\Vertex</Filter>
    </FxCompile>
    <FxCompile Include="Shaders\VsHeatShimmer.hlsl">
      <Filter>Shaders\Vertex</Filter>
    </FxCompile>
    <FxCompile Include="Shaders\VsLighting.hlsl">
      <Filter>Shaders\Vertex</Filter>
    </FxCompile>
    <FxCompile Include="Shaders\VsLightShaft.hlsl">
      <Filter>Shaders\Vertex</Filter>
    </FxCompile>
    <FxCompile Include="Shaders\VsRain.hlsl">
      <Filter>Shaders\Vertex</Filter>
    </FxCompile>
    <FxCompile Include="Shaders\VsReflection.hlsl">
      <Filter>Shaders\Vertex</Filter>
    </FxCompile>
    <FxCompile Include="Shaders\VsShadow.hlsl">
      <Filter>Shaders\Vertex</Filter>
    </FxCompile>
    <FxCompile Include="Shaders\VsShadowQuad.hlsl">
      <Filter>Shaders\Vertex</Filter>
    </FxCompile>
    <FxCompile Include="Shaders\VsSPG22.hlsl">
      <Filter>Shaders\Vertex</Filter>
    </FxCompile>
    <FxCompile Include="Shaders\VsSprite.hlsl">
      <Filter>Shaders\Vertex</Filter>
    </FxCompile>
    <FxCompile Include="Shaders\VsSymmetry.hlsl">
      <Filter>Shaders\Vertex</Filter>
    </FxCompile>
    <FxCompile Include="Shaders\VsWater.hlsl">
      <Filter>Shaders\Vertex</Filter>
    </FxCompile>
    <FxCompile Include="Shaders\VsWYB.hlsl">
      <Filter>Shaders\Vertex</Filter>
    </FxCompile>
    <FxCompile Include="Shaders\PsAfterEffects.hlsl">
      <Filter>Shaders\Pixel</Filter>
    </FxCompile>
    <FxCompile Include="Shaders\PsApplyShadow.hlsl">
      <Filter>Shaders\Pixel</Filter>
    </FxCompile>
    <FxCompile Include="Shaders\PsBlurShadow.hlsl">
      <Filter>Shaders\Pixel</Filter>
    </FxCompile>
    <FxCompile Include="Shaders\PsBlurShadowPC.hlsl">
      <Filter>Shaders\Pixel</Filter>
    </FxCompile>
    <FxCompile Include="Shaders\PsCommon.hlsl">
      <Filter>Shaders\Pixel</Filter>
    </FxCompile>
    <FxCompile Include="Shaders\PsCompositeShadow.hlsl">
      <Filter>Shaders\Pixel</Filter>
    </FxCompile>
    <FxCompile Include="Shaders\PsHeatShimmer.hlsl">
      <Filter>Shaders\Pixel</Filter>
    </FxCompile>
    <FxCompile Include="Shaders\PsLightShaft.hlsl">
      <Filter>Shaders\Pixel</Filter>
    </FxCompile>
    <FxCompile Include="Shaders\PsOcean.hlsl">
      <Filter>Shaders\Pixel</Filter>
    </FxCompile>
    <FxCompile Include="Shaders\PsRain.hlsl">
      <Filter>Shaders\Pixel</Filter>
    </FxCompile>
    <FxCompile Include="Shaders\PsReflection.hlsl">
      <Filter>Shaders\Pixel</Filter>
    </FxCompile>
    <FxCompile Include="Shaders\PsShadow.hlsl">
      <Filter>Shaders\Pixel</Filter>
    </FxCompile>
    <FxCompile Include="Shaders\PsShadowQuad.hlsl">
      <Filter>Shaders\Pixel</Filter>
    </FxCompile>
    <FxCompile Include="Shaders\PsSPG2.hlsl">
      <Filter>Shaders\Pixel</Filter>
    </FxCompile>
    <FxCompile Include="Shaders\PsSprite.hlsl">
      <Filter>Shaders\Pixel</Filter>
    </FxCompile>
    <FxCompile Include="Shaders\PsWater.hlsl">
      <Filter>Shaders\Pixel</Filter>
    </FxCompile>
  </ItemGroup>
  <ItemGroup>
    <ClInclude Include="DevHelpers\XeBench.h">
      <Filter>DevHelpers</Filter>
    </ClInclude>
    <ClInclude Include="DevHelpers\XePerf.h">
      <Filter>DevHelpers</Filter>
    </ClInclude>
    <ClInclude Include="XeAfterEffectManager.h">
      <Filter>AfterEffects</Filter>
    </ClInclude>
    <ClInclude Include="XeBigBlurEffect.h">
      <Filter>AfterEffects</Filter>
    </ClInclude>
    <ClInclude Include="XeBKQuadAE.h">
      <Filter>AfterEffects</Filter>
    </ClInclude>
    <ClInclude Include="XeBlackWhiteEffect.h">
      <Filter>AfterEffects</Filter>
    </ClInclude>
    <ClInclude Include="XeBorderBrightness.h">
      <Filter>AfterEffects</Filter>
    </ClInclude>
    <ClInclude Include="XeBrightnessContrastEffect.h">
      <Filter>AfterEffects</Filter>
    </ClInclude>
    <ClInclude Include="XeColorBalanceEffect.h">
      <Filter>AfterEffects</Filter>
    </ClInclude>
    <ClInclude Include="XeColorCorrectionEffect.h">
      <Filter>AfterEffects</Filter>
    </ClInclude>
    <ClInclude Include="XeColorDiffusion.h">
      <Filter>AfterEffects</Filter>
    </ClInclude>
    <ClInclude Include="XeFogEffect.h">
      <Filter>AfterEffects</Filter>
    </ClInclude>
    <ClInclude Include="XeGodRayEffect.h">
      <Filter>AfterEffects</Filter>
    </ClInclude>
    <ClInclude Include="XeLightningAE.h">
      <Filter>AfterEffects</Filter>
    </ClInclude>
    <ClInclude Include="XeMotionBlurEffect.h">
      <Filter>AfterEffects</Filter>
    </ClInclude>
    <ClInclude Include="XeOldMovieEffect.h">
      <Filter>AfterEffects</Filter>
    </ClInclude>
    <ClInclude Include="XeRemananceEffect.h">
      <Filter>AfterEffects</Filter>
    </ClInclude>
    <ClInclude Include="XeSafeFrameEffect.h">
      <Filter>AfterEffects</Filter>
    </ClInclude>
    <ClInclude Include="XeSpinSmoothEffect.h">
      <Filter>AfterEffects</Filter>
    </ClInclude>
    <ClInclude Include="XeWideScreenEffect.h">
      <Filter>AfterEffects</Filter>
    </ClInclude>
    <ClInclude Include="XeXInvertEffect.h">
      <Filter>AfterEffects</Filter>
    </ClInclude>
    <ClInclude Include="XeZoomSmoothCenterEffect.h">
      <Filter>AfterEffects</Filter>
    </ClInclude>
    <ClInclude Include="TemplatedCallback\CallBack.h">
      <Filter>TemplatedCallback</Filter>
    </ClInclude>
    <ClInclude Include="TemplatedCallback\SingularCallBack.h">
      <Filter>TemplatedCallback</Filter>
    </ClInclude>
    <ClInclude Include="XeProfiling.h">
      <Filter>Profiling</Filter>
    </ClInclude>
  </ItemGroup>
  <ItemGroup>
    <ClCompile Include="DevHelpers\XeMenu.c">
      <Filter>DevHelpers</Filter>
    </ClCompile>
    <ClCompile Include="DevHelpers\XePerf.cpp">
      <Filter>DevHelpers</Filter>
    </ClCompile>
    <ClCompile Include="DevHelpers\XeRasters.c">
      <Filter>DevHelpers</Filter>
    </ClCompile>
    <ClCompile Include="XeAfterEffectManager.cpp">
      <Filter>AfterEffects</Filter>
    </ClCompile>
    <ClCompile Include="XeBigBlurEffect.cpp">
      <Filter>AfterEffects</Filter>
    </ClCompile>
    <ClCompile Include="XeBKQuadAE.cpp">
      <Filter>AfterEffects</Filter>
    </ClCompile>
    <ClCompile Include="XeBlackWhiteEffect.cpp">
      <Filter>AfterEffects</Filter>
    </ClCompile>
    <ClCompile Include="XeBorderBrightness.cpp">
      <Filter>AfterEffects</Filter>
    </ClCompile>
    <ClCompile Include="XeBrightnessContrastEffect.cpp">
      <Filter>AfterEffects</Filter>
    </ClCompile>
    <ClCompile Include="XeColorBalanceEffect.cpp">
      <Filter>AfterEffects</Filter>
    </ClCompile>
    <ClCompile Include="XeColorCorrectionEffect.cpp">
      <Filter>AfterEffects</Filter>
    </ClCompile>
    <ClCompile Include="XeColorDiffusion.cpp">
      <Filter>AfterEffects</Filter>
    </ClCompile>
    <ClCompile Include="XeFogEffect.cpp">
      <Filter>AfterEffects</Filter>
    </ClCompile>
    <ClCompile Include="XeGodRayEffect.cpp">
      <Filter>AfterEffects</Filter>
    </ClCompile>
    <ClCompile Include="XeLightningAE.cpp">
      <Filter>AfterEffects</Filter>
    </ClCompile>
    <ClCompile Include="XeMotionBlurEffect.cpp">
      <Filter>AfterEffects</Filter>
    </ClCompile>
    <ClCompile Include="XeOldMovieEffect.cpp">
      <Filter>AfterEffects</Filter>
    </ClCompile>
    <ClCompile Include="XeRemananceEffect.cpp">
      <Filter>AfterEffects</Filter>
    </ClCompile>
    <ClCompile Include="XeSafeFrameEffect.cpp">
      <Filter>AfterEffects</Filter>
    </ClCompile>
    <ClCompile Include="XeSpinSmoothEffect.cpp">
      <Filter>AfterEffects</Filter>
    </ClCompile>
    <ClCompile Include="XeWideScreenEffect.cpp">
      <Filter>AfterEffects</Filter>
    </ClCompile>
    <ClCompile Include="XeXInvertEffect.cpp">
      <Filter>AfterEffects</Filter>
    </ClCompile>
    <ClCompile Include="XeZoomSmoothCenterEffect.cpp">
      <Filter>AfterEffects</Filter>
    </ClCompile>
    <ClCompile Include="XeProfiling.cpp">
      <Filter>Profiling</Filter>
    </ClCompile>
    <ClCompile Include="Precomp.cpp" />
    <ClCompile Include="XeBufferMgr.cpp" />
    <ClCompile Include="XeContextManager.cpp" />
    <ClCompile Include="XeDynVertexBuffer.cpp" />
    <ClCompile Include="XeFurManager.cpp" />
    <ClCompile Include="XeFXManager.cpp" />
    <ClCompile Include="XeGDInterface.cpp" />
    <ClCompile Include="XeHeatManager.cpp" />
    <ClCompile Include="XeIndexBuffer.cpp" />
    <ClCompile Include="XeLightShaftManager.cpp" />
    <ClCompile Include="XeMaterial.cpp" />
    <ClCompile Include="XeMesh.cpp" />
    <ClCompile Include="XePixelShaderManager.cpp" />
    <ClCompile Include="XeRenderer.cpp" />
    <ClCompile Include="XeRenderObject.cpp" />
    <ClCompile Include="XeRenderStateManager.cpp" />
    <ClCompile Include="XeRenderTargetManager.cpp" />
    <ClCompile Include="XeScreenshotSeqBuilder.cpp" />
    <ClCompile Include="XeShaderDatabase.cpp" />
    <ClCompile Include="XeShadowManager.cpp" />
    <ClCompile Include="XeSimpleRenderer.cpp" />
    <ClCompile Include="XeTextureManager.cpp" />
    <ClCompile Include="XeTrigger.cpp" />
    <ClCompile Include="XeUtils.cpp" />
    <ClCompile Include="XeVertexBuffer.cpp" />
    <ClCompile Include="XeVertexShaderManager.cpp" />
    <ClCompile Include="xeVideoConsole.cpp" />
    <ClCompile Include="XeWaterManager.cpp" />
    <ClCompile Include="XeWeatherManager.cpp" />
  </ItemGroup>
  <ItemGroup>
    <CustomBuild Include="Shaders\VsGeneric.hlsl">
      <Filter>Shaders\Vertex</Filter>
    </CustomBuild>
    <CustomBuild Include="Shaders\PsFur.hlsl">
      <Filter>Shaders\Pixel</Filter>
    </CustomBuild>
    <CustomBuild Include="Shaders\PsGeneric.hlsl">
      <Filter>Shaders\Pixel</Filter>
    </CustomBuild>
    <CustomBuild Include="PostBuild.Makefile" />
    <CustomBuild Include="Precomp.h" />
    <CustomBuild Include="XeBufferMgr.h" />
    <CustomBuild Include="XeContextManager.h" />
    <CustomBuild Include="XeDynVertexBuffer.h" />
    <CustomBuild Include="XeFurManager.h" />
    <CustomBuild Include="XeFXManager.h" />
    <CustomBuild Include="XeGDInterface.h" />
    <CustomBuild Include="XeHeatManager.h" />
    <CustomBuild Include="XeIndexBuffer.h" />
    <CustomBuild Include="XeLightShaftManager.h" />
    <CustomBuild Include="XeMaterial.h" />
    <CustomBuild Include="XeMaterial.inl" />
    <CustomBuild Include="XeMesh.h" />
    <CustomBuild Include="XePixelShaderManager.h" />
    <CustomBuild Include="XeRenderer.h" />
    <CustomBuild Include="XeRenderObject.h" />
    <CustomBuild Include="XeRenderStateManager.h" />
    <CustomBuild Include="XeRenderTargetManager.h" />
    <CustomBuild Include="XeScreenshotSeqBuilder.h" />
    <CustomBuild Include="XeShader.h" />
    <CustomBuild Include="XeShaderDatabase.h" />
    <CustomBuild Include="XeShadowManager.h" />
    <CustomBuild Include="XeSharedDefines.h" />
    <CustomBuild Include="XeSimpleRenderer.h" />
    <CustomBuild Include="XeTextureManager.h" />
    <CustomBuild Include="XeTrigger.h" />
    <CustomBuild Include="XeUtils.h" />
    <CustomBuild Include="XeVertexBuffer.h" />
    <CustomBuild Include="XeVertexShaderManager.h" />
    <CustomBuild Include="xeVideoConsole.h" />
    <CustomBuild Include="XeWaterManager.h" />
    <CustomBuild Include="XeWeatherManager.h" />
  </ItemGroup>
</Project>