<?xml version="1.0" encoding="utf-8"?>
<Project ToolsVersion="4.0" xmlns="http://schemas.microsoft.com/developer/msbuild/2003">
  <ItemGroup>
    <Filter Include="Source Files">
      <UniqueIdentifier>{4FC737F1-C7A5-4376-A066-2A32D752A2FF}</UniqueIdentifier>
      <Extensions>cpp;c;cxx;def;odl;idl;hpj;bat;asm;asmx</Extensions>
    </Filter>
    <Filter Include="Source Files\PS2-ADPCM">
      <UniqueIdentifier>{c20215e4-1ddd-470c-8abd-72912a690462}</UniqueIdentifier>
    </Filter>
    <Filter Include="Source Files\GC-ADPCM">
      <UniqueIdentifier>{4a950fa0-5a18-4eb2-b11a-805fcbcc9d29}</UniqueIdentifier>
    </Filter>
    <Filter Include="Source Files\Xbox-ADPCM">
      <UniqueIdentifier>{eba54b5a-5f67-4264-a8ce-c2593e7c9f95}</UniqueIdentifier>
    </Filter>
    <Filter Include="Source Files\MS-ADPCM">
      <UniqueIdentifier>{60ad497b-c573-436a-af71-4c964526c2ef}</UniqueIdentifier>
    </Filter>
    <Filter Include="Source Files\MainAppli">
      <UniqueIdentifier>{4f6ef9ca-53c9-4dd2-83f3-b97ec242be4d}</UniqueIdentifier>
    </Filter>
    <Filter Include="Source Files\Wave">
      <UniqueIdentifier>{2ab6c34c-955b-453d-949b-d54b79a59511}</UniqueIdentifier>
    </Filter>
    <Filter Include="Source Files\Precomp">
      <UniqueIdentifier>{f1898d1d-eab0-41e4-8cae-ab1381a23fb8}</UniqueIdentifier>
    </Filter>
    <Filter Include="Source Files\BASe">
      <UniqueIdentifier>{4edd09db-1e29-4cc1-bbaf-51797a6bddfd}</UniqueIdentifier>
    </Filter>
    <Filter Include="Resource Files">
      <UniqueIdentifier>{67DA6AB6-F800-4c08-8B7A-83BB121AAD01}</UniqueIdentifier>
      <Extensions>rc;ico;cur;bmp;dlg;rc2;rct;bin;rgs;gif;jpg;jpeg;jpe;resx</Extensions>
    </Filter>
  </ItemGroup>
  <ItemGroup>
    <ClCompile Include="..\..\Sources\ps2adpcm.cpp">
      <Filter>Source Files\PS2-ADPCM</Filter>
    </ClCompile>
    <ClCompile Include="..\..\Sources\gcadpcm.cpp">
      <Filter>Source Files\GC-ADPCM</Filter>
    </ClCompile>
    <ClCompile Include="..\..\Sources\imaadpcm.cpp">
      <Filter>Source Files\Xbox-ADPCM</Filter>
    </ClCompile>
    <ClCompile Include="..\..\Sources\MSADPCM.cpp">
      <Filter>Source Files\MS-ADPCM</Filter>
    </ClCompile>
    <ClCompile Include="..\..\Sources\driver.cpp">
      <Filter>Source Files\MainAppli</Filter>
    </ClCompile>
    <ClCompile Include="..\..\Sources\main.cpp">
      <Filter>Source Files\MainAppli</Filter>
    </ClCompile>
    <ClCompile Include="SoundConvert.cpp">
      <Filter>Source Files\MainAppli</Filter>
    </ClCompile>
    <ClCompile Include="..\..\Sources\CWaveFile.cpp">
      <Filter>Source Files\Wave</Filter>
    </ClCompile>
    <ClCompile Include="..\..\Sources\wavparse.cpp">
      <Filter>Source Files\Wave</Filter>
    </ClCompile>
    <ClCompile Include="..\..\Sources\stdafx.cpp">
      <Filter>Source Files\Precomp</Filter>
    </ClCompile>
    <ClCompile Include="..\..\Sources\BASarray.cpp">
      <Filter>Source Files\BASe</Filter>
    </ClCompile>
  </ItemGroup>
  <ItemGroup>
    <ClInclude Include="..\..\Sources\ps2adpcm.h">
      <Filter>Source Files\PS2-ADPCM</Filter>
    </ClInclude>
    <ClInclude Include="..\..\Sources\gcadpcm.h">
      <Filter>Source Files\GC-ADPCM</Filter>
    </ClInclude>
    <ClInclude Include="..\..\Sources\imaadpcm.h">
      <Filter>Source Files\Xbox-ADPCM</Filter>
    </ClInclude>
    <ClInclude Include="..\..\Sources\MSADPCM.h">
      <Filter>Source Files\MS-ADPCM</Filter>
    </ClInclude>
    <ClInclude Include="..\..\Sources\driver.h">
      <Filter>Source Files\MainAppli</Filter>
    </ClInclude>
    <ClInclude Include="..\..\Sources\main.h">
      <Filter>Source Files\MainAppli</Filter>
    </ClInclude>
    <ClInclude Include="SoundConvert.h">
      <Filter>Source Files\MainAppli</Filter>
    </ClInclude>
    <ClInclude Include="..\..\Sources\CWaveFile.h">
      <Filter>Source Files\Wave</Filter>
    </ClInclude>
    <ClInclude Include="..\..\Sources\wavparse.h">
      <Filter>Source Files\Wave</Filter>
    </ClInclude>
    <ClInclude Include="..\..\Sources\stdafx.h">
      <Filter>Source Files\Precomp</Filter>
    </ClInclude>
    <ClInclude Include="..\..\Sources\BASarray.h">
      <Filter>Source Files\BASe</Filter>
    </ClInclude>
    <ClInclude Include="Resource.h">
      <Filter>Resource Files</Filter>
    </ClInclude>
  </ItemGroup>
  <ItemGroup>
    <ResourceCompile Include="SoundConvert.rc">
      <Filter>Resource Files</Filter>
    </ResourceCompile>
  </ItemGroup>
</Project>