Microsoft Visual Studio Solution File, Format Version 7.00
Project("{8BC9CEB8-8B4A-11D0-8D11-00A0C91BC942}") = "MAD_LoadSave", "MAD_loadSave\Make\MAD_LoadSave.vcproj", "{B59AEC4A-1D77-48FB-A9E2-00A644D98EDB}"
EndProject
Project("{8BC9CEB8-8B4A-11D0-8D11-00A0C91BC942}") = "MAD_Rasterize", "MAD_rasterize\Make\MAD_Rasterize.vcproj", "{D942FAB6-3F58-4920-8DDA-EAF31AE2B63D}"
EndProject
Project("{8BC9CEB8-8B4A-11D0-8D11-00A0C91BC942}") = "Mad_Mem", "MAD_mem\Make\Mad_Mem.vcproj", "{B2D0A964-09BF-4141-9EB1-2C7134466806}"
EndProject
Project("{8BC9CEB8-8B4A-11D0-8D11-00A0C91BC942}") = "MAD_export", "MAD_export\Make\MAD_export.vcproj", "{0DBCFBC3-4391-489E-9A12-A85B5B52BA6D}"
EndProject
Project("{8BC9CEB8-8B4A-11D0-8D11-00A0C91BC942}") = "MAD_import", "MAD_import\Make\MAD_import.vcproj", "{987843A9-1075-40A6-B680-E1B6D9693F8A}"
EndProject
Project("{8BC9CEB8-8B4A-11D0-8D11-00A0C91BC942}") = "mad_util", "MAD_util\Make\mad_util.vcproj", "{EE40486E-0EDF-4F73-95A2-18141711A146}"
EndProject
Global
	GlobalSection(SolutionConfiguration) = preSolution
		ConfigName.0 = Debug
		ConfigName.1 = MAX25
		ConfigName.2 = MAX3
		ConfigName.3 = MAX5
		ConfigName.4 = Release
	EndGlobalSection
	GlobalSection(ProjectDependencies) = postSolution
		{B59AEC4A-1D77-48FB-A9E2-00A644D98EDB}.0 = {B2D0A964-09BF-4141-9EB1-2C7134466806}
		{0DBCFBC3-4391-489E-9A12-A85B5B52BA6D}.0 = {B59AEC4A-1D77-48FB-A9E2-00A644D98EDB}
		{0DBCFBC3-4391-489E-9A12-A85B5B52BA6D}.1 = {B2D0A964-09BF-4141-9EB1-2C7134466806}
		{987843A9-1075-40A6-B680-E1B6D9693F8A}.0 = {B59AEC4A-1D77-48FB-A9E2-00A644D98EDB}
		{987843A9-1075-40A6-B680-E1B6D9693F8A}.1 = {B2D0A964-09BF-4141-9EB1-2C7134466806}
		{EE40486E-0EDF-4F73-95A2-18141711A146}.0 = {B2D0A964-09BF-4141-9EB1-2C7134466806}
		{EE40486E-0EDF-4F73-95A2-18141711A146}.1 = {B59AEC4A-1D77-48FB-A9E2-00A644D98EDB}
	EndGlobalSection
	GlobalSection(ProjectConfiguration) = postSolution
		{B59AEC4A-1D77-48FB-A9E2-00A644D98EDB}.Debug.ActiveCfg = Debug|Win32
		{B59AEC4A-1D77-48FB-A9E2-00A644D98EDB}.Debug.Build.0 = Debug|Win32
		{B59AEC4A-1D77-48FB-A9E2-00A644D98EDB}.MAX25.ActiveCfg = Debug|Win32
		{B59AEC4A-1D77-48FB-A9E2-00A644D98EDB}.MAX25.Build.0 = Debug|Win32
		{B59AEC4A-1D77-48FB-A9E2-00A644D98EDB}.MAX3.ActiveCfg = Debug|Win32
		{B59AEC4A-1D77-48FB-A9E2-00A644D98EDB}.MAX3.Build.0 = Debug|Win32
		{B59AEC4A-1D77-48FB-A9E2-00A644D98EDB}.MAX5.ActiveCfg = Debug|Win32
		{B59AEC4A-1D77-48FB-A9E2-00A644D98EDB}.MAX5.Build.0 = Debug|Win32
		{B59AEC4A-1D77-48FB-A9E2-00A644D98EDB}.Release.ActiveCfg = Release|Win32
		{B59AEC4A-1D77-48FB-A9E2-00A644D98EDB}.Release.Build.0 = Release|Win32
		{D942FAB6-3F58-4920-8DDA-EAF31AE2B63D}.Debug.ActiveCfg = Debug|Win32
		{D942FAB6-3F58-4920-8DDA-EAF31AE2B63D}.Debug.Build.0 = Debug|Win32
		{D942FAB6-3F58-4920-8DDA-EAF31AE2B63D}.MAX25.ActiveCfg = Debug|Win32
		{D942FAB6-3F58-4920-8DDA-EAF31AE2B63D}.MAX25.Build.0 = Debug|Win32
		{D942FAB6-3F58-4920-8DDA-EAF31AE2B63D}.MAX3.ActiveCfg = Debug|Win32
		{D942FAB6-3F58-4920-8DDA-EAF31AE2B63D}.MAX3.Build.0 = Debug|Win32
		{D942FAB6-3F58-4920-8DDA-EAF31AE2B63D}.MAX5.ActiveCfg = Debug|Win32
		{D942FAB6-3F58-4920-8DDA-EAF31AE2B63D}.MAX5.Build.0 = Debug|Win32
		{D942FAB6-3F58-4920-8DDA-EAF31AE2B63D}.Release.ActiveCfg = Release|Win32
		{D942FAB6-3F58-4920-8DDA-EAF31AE2B63D}.Release.Build.0 = Release|Win32
		{B2D0A964-09BF-4141-9EB1-2C7134466806}.Debug.ActiveCfg = Debug|Win32
		{B2D0A964-09BF-4141-9EB1-2C7134466806}.Debug.Build.0 = Debug|Win32
		{B2D0A964-09BF-4141-9EB1-2C7134466806}.MAX25.ActiveCfg = Debug|Win32
		{B2D0A964-09BF-4141-9EB1-2C7134466806}.MAX25.Build.0 = Debug|Win32
		{B2D0A964-09BF-4141-9EB1-2C7134466806}.MAX3.ActiveCfg = Debug|Win32
		{B2D0A964-09BF-4141-9EB1-2C7134466806}.MAX3.Build.0 = Debug|Win32
		{B2D0A964-09BF-4141-9EB1-2C7134466806}.MAX5.ActiveCfg = Debug|Win32
		{B2D0A964-09BF-4141-9EB1-2C7134466806}.MAX5.Build.0 = Debug|Win32
		{B2D0A964-09BF-4141-9EB1-2C7134466806}.Release.ActiveCfg = Release|Win32
		{B2D0A964-09BF-4141-9EB1-2C7134466806}.Release.Build.0 = Release|Win32
		{0DBCFBC3-4391-489E-9A12-A85B5B52BA6D}.Debug.ActiveCfg = MAX3|Win32
		{0DBCFBC3-4391-489E-9A12-A85B5B52BA6D}.Debug.Build.0 = MAX3|Win32
		{0DBCFBC3-4391-489E-9A12-A85B5B52BA6D}.MAX25.ActiveCfg = MAX25|Win32
		{0DBCFBC3-4391-489E-9A12-A85B5B52BA6D}.MAX25.Build.0 = MAX25|Win32
		{0DBCFBC3-4391-489E-9A12-A85B5B52BA6D}.MAX3.ActiveCfg = MAX3|Win32
		{0DBCFBC3-4391-489E-9A12-A85B5B52BA6D}.MAX3.Build.0 = MAX3|Win32
		{0DBCFBC3-4391-489E-9A12-A85B5B52BA6D}.MAX5.ActiveCfg = MAX5|Win32
		{0DBCFBC3-4391-489E-9A12-A85B5B52BA6D}.MAX5.Build.0 = MAX5|Win32
		{0DBCFBC3-4391-489E-9A12-A85B5B52BA6D}.Release.ActiveCfg = MAX3|Win32
		{0DBCFBC3-4391-489E-9A12-A85B5B52BA6D}.Release.Build.0 = MAX3|Win32
		{987843A9-1075-40A6-B680-E1B6D9693F8A}.Debug.ActiveCfg = MAX3|Win32
		{987843A9-1075-40A6-B680-E1B6D9693F8A}.Debug.Build.0 = MAX3|Win32
		{987843A9-1075-40A6-B680-E1B6D9693F8A}.MAX25.ActiveCfg = MAX25|Win32
		{987843A9-1075-40A6-B680-E1B6D9693F8A}.MAX25.Build.0 = MAX25|Win32
		{987843A9-1075-40A6-B680-E1B6D9693F8A}.MAX3.ActiveCfg = MAX3|Win32
		{987843A9-1075-40A6-B680-E1B6D9693F8A}.MAX3.Build.0 = MAX3|Win32
		{987843A9-1075-40A6-B680-E1B6D9693F8A}.MAX5.ActiveCfg = MAX5|Win32
		{987843A9-1075-40A6-B680-E1B6D9693F8A}.MAX5.Build.0 = MAX5|Win32
		{987843A9-1075-40A6-B680-E1B6D9693F8A}.Release.ActiveCfg = MAX3|Win32
		{987843A9-1075-40A6-B680-E1B6D9693F8A}.Release.Build.0 = MAX3|Win32
		{EE40486E-0EDF-4F73-95A2-18141711A146}.Debug.ActiveCfg = MAX3|Win32
		{EE40486E-0EDF-4F73-95A2-18141711A146}.Debug.Build.0 = MAX3|Win32
		{EE40486E-0EDF-4F73-95A2-18141711A146}.MAX25.ActiveCfg = MAX25|Win32
		{EE40486E-0EDF-4F73-95A2-18141711A146}.MAX25.Build.0 = MAX25|Win32
		{EE40486E-0EDF-4F73-95A2-18141711A146}.MAX3.ActiveCfg = MAX3|Win32
		{EE40486E-0EDF-4F73-95A2-18141711A146}.MAX3.Build.0 = MAX3|Win32
		{EE40486E-0EDF-4F73-95A2-18141711A146}.MAX5.ActiveCfg = MAX5|Win32
		{EE40486E-0EDF-4F73-95A2-18141711A146}.MAX5.Build.0 = MAX5|Win32
		{EE40486E-0EDF-4F73-95A2-18141711A146}.Release.ActiveCfg = MAX3|Win32
		{EE40486E-0EDF-4F73-95A2-18141711A146}.Release.Build.0 = MAX3|Win32
	EndGlobalSection
	GlobalSection(ExtensibilityGlobals) = postSolution
	EndGlobalSection
	GlobalSection(ExtensibilityAddIns) = postSolution
	EndGlobalSection
EndGlobal
