Microsoft Visual Studio Solution File, Format Version 8.00
Project("{FAE04EC0-301F-11D3-BF4B-00C04F79EFBC}") = "Binarisation", "Binarisation\Binarisation.csproj", "{4892E7DA-C3C9-4C4E-8CC7-988A8FAAB842}"
	ProjectSection(ProjectDependencies) = postProject
	EndProjectSection
EndProject
Global
	GlobalSection(SolutionConfiguration) = preSolution
		Debug = Debug
		Release = Release
	EndGlobalSection
	GlobalSection(ProjectConfiguration) = postSolution
		{4892E7DA-C3C9-4C4E-8CC7-988A8FAAB842}.Debug.ActiveCfg = Debug|.NET
		{4892E7DA-C3C9-4C4E-8CC7-988A8FAAB842}.Debug.Build.0 = Debug|.NET
		{4892E7DA-C3C9-4C4E-8CC7-988A8FAAB842}.Release.ActiveCfg = Release|.NET
		{4892E7DA-C3C9-4C4E-8CC7-988A8FAAB842}.Release.Build.0 = Release|.NET
	EndGlobalSection
	GlobalSection(SolutionItems) = postSolution
		CreateSplitBinBF.pl = CreateSplitBinBF.pl
	EndGlobalSection
	GlobalSection(ExtensibilityGlobals) = postSolution
	EndGlobalSection
	GlobalSection(ExtensibilityAddIns) = postSolution
	EndGlobalSection
EndGlobal
