Microsoft Visual Studio Solution File, Format Version 8.00
Project("{8BC9CEB8-8B4A-11D0-8D11-00A0C91BC942}") = "MAD_import", "MAD_import\Make\MAD_import.vcproj", "{987843A9-1075-40A6-B680-E1B6D9693F8A}"
	ProjectSection(ProjectDependencies) = postProject
		{AA9C8605-B6AF-46BC-A87F-E1B5CC78D689} = {AA9C8605-B6AF-46BC-A87F-E1B5CC78D689}
		{D31B944D-F082-4581-8BC0-C7246021387F} = {D31B944D-F082-4581-8BC0-C7246021387F}
		{987843A9-1075-40A6-B680-E1B6D9693F8A} = {987843A9-1075-40A6-B680-E1B6D9693F8A}
		{394417FE-A42D-485C-829D-4ABEC734F6CA} = {394417FE-A42D-485C-829D-4ABEC734F6CA}
	EndProjectSection
EndProject
Project("{8BC9CEB8-8B4A-11D0-8D11-00A0C91BC942}") = "MAD_LoadSave", "MAD_loadSave\Make\MAD_LoadSave.vcproj", "{394417FE-A42D-485C-829D-4ABEC734F6CA}"
	ProjectSection(ProjectDependencies) = postProject
		{D31B944D-F082-4581-8BC0-C7246021387F} = {D31B944D-F082-4581-8BC0-C7246021387F}
	EndProjectSection
EndProject
Project("{8BC9CEB8-8B4A-11D0-8D11-00A0C91BC942}") = "mad_util", "MAD_util\Make\mad_util.vcproj", "{EE40486E-0EDF-4F73-95A2-18141711A146}"
	ProjectSection(ProjectDependencies) = postProject
		{AA9C8605-B6AF-46BC-A87F-E1B5CC78D689} = {AA9C8605-B6AF-46BC-A87F-E1B5CC78D689}
		{D31B944D-F082-4581-8BC0-C7246021387F} = {D31B944D-F082-4581-8BC0-C7246021387F}
		{394417FE-A42D-485C-829D-4ABEC734F6CA} = {394417FE-A42D-485C-829D-4ABEC734F6CA}
	EndProjectSection
EndProject
Project("{8BC9CEB8-8B4A-11D0-8D11-00A0C91BC942}") = "Mad_Mem", "MAD_mem\Make\Mad_Mem.vcproj", "{D31B944D-F082-4581-8BC0-C7246021387F}"
	ProjectSection(ProjectDependencies) = postProject
	EndProjectSection
EndProject
Project("{8BC9CEB8-8B4A-11D0-8D11-00A0C91BC942}") = "JadeAnimImporters", "JadeAnimImporters\JadeAnimImporters.vcproj", "{5AD8E08A-CAD5-44C4-994B-25A16776AA6D}"
	ProjectSection(ProjectDependencies) = postProject
		{D31B944D-F082-4581-8BC0-C7246021387F} = {D31B944D-F082-4581-8BC0-C7246021387F}
		{987843A9-1075-40A6-B680-E1B6D9693F8A} = {987843A9-1075-40A6-B680-E1B6D9693F8A}
		{394417FE-A42D-485C-829D-4ABEC734F6CA} = {394417FE-A42D-485C-829D-4ABEC734F6CA}
	EndProjectSection
EndProject
Project("{8BC9CEB8-8B4A-11D0-8D11-00A0C91BC942}") = "MAD_export", "X:\Dlls\MAD_export\Make\MAD_export.vcproj", "{0DBCFBC3-4391-489E-9A12-A85B5B52BA6D}"
	ProjectSection(ProjectDependencies) = postProject
		{AA9C8605-B6AF-46BC-A87F-E1B5CC78D689} = {AA9C8605-B6AF-46BC-A87F-E1B5CC78D689}
	EndProjectSection
EndProject
Project("{8BC9CEB8-8B4A-11D0-8D11-00A0C91BC942}") = "mtl", "X:\Dlls\Max_Utils\Standard Mtl DLL\mtls.vcproj", "{AA9C8605-B6AF-46BC-A87F-E1B5CC78D689}"
	ProjectSection(ProjectDependencies) = postProject
	EndProjectSection
EndProject
Project("{8BC9CEB8-8B4A-11D0-8D11-00A0C91BC942}") = "SkinUtils", "X:\Dlls\Max_Utils\Make\Skin_Utils.vcproj", "{987843A9-1075-40A6-B680-E1B6D9693F8A}"
	ProjectSection(ProjectDependencies) = postProject
	EndProjectSection
EndProject
Global
	GlobalSection(SolutionConfiguration) = preSolution
		DEBUG MAX 8 = DEBUG MAX 8
		MAX8 = MAX8
		MAX8 LOG = MAX8 LOG
	EndGlobalSection
	GlobalSection(ProjectConfiguration) = postSolution
		{987843A9-1075-40A6-B680-E1B6D9693F8A}.DEBUG MAX 8.ActiveCfg = DEBUG MAX 8|Win32
		{987843A9-1075-40A6-B680-E1B6D9693F8A}.DEBUG MAX 8.Build.0 = DEBUG MAX 8|Win32
		{987843A9-1075-40A6-B680-E1B6D9693F8A}.MAX8.ActiveCfg = MAX8|Win32
		{987843A9-1075-40A6-B680-E1B6D9693F8A}.MAX8.Build.0 = MAX8|Win32
		{987843A9-1075-40A6-B680-E1B6D9693F8A}.MAX8 LOG.ActiveCfg = MAX8|Win32
		{987843A9-1075-40A6-B680-E1B6D9693F8A}.MAX8 LOG.Build.0 = MAX8|Win32
		{394417FE-A42D-485C-829D-4ABEC734F6CA}.DEBUG MAX 8.ActiveCfg = Debug|Win32
		{394417FE-A42D-485C-829D-4ABEC734F6CA}.DEBUG MAX 8.Build.0 = Debug|Win32
		{394417FE-A42D-485C-829D-4ABEC734F6CA}.MAX8.ActiveCfg = FINAL XBOX|Win32
		{394417FE-A42D-485C-829D-4ABEC734F6CA}.MAX8.Build.0 = FINAL XBOX|Win32
		{394417FE-A42D-485C-829D-4ABEC734F6CA}.MAX8 LOG.ActiveCfg = FINAL XBOX|Win32
		{394417FE-A42D-485C-829D-4ABEC734F6CA}.MAX8 LOG.Build.0 = FINAL XBOX|Win32
		{EE40486E-0EDF-4F73-95A2-18141711A146}.DEBUG MAX 8.ActiveCfg = DEBUG MAX 8|Win32
		{EE40486E-0EDF-4F73-95A2-18141711A146}.DEBUG MAX 8.Build.0 = DEBUG MAX 8|Win32
		{EE40486E-0EDF-4F73-95A2-18141711A146}.MAX8.ActiveCfg = MAX8|Win32
		{EE40486E-0EDF-4F73-95A2-18141711A146}.MAX8.Build.0 = MAX8|Win32
		{EE40486E-0EDF-4F73-95A2-18141711A146}.MAX8 LOG.ActiveCfg = MAX8|Win32
		{EE40486E-0EDF-4F73-95A2-18141711A146}.MAX8 LOG.Build.0 = MAX8|Win32
		{D31B944D-F082-4581-8BC0-C7246021387F}.DEBUG MAX 8.ActiveCfg = Debug|Win32
		{D31B944D-F082-4581-8BC0-C7246021387F}.DEBUG MAX 8.Build.0 = Debug|Win32
		{D31B944D-F082-4581-8BC0-C7246021387F}.MAX8.ActiveCfg = FINAL XBOX|Win32
		{D31B944D-F082-4581-8BC0-C7246021387F}.MAX8.Build.0 = FINAL XBOX|Win32
		{D31B944D-F082-4581-8BC0-C7246021387F}.MAX8 LOG.ActiveCfg = FINAL XBOX|Win32
		{D31B944D-F082-4581-8BC0-C7246021387F}.MAX8 LOG.Build.0 = FINAL XBOX|Win32
		{5AD8E08A-CAD5-44C4-994B-25A16776AA6D}.DEBUG MAX 8.ActiveCfg = DEBUG MAX 8|Win32
		{5AD8E08A-CAD5-44C4-994B-25A16776AA6D}.DEBUG MAX 8.Build.0 = DEBUG MAX 8|Win32
		{5AD8E08A-CAD5-44C4-994B-25A16776AA6D}.MAX8.ActiveCfg = MAX8|Win32
		{5AD8E08A-CAD5-44C4-994B-25A16776AA6D}.MAX8.Build.0 = MAX8|Win32
		{5AD8E08A-CAD5-44C4-994B-25A16776AA6D}.MAX8 LOG.ActiveCfg = MAX8 LOG|Win32
		{5AD8E08A-CAD5-44C4-994B-25A16776AA6D}.MAX8 LOG.Build.0 = MAX8 LOG|Win32
		{0DBCFBC3-4391-489E-9A12-A85B5B52BA6D}.DEBUG MAX 8.ActiveCfg = DEBUG MAX 8|Win32
		{0DBCFBC3-4391-489E-9A12-A85B5B52BA6D}.DEBUG MAX 8.Build.0 = DEBUG MAX 8|Win32
		{0DBCFBC3-4391-489E-9A12-A85B5B52BA6D}.MAX8.ActiveCfg = MAX8|Win32
		{0DBCFBC3-4391-489E-9A12-A85B5B52BA6D}.MAX8.Build.0 = MAX8|Win32
		{0DBCFBC3-4391-489E-9A12-A85B5B52BA6D}.MAX8 LOG.ActiveCfg = MAX8|Win32
		{0DBCFBC3-4391-489E-9A12-A85B5B52BA6D}.MAX8 LOG.Build.0 = MAX8|Win32
		{AA9C8605-B6AF-46BC-A87F-E1B5CC78D689}.DEBUG MAX 8.ActiveCfg = DEBUG MAX 8|Win32
		{AA9C8605-B6AF-46BC-A87F-E1B5CC78D689}.DEBUG MAX 8.Build.0 = DEBUG MAX 8|Win32
		{AA9C8605-B6AF-46BC-A87F-E1B5CC78D689}.MAX8.ActiveCfg = Release|Win32
		{AA9C8605-B6AF-46BC-A87F-E1B5CC78D689}.MAX8.Build.0 = Release|Win32
		{AA9C8605-B6AF-46BC-A87F-E1B5CC78D689}.MAX8 LOG.ActiveCfg = Release|Win32
		{AA9C8605-B6AF-46BC-A87F-E1B5CC78D689}.MAX8 LOG.Build.0 = Release|Win32
		{987843A9-1075-40A6-B680-E1B6D9693F8A}.DEBUG MAX 8.ActiveCfg = MAX8|Win32
		{987843A9-1075-40A6-B680-E1B6D9693F8A}.DEBUG MAX 8.Build.0 = MAX8|Win32
		{987843A9-1075-40A6-B680-E1B6D9693F8A}.MAX8.ActiveCfg = MAX8|Win32
		{987843A9-1075-40A6-B680-E1B6D9693F8A}.MAX8.Build.0 = MAX8|Win32
		{987843A9-1075-40A6-B680-E1B6D9693F8A}.MAX8 LOG.ActiveCfg = MAX8|Win32
		{987843A9-1075-40A6-B680-E1B6D9693F8A}.MAX8 LOG.Build.0 = MAX8|Win32
	EndGlobalSection
	GlobalSection(ExtensibilityGlobals) = postSolution
	EndGlobalSection
	GlobalSection(ExtensibilityAddIns) = postSolution
	EndGlobalSection
EndGlobal
