<?xml version="1.0" encoding="utf-8"?>
<Project ToolsVersion="4.0" xmlns="http://schemas.microsoft.com/developer/msbuild/2003">
  <ItemGroup>
    <Filter Include="Source Files">
      <UniqueIdentifier>{4FC737F1-C7A5-4376-A066-2A32D752A2FF}</UniqueIdentifier>
      <Extensions>cpp;c;cxx;def;odl;idl;hpj;bat;asm;asmx</Extensions>
    </Filter>
    <Filter Include="Header Files">
      <UniqueIdentifier>{93995380-89BD-4b04-88EB-625FBE52EBFB}</UniqueIdentifier>
      <Extensions>h;hpp;hxx;hm;inl;inc;xsd</Extensions>
    </Filter>
    <Filter Include="Resource Files">
      <UniqueIdentifier>{67DA6AB6-F800-4c08-8B7A-83BB121AAD01}</UniqueIdentifier>
      <Extensions>rc;ico;cur;bmp;dlg;rc2;rct;bin;rgs;gif;jpg;jpeg;jpe;resx</Extensions>
    </Filter>
  </ItemGroup>
  <ItemGroup>
    <ClCompile Include="AutoCompiler.cpp">
      <Filter>Source Files</Filter>
    </ClCompile>
    <ClCompile Include="AutoCompilerDlg.cpp">
      <Filter>Source Files</Filter>
    </ClCompile>
    <ClCompile Include="BigFileUtils.cpp">
      <Filter>Source Files</Filter>
    </ClCompile>
    <ClCompile Include="ConsProc.cpp">
      <Filter>Source Files</Filter>
    </ClCompile>
    <ClCompile Include="DesDac.cpp">
      <Filter>Source Files</Filter>
    </ClCompile>
    <ClCompile Include="DesdacSettings.cpp">
      <Filter>Source Files</Filter>
    </ClCompile>
    <ClCompile Include="Dialog_ChangeString.cpp">
      <Filter>Source Files</Filter>
    </ClCompile>
    <ClCompile Include="hangeNumbersDlg.cpp">
      <Filter>Source Files</Filter>
    </ClCompile>
    <ClCompile Include="MapTestingConfig.cpp">
      <Filter>Source Files</Filter>
    </ClCompile>
    <ClCompile Include="Smtp.cpp">
      <Filter>Source Files</Filter>
    </ClCompile>
    <ClCompile Include="stdafx.cpp">
      <Filter>Source Files</Filter>
    </ClCompile>
  </ItemGroup>
  <ItemGroup>
    <ClInclude Include="AutoCompiler.h">
      <Filter>Header Files</Filter>
    </ClInclude>
    <ClInclude Include="AutoCompilerDlg.h">
      <Filter>Header Files</Filter>
    </ClInclude>
    <ClInclude Include="BigFileUtils.h">
      <Filter>Header Files</Filter>
    </ClInclude>
    <ClInclude Include="ConsProc.h">
      <Filter>Header Files</Filter>
    </ClInclude>
    <ClInclude Include="DesDac.h">
      <Filter>Header Files</Filter>
    </ClInclude>
    <ClInclude Include="DesdacSettings.h">
      <Filter>Header Files</Filter>
    </ClInclude>
    <ClInclude Include="Dialog_ChangeString.h">
      <Filter>Header Files</Filter>
    </ClInclude>
    <ClInclude Include="hangeNumbersDlg.h">
      <Filter>Header Files</Filter>
    </ClInclude>
    <ClInclude Include="MAIN_DesdacEditorTags.h">
      <Filter>Header Files</Filter>
    </ClInclude>
    <ClInclude Include="MAIN_DesdacEngineTags.h">
      <Filter>Header Files</Filter>
    </ClInclude>
    <ClInclude Include="MapTestingConfig.h">
      <Filter>Header Files</Filter>
    </ClInclude>
    <ClInclude Include="Resource.h">
      <Filter>Header Files</Filter>
    </ClInclude>
    <ClInclude Include="Smtp.h">
      <Filter>Header Files</Filter>
    </ClInclude>
    <ClInclude Include="stdafx.h">
      <Filter>Header Files</Filter>
    </ClInclude>
  </ItemGroup>
  <ItemGroup>
    <Image Include="res\AutoCompiler.ico">
      <Filter>Resource Files</Filter>
    </Image>
  </ItemGroup>
  <ItemGroup>
    <ResourceCompile Include="AutoCompiler.rc">
      <Filter>Resource Files</Filter>
    </ResourceCompile>
  </ItemGroup>
  <ItemGroup>
    <None Include="res\AutoCompiler.rc2">
      <Filter>Resource Files</Filter>
    </None>
  </ItemGroup>
  <ItemGroup>
    <Manifest Include="res\AutoCompiler.manifest" />
  </ItemGroup>
</Project>