<?xml version="1.0" encoding="utf-8"?>
<Project ToolsVersion="4.0" xmlns="http://schemas.microsoft.com/developer/msbuild/2003">
  <ItemGroup>
    <Filter Include="BROwser">
      <UniqueIdentifier>{85130fdb-8dbf-4590-9b46-4dd0f455f3fb}</UniqueIdentifier>
    </Filter>
    <Filter Include="TEXtures">
      <UniqueIdentifier>{b1cff449-d3d1-47a2-ae17-d31d04d4b769}</UniqueIdentifier>
    </Filter>
    <Filter Include="PROperties">
      <UniqueIdentifier>{25428e65-9a20-4921-9e71-91ec181b12a0}</UniqueIdentifier>
    </Filter>
    <Filter Include="OUTput">
      <UniqueIdentifier>{454a98f7-3e76-4bb9-8526-9d2d1f1305e5}</UniqueIdentifier>
    </Filter>
    <Filter Include="LOGfile">
      <UniqueIdentifier>{891dd053-67da-446c-affd-4950d17daacf}</UniqueIdentifier>
    </Filter>
    <Filter Include="AIscript">
      <UniqueIdentifier>{b917132e-b535-43f4-9df6-3ca40070dbff}</UniqueIdentifier>
    </Filter>
    <Filter Include="AIscript\Compiler">
      <UniqueIdentifier>{64f5acf0-8ff1-4027-9b28-e4624f6c8d8c}</UniqueIdentifier>
    </Filter>
    <Filter Include="AIscript\EditView">
      <UniqueIdentifier>{e19b81d2-964a-4afb-a904-a29f56b820e4}</UniqueIdentifier>
    </Filter>
    <Filter Include="MENu">
      <UniqueIdentifier>{52404e8e-1db3-4a14-a01d-dc45c39d8320}</UniqueIdentifier>
    </Filter>
    <Filter Include="RASters">
      <UniqueIdentifier>{77ce8643-c36e-44b6-a466-545c713b58b2}</UniqueIdentifier>
    </Filter>
    <Filter Include="MATerial">
      <UniqueIdentifier>{e2081914-44f3-4482-9162-9e8e5448679e}</UniqueIdentifier>
    </Filter>
    <Filter Include="TEXTe">
      <UniqueIdentifier>{bd524ec6-cb16-4e38-bc0f-ef8ea23898e1}</UniqueIdentifier>
    </Filter>
    <Filter Include="SOuNd">
      <UniqueIdentifier>{7fe43b93-f95a-4e77-bba9-f96f0a5fe790}</UniqueIdentifier>
    </Filter>
    <Filter Include="ACTions">
      <UniqueIdentifier>{6c918250-1914-4119-8b58-c21300ba7701}</UniqueIdentifier>
    </Filter>
    <Filter Include="EVEnts">
      <UniqueIdentifier>{879b291d-4d72-4fd5-8ec6-472c7d7b3ea1}</UniqueIdentifier>
    </Filter>
    <Filter Include="PreFaB">
      <UniqueIdentifier>{d550b652-018a-4628-831e-ee65c423ab2d}</UniqueIdentifier>
    </Filter>
    <Filter Include="PENdingCheckins">
      <UniqueIdentifier>{6238e33f-79cb-4e28-9066-30fbbbd51c55}</UniqueIdentifier>
    </Filter>
    <Filter Include="PERforce">
      <UniqueIdentifier>{d8aebec3-f7c1-42cf-96c5-c2fb2f3058f7}</UniqueIdentifier>
    </Filter>
    <Filter Include="PERforceCheck">
      <UniqueIdentifier>{f0f4726b-655b-4a18-b3a6-98471627a464}</UniqueIdentifier>
    </Filter>
    <Filter Include="SELection">
      <UniqueIdentifier>{517ee2c0-9de0-4977-afdc-4f40927e713c}</UniqueIdentifier>
    </Filter>
    <Filter Include="SELection\GridCtrl">
      <UniqueIdentifier>{86c3c574-66b5-43f6-b44d-2886abe7b772}</UniqueIdentifier>
    </Filter>
  </ItemGroup>
  <ItemGroup>
    <ClInclude Include="..\Sources\BROwser\BROerrid.h">
      <Filter>BROwser</Filter>
    </ClInclude>
    <ClInclude Include="..\Sources\BROwser\BROframe.h">
      <Filter>BROwser</Filter>
    </ClInclude>
    <ClInclude Include="..\Sources\BROwser\BROframe_act.h">
      <Filter>BROwser</Filter>
    </ClInclude>
    <ClInclude Include="..\Sources\BROwser\BROgrpctrl.h">
      <Filter>BROwser</Filter>
    </ClInclude>
    <ClInclude Include="..\Sources\BROwser\BROlistctrl.h">
      <Filter>BROwser</Filter>
    </ClInclude>
    <ClInclude Include="..\Sources\BROwser\BROmsg.h">
      <Filter>BROwser</Filter>
    </ClInclude>
    <ClInclude Include="..\Sources\BROwser\BROstrings.h">
      <Filter>BROwser</Filter>
    </ClInclude>
    <ClInclude Include="..\Sources\BROwser\BROtreectrl.h">
      <Filter>BROwser</Filter>
    </ClInclude>
    <ClInclude Include="..\Sources\TEXtures\TEXframe.h">
      <Filter>TEXtures</Filter>
    </ClInclude>
    <ClInclude Include="..\Sources\TEXtures\TEXframe_act.h">
      <Filter>TEXtures</Filter>
    </ClInclude>
    <ClInclude Include="..\Sources\TEXtures\TEXscroll.h">
      <Filter>TEXtures</Filter>
    </ClInclude>
    <ClInclude Include="..\Sources\TEXtures\TEXutil.h">
      <Filter>TEXtures</Filter>
    </ClInclude>
    <ClInclude Include="..\Sources\PROperties\PROframe.h">
      <Filter>PROperties</Filter>
    </ClInclude>
    <ClInclude Include="..\Sources\PROperties\PROframe_act.h">
      <Filter>PROperties</Filter>
    </ClInclude>
    <ClInclude Include="..\Sources\PROperties\PROstrings.h">
      <Filter>PROperties</Filter>
    </ClInclude>
    <ClInclude Include="..\Sources\OUTput\OUTframe.h">
      <Filter>OUTput</Filter>
    </ClInclude>
    <ClInclude Include="..\Sources\OUTput\OUTframe_act.h">
      <Filter>OUTput</Filter>
    </ClInclude>
    <ClInclude Include="..\Sources\OUTput\OUTmsg.h">
      <Filter>OUTput</Filter>
    </ClInclude>
    <ClInclude Include="..\Sources\OUTput\OUTstrings.h">
      <Filter>OUTput</Filter>
    </ClInclude>
    <ClInclude Include="..\Sources\LOGfile\LOGframe.h">
      <Filter>LOGfile</Filter>
    </ClInclude>
    <ClInclude Include="..\Sources\LOGfile\LOGframe_act.h">
      <Filter>LOGfile</Filter>
    </ClInclude>
    <ClInclude Include="..\Sources\LOGfile\LOGmsg.h">
      <Filter>LOGfile</Filter>
    </ClInclude>
    <ClInclude Include="..\Sources\AIscript\AIerrid.h">
      <Filter>AIscript</Filter>
    </ClInclude>
    <ClInclude Include="..\Sources\AIscript\AIframe.h">
      <Filter>AIscript</Filter>
    </ClInclude>
    <ClInclude Include="..\Sources\AIscript\AIframe_act.h">
      <Filter>AIscript</Filter>
    </ClInclude>
    <ClInclude Include="..\Sources\AIscript\AIleftframe.h">
      <Filter>AIscript</Filter>
    </ClInclude>
    <ClInclude Include="..\Sources\AIscript\AIstrings.h">
      <Filter>AIscript</Filter>
    </ClInclude>
    <ClInclude Include="..\Sources\AIscript\Compiler\AIcompile.h">
      <Filter>AIscript\Compiler</Filter>
    </ClInclude>
    <ClInclude Include="..\Sources\AIscript\EditView\AIleftview.h">
      <Filter>AIscript\EditView</Filter>
    </ClInclude>
    <ClInclude Include="..\Sources\AIscript\EditView\AIpane.h">
      <Filter>AIscript\EditView</Filter>
    </ClInclude>
    <ClInclude Include="..\Sources\AIscript\EditView\AIundo.h">
      <Filter>AIscript\EditView</Filter>
    </ClInclude>
    <ClInclude Include="..\Sources\AIscript\EditView\AIview.h">
      <Filter>AIscript\EditView</Filter>
    </ClInclude>
    <ClInclude Include="..\Sources\MENu\MENframe.h">
      <Filter>MENu</Filter>
    </ClInclude>
    <ClInclude Include="..\Sources\MENu\MENin.h">
      <Filter>MENu</Filter>
    </ClInclude>
    <ClInclude Include="..\Sources\MENu\MENinmenu.h">
      <Filter>MENu</Filter>
    </ClInclude>
    <ClInclude Include="..\Sources\MENu\MENlist.h">
      <Filter>MENu</Filter>
    </ClInclude>
    <ClInclude Include="..\Sources\MENu\MENmenu.h">
      <Filter>MENu</Filter>
    </ClInclude>
    <ClInclude Include="..\Sources\MENu\MENstrings.h">
      <Filter>MENu</Filter>
    </ClInclude>
    <ClInclude Include="..\Sources\MENu\MENsubmenu.h">
      <Filter>MENu</Filter>
    </ClInclude>
    <ClInclude Include="..\Sources\RASters\RASframe.h">
      <Filter>RASters</Filter>
    </ClInclude>
    <ClInclude Include="..\Sources\RASters\RASframe_act.h">
      <Filter>RASters</Filter>
    </ClInclude>
    <ClInclude Include="..\Sources\MATerial\MATframe.h">
      <Filter>MATerial</Filter>
    </ClInclude>
    <ClInclude Include="..\Sources\MATerial\MATframe_act.h">
      <Filter>MATerial</Filter>
    </ClInclude>
    <ClInclude Include="..\Sources\MATerial\MuTex.h">
      <Filter>MATerial</Filter>
    </ClInclude>
    <ClInclude Include="..\Sources\TEXTe\TEXTframe.h">
      <Filter>TEXTe</Filter>
    </ClInclude>
    <ClInclude Include="..\Sources\TEXTe\TEXTframe_act.h">
      <Filter>TEXTe</Filter>
    </ClInclude>
    <ClInclude Include="..\Sources\TEXTe\TEXTscroll.h">
      <Filter>TEXTe</Filter>
    </ClInclude>
    <ClInclude Include="..\Sources\SOuNd\SONerrid.h">
      <Filter>SOuNd</Filter>
    </ClInclude>
    <ClInclude Include="..\Sources\SOuNd\SONframe.h">
      <Filter>SOuNd</Filter>
    </ClInclude>
    <ClInclude Include="..\Sources\SOuNd\SONframe_act.h">
      <Filter>SOuNd</Filter>
    </ClInclude>
    <ClInclude Include="..\Sources\SOuNd\SONmixer.h">
      <Filter>SOuNd</Filter>
    </ClInclude>
    <ClInclude Include="..\Sources\SOuNd\SONmsg.h">
      <Filter>SOuNd</Filter>
    </ClInclude>
    <ClInclude Include="..\Sources\SOuNd\SONpane.h">
      <Filter>SOuNd</Filter>
    </ClInclude>
    <ClInclude Include="..\Sources\SOuNd\SONstrings.h">
      <Filter>SOuNd</Filter>
    </ClInclude>
    <ClInclude Include="..\Sources\SOuNd\SONutil.h">
      <Filter>SOuNd</Filter>
    </ClInclude>
    <ClInclude Include="..\Sources\SOuNd\SONview.h">
      <Filter>SOuNd</Filter>
    </ClInclude>
    <ClInclude Include="..\Sources\SOuNd\SONview_group.h">
      <Filter>SOuNd</Filter>
    </ClInclude>
    <ClInclude Include="..\Sources\SOuNd\SONview_smd.h">
      <Filter>SOuNd</Filter>
    </ClInclude>
    <ClInclude Include="..\Sources\SOuNd\SONvumeter.h">
      <Filter>SOuNd</Filter>
    </ClInclude>
    <ClInclude Include="..\Sources\ACTions\EACTframe.h">
      <Filter>ACTions</Filter>
    </ClInclude>
    <ClInclude Include="..\Sources\ACTions\EACTframe_act.h">
      <Filter>ACTions</Filter>
    </ClInclude>
    <ClInclude Include="..\Sources\ACTions\EACTview.h">
      <Filter>ACTions</Filter>
    </ClInclude>
    <ClInclude Include="..\Sources\EVEnts\EVEevent.h">
      <Filter>EVEnts</Filter>
    </ClInclude>
    <ClInclude Include="..\Sources\EVEnts\EVEframe.h">
      <Filter>EVEnts</Filter>
    </ClInclude>
    <ClInclude Include="..\Sources\EVEnts\EVEframe_act.h">
      <Filter>EVEnts</Filter>
    </ClInclude>
    <ClInclude Include="..\Sources\EVEnts\EVEinside.h">
      <Filter>EVEnts</Filter>
    </ClInclude>
    <ClInclude Include="..\Sources\EVEnts\EVEmsg.h">
      <Filter>EVEnts</Filter>
    </ClInclude>
    <ClInclude Include="..\Sources\EVEnts\EVEscroll.h">
      <Filter>EVEnts</Filter>
    </ClInclude>
    <ClInclude Include="..\Sources\EVEnts\EVEtrack.h">
      <Filter>EVEnts</Filter>
    </ClInclude>
    <ClInclude Include="..\Sources\PreFaB\PFBdata.h">
      <Filter>PreFaB</Filter>
    </ClInclude>
    <ClInclude Include="..\Sources\PreFaB\PFBframe.h">
      <Filter>PreFaB</Filter>
    </ClInclude>
    <ClInclude Include="..\Sources\PreFaB\PFBframe_act.h">
      <Filter>PreFaB</Filter>
    </ClInclude>
    <ClInclude Include="..\Sources\PreFaB\PFBtreeview.h">
      <Filter>PreFaB</Filter>
    </ClInclude>
    <ClInclude Include="..\Sources\PreFaB\PFBview.h">
      <Filter>PreFaB</Filter>
    </ClInclude>
    <ClInclude Include="..\Sources\PENdingCheckins\PENCframe.h">
      <Filter>PENdingCheckins</Filter>
    </ClInclude>
    <ClInclude Include="..\Sources\PENdingCheckins\PENCframe_act.h">
      <Filter>PENdingCheckins</Filter>
    </ClInclude>
    <ClInclude Include="..\Sources\PERForce\EditLog.h">
      <Filter>PERforce</Filter>
    </ClInclude>
    <ClInclude Include="..\Sources\PERForce\PERtreectrl.h">
      <Filter>PERforce</Filter>
    </ClInclude>
    <ClInclude Include="..\Sources\PERForce\SubclassWnd.h">
      <Filter>PERforce</Filter>
    </ClInclude>
    <ClInclude Include="..\Sources\SELection\SELectionframe.h">
      <Filter>SELection</Filter>
    </ClInclude>
    <ClInclude Include="..\Sources\SELection\SELectionframe_act.h">
      <Filter>SELection</Filter>
    </ClInclude>
    <ClInclude Include="..\Sources\SELection\SELectionGridCtrl.h">
      <Filter>SELection</Filter>
    </ClInclude>
    <ClInclude Include="..\Sources\SELection\SELectionGridCtrlCell.h">
      <Filter>SELection</Filter>
    </ClInclude>
    <ClInclude Include="..\Sources\SELection\SELectionGridData.h">
      <Filter>SELection</Filter>
    </ClInclude>
    <ClInclude Include="..\Sources\SELection\SELectionHelper.h">
      <Filter>SELection</Filter>
    </ClInclude>
    <ClInclude Include="..\Sources\SELection\GridCtrl\BtnDataBase.h">
      <Filter>SELection\GridCtrl</Filter>
    </ClInclude>
    <ClInclude Include="..\Sources\SELection\GridCtrl\CellRange.h">
      <Filter>SELection\GridCtrl</Filter>
    </ClInclude>
    <ClInclude Include="..\Sources\SELection\GridCtrl\GridBtnCell.h">
      <Filter>SELection\GridCtrl</Filter>
    </ClInclude>
    <ClInclude Include="..\Sources\SELection\GridCtrl\GridBtnCellBase.h">
      <Filter>SELection\GridCtrl</Filter>
    </ClInclude>
    <ClInclude Include="..\Sources\SELection\GridCtrl\GridCell.h">
      <Filter>SELection\GridCtrl</Filter>
    </ClInclude>
    <ClInclude Include="..\Sources\SELection\GridCtrl\GridCellBase.h">
      <Filter>SELection\GridCtrl</Filter>
    </ClInclude>
    <ClInclude Include="..\Sources\SELection\GridCtrl\GridCellCheck.h">
      <Filter>SELection\GridCtrl</Filter>
    </ClInclude>
    <ClInclude Include="..\Sources\SELection\GridCtrl\GridCellCombo.h">
      <Filter>SELection\GridCtrl</Filter>
    </ClInclude>
    <ClInclude Include="..\Sources\SELection\GridCtrl\GridCellNumeric.h">
      <Filter>SELection\GridCtrl</Filter>
    </ClInclude>
    <ClInclude Include="..\Sources\SELection\GridCtrl\GridCtrl.h">
      <Filter>SELection\GridCtrl</Filter>
    </ClInclude>
    <ClInclude Include="..\Sources\SELection\GridCtrl\GridDropTarget.h">
      <Filter>SELection\GridCtrl</Filter>
    </ClInclude>
    <ClInclude Include="..\Sources\SELection\GridCtrl\InPlaceEdit.h">
      <Filter>SELection\GridCtrl</Filter>
    </ClInclude>
    <ClInclude Include="..\Sources\SELection\GridCtrl\InPlaceEditNumeric.h">
      <Filter>SELection\GridCtrl</Filter>
    </ClInclude>
    <ClInclude Include="..\Sources\SELection\GridCtrl\MemDC.h">
      <Filter>SELection\GridCtrl</Filter>
    </ClInclude>
    <ClInclude Include="..\Sources\SELection\GridCtrl\TitleTip.h">
      <Filter>SELection\GridCtrl</Filter>
    </ClInclude>
    <ClInclude Include="..\Sources\Precomp.h" />
  </ItemGroup>
  <ItemGroup>
    <ClCompile Include="..\Sources\BROwser\BROframe.cpp">
      <Filter>BROwser</Filter>
    </ClCompile>
    <ClCompile Include="..\Sources\BROwser\BROframe_act.cpp">
      <Filter>BROwser</Filter>
    </ClCompile>
    <ClCompile Include="..\Sources\BROwser\BROframe_extras.cpp">
      <Filter>BROwser</Filter>
    </ClCompile>
    <ClCompile Include="..\Sources\BROwser\BROframe_fav.cpp">
      <Filter>BROwser</Filter>
    </ClCompile>
    <ClCompile Include="..\Sources\BROwser\BROframe_impex.cpp">
      <Filter>BROwser</Filter>
    </ClCompile>
    <ClCompile Include="..\Sources\BROwser\BROframe_ini.cpp">
      <Filter>BROwser</Filter>
    </ClCompile>
    <ClCompile Include="..\Sources\BROwser\BROframe_mdfy.cpp">
      <Filter>BROwser</Filter>
    </ClCompile>
    <ClCompile Include="..\Sources\BROwser\BROframe_msg.cpp">
      <Filter>BROwser</Filter>
    </ClCompile>
    <ClCompile Include="..\Sources\BROwser\BROframe_perforce.cpp">
      <Filter>BROwser</Filter>
    </ClCompile>
    <ClCompile Include="..\Sources\BROwser\BROframe_vss.cpp">
      <Filter>BROwser</Filter>
    </ClCompile>
    <ClCompile Include="..\Sources\BROwser\BROgrpctrl.cpp">
      <Filter>BROwser</Filter>
    </ClCompile>
    <ClCompile Include="..\Sources\BROwser\BROlistctrl.cpp">
      <Filter>BROwser</Filter>
    </ClCompile>
    <ClCompile Include="..\Sources\BROwser\BROtreectrl.cpp">
      <Filter>BROwser</Filter>
    </ClCompile>
    <ClCompile Include="..\Sources\TEXtures\TEXframe.cpp">
      <Filter>TEXtures</Filter>
    </ClCompile>
    <ClCompile Include="..\Sources\TEXtures\TEXframe_act.cpp">
      <Filter>TEXtures</Filter>
    </ClCompile>
    <ClCompile Include="..\Sources\TEXtures\TEXframe_ini.cpp">
      <Filter>TEXtures</Filter>
    </ClCompile>
    <ClCompile Include="..\Sources\TEXtures\TEXframe_msg.cpp">
      <Filter>TEXtures</Filter>
    </ClCompile>
    <ClCompile Include="..\Sources\TEXtures\TEXscroll.cpp">
      <Filter>TEXtures</Filter>
    </ClCompile>
    <ClCompile Include="..\Sources\TEXtures\TEXutil.cpp">
      <Filter>TEXtures</Filter>
    </ClCompile>
    <ClCompile Include="..\Sources\PROperties\PROframe.cpp">
      <Filter>PROperties</Filter>
    </ClCompile>
    <ClCompile Include="..\Sources\PROperties\PROframe_act.cpp">
      <Filter>PROperties</Filter>
    </ClCompile>
    <ClCompile Include="..\Sources\PROperties\PROframe_ini.cpp">
      <Filter>PROperties</Filter>
    </ClCompile>
    <ClCompile Include="..\Sources\PROperties\PROframe_msg.cpp">
      <Filter>PROperties</Filter>
    </ClCompile>
    <ClCompile Include="..\Sources\OUTput\OUTframe.cpp">
      <Filter>OUTput</Filter>
    </ClCompile>
    <ClCompile Include="..\Sources\OUTput\OUTframe_act.cpp">
      <Filter>OUTput</Filter>
    </ClCompile>
    <ClCompile Include="..\Sources\OUTput\OUTframe_ini.cpp">
      <Filter>OUTput</Filter>
    </ClCompile>
    <ClCompile Include="..\Sources\OUTput\OUTframe_msg.cpp">
      <Filter>OUTput</Filter>
    </ClCompile>
    <ClCompile Include="..\Sources\LOGfile\LOGframe.cpp">
      <Filter>LOGfile</Filter>
    </ClCompile>
    <ClCompile Include="..\Sources\LOGfile\LOGframe_act.cpp">
      <Filter>LOGfile</Filter>
    </ClCompile>
    <ClCompile Include="..\Sources\LOGfile\LOGframe_ini.cpp">
      <Filter>LOGfile</Filter>
    </ClCompile>
    <ClCompile Include="..\Sources\LOGfile\LOGframe_msg.cpp">
      <Filter>LOGfile</Filter>
    </ClCompile>
    <ClCompile Include="..\Sources\AIscript\AIframe.cpp">
      <Filter>AIscript</Filter>
    </ClCompile>
    <ClCompile Include="..\Sources\AIscript\AIframe_act.cpp">
      <Filter>AIscript</Filter>
    </ClCompile>
    <ClCompile Include="..\Sources\AIscript\AIframe_comp.cpp">
      <Filter>AIscript</Filter>
    </ClCompile>
    <ClCompile Include="..\Sources\AIscript\AIframe_debug.cpp">
      <Filter>AIscript</Filter>
    </ClCompile>
    <ClCompile Include="..\Sources\AIscript\AIframe_ini.cpp">
      <Filter>AIscript</Filter>
    </ClCompile>
    <ClCompile Include="..\Sources\AIscript\AIframe_msg.cpp">
      <Filter>AIscript</Filter>
    </ClCompile>
    <ClCompile Include="..\Sources\AIscript\AIframe_perforce.cpp">
      <Filter>AIscript</Filter>
    </ClCompile>
    <ClCompile Include="..\Sources\AIscript\AIleftframe.cpp">
      <Filter>AIscript</Filter>
    </ClCompile>
    <ClCompile Include="..\Sources\AIscript\Compiler\AIcompile.cpp">
      <Filter>AIscript\Compiler</Filter>
    </ClCompile>
    <ClCompile Include="..\Sources\AIscript\Compiler\AIcompile_2C.cpp">
      <Filter>AIscript\Compiler</Filter>
    </ClCompile>
    <ClCompile Include="..\Sources\AIscript\Compiler\AIcompile_optim.cpp">
      <Filter>AIscript\Compiler</Filter>
    </ClCompile>
    <ClCompile Include="..\Sources\AIscript\Compiler\AIcompile_out.cpp">
      <Filter>AIscript\Compiler</Filter>
    </ClCompile>
    <ClCompile Include="..\Sources\AIscript\Compiler\AIcompile_pp.cpp">
      <Filter>AIscript\Compiler</Filter>
    </ClCompile>
    <ClCompile Include="..\Sources\AIscript\Compiler\AIcompile_ref.cpp">
      <Filter>AIscript\Compiler</Filter>
    </ClCompile>
    <ClCompile Include="..\Sources\AIscript\Compiler\AIcompile_scan.cpp">
      <Filter>AIscript\Compiler</Filter>
    </ClCompile>
    <ClCompile Include="..\Sources\AIscript\Compiler\AIcompile_vars.cpp">
      <Filter>AIscript\Compiler</Filter>
    </ClCompile>
    <ClCompile Include="..\Sources\AIscript\EditView\AIleftview.cpp">
      <Filter>AIscript\EditView</Filter>
    </ClCompile>
    <ClCompile Include="..\Sources\AIscript\EditView\AIpane.cpp">
      <Filter>AIscript\EditView</Filter>
    </ClCompile>
    <ClCompile Include="..\Sources\AIscript\EditView\AIundo.cpp">
      <Filter>AIscript\EditView</Filter>
    </ClCompile>
    <ClCompile Include="..\Sources\AIscript\EditView\AIview.cpp">
      <Filter>AIscript\EditView</Filter>
    </ClCompile>
    <ClCompile Include="..\Sources\AIscript\EditView\AIview_colors.cpp">
      <Filter>AIscript\EditView</Filter>
    </ClCompile>
    <ClCompile Include="..\Sources\AIscript\EditView\AIview_km.cpp">
      <Filter>AIscript\EditView</Filter>
    </ClCompile>
    <ClCompile Include="..\Sources\AIscript\EditView\AIview_mdfy.cpp">
      <Filter>AIscript\EditView</Filter>
    </ClCompile>
    <ClCompile Include="..\Sources\AIscript\EditView\AIview_scan.cpp">
      <Filter>AIscript\EditView</Filter>
    </ClCompile>
    <ClCompile Include="..\Sources\MENu\MENframe.cpp">
      <Filter>MENu</Filter>
    </ClCompile>
    <ClCompile Include="..\Sources\MENu\MENframe_msg.cpp">
      <Filter>MENu</Filter>
    </ClCompile>
    <ClCompile Include="..\Sources\MENu\MENin.cpp">
      <Filter>MENu</Filter>
    </ClCompile>
    <ClCompile Include="..\Sources\MENu\MENinmenu.cpp">
      <Filter>MENu</Filter>
    </ClCompile>
    <ClCompile Include="..\Sources\MENu\MENlist.cpp">
      <Filter>MENu</Filter>
    </ClCompile>
    <ClCompile Include="..\Sources\MENu\MENmenu.cpp">
      <Filter>MENu</Filter>
    </ClCompile>
    <ClCompile Include="..\Sources\MENu\MENsubmenu.cpp">
      <Filter>MENu</Filter>
    </ClCompile>
    <ClCompile Include="..\Sources\RASters\RASframe.cpp">
      <Filter>RASters</Filter>
    </ClCompile>
    <ClCompile Include="..\Sources\RASters\RASframe_msg.cpp">
      <Filter>RASters</Filter>
    </ClCompile>
    <ClCompile Include="..\Sources\MATerial\MATframe.cpp">
      <Filter>MATerial</Filter>
    </ClCompile>
    <ClCompile Include="..\Sources\MATerial\MATframe_act.cpp">
      <Filter>MATerial</Filter>
    </ClCompile>
    <ClCompile Include="..\Sources\MATerial\MATframe_Convert.cpp">
      <Filter>MATerial</Filter>
    </ClCompile>
    <ClCompile Include="..\Sources\MATerial\MATframe_ini.cpp">
      <Filter>MATerial</Filter>
    </ClCompile>
    <ClCompile Include="..\Sources\MATerial\MATframe_msg.cpp">
      <Filter>MATerial</Filter>
    </ClCompile>
    <ClCompile Include="..\Sources\MATerial\MuTex.cpp">
      <Filter>MATerial</Filter>
    </ClCompile>
    <ClCompile Include="..\Sources\TEXTe\TEXTframe.cpp">
      <Filter>TEXTe</Filter>
    </ClCompile>
    <ClCompile Include="..\Sources\TEXTe\TEXTframe_act.cpp">
      <Filter>TEXTe</Filter>
    </ClCompile>
    <ClCompile Include="..\Sources\TEXTe\TEXTframe_ini.cpp">
      <Filter>TEXTe</Filter>
    </ClCompile>
    <ClCompile Include="..\Sources\TEXTe\TEXTframe_msg.cpp">
      <Filter>TEXTe</Filter>
    </ClCompile>
    <ClCompile Include="..\Sources\TEXTe\TEXTimportexport.cpp">
      <Filter>TEXTe</Filter>
    </ClCompile>
    <ClCompile Include="..\Sources\TEXTe\TEXTscroll.cpp">
      <Filter>TEXTe</Filter>
    </ClCompile>
    <ClCompile Include="..\Sources\SOuNd\SONframe.cpp">
      <Filter>SOuNd</Filter>
    </ClCompile>
    <ClCompile Include="..\Sources\SOuNd\SONframe_act.cpp">
      <Filter>SOuNd</Filter>
    </ClCompile>
    <ClCompile Include="..\Sources\SOuNd\SONframe_bank.cpp">
      <Filter>SOuNd</Filter>
    </ClCompile>
    <ClCompile Include="..\Sources\SOuNd\SONframe_ini.cpp">
      <Filter>SOuNd</Filter>
    </ClCompile>
    <ClCompile Include="..\Sources\SOuNd\SONframe_insert.cpp">
      <Filter>SOuNd</Filter>
    </ClCompile>
    <ClCompile Include="..\Sources\SOuNd\SONframe_Instance.cpp">
      <Filter>SOuNd</Filter>
    </ClCompile>
    <ClCompile Include="..\Sources\SOuNd\SONframe_mdf.cpp">
      <Filter>SOuNd</Filter>
    </ClCompile>
    <ClCompile Include="..\Sources\SOuNd\SONframe_msg.cpp">
      <Filter>SOuNd</Filter>
    </ClCompile>
    <ClCompile Include="..\Sources\SOuNd\SONframe_mtx.cpp">
      <Filter>SOuNd</Filter>
    </ClCompile>
    <ClCompile Include="..\Sources\SOuNd\SONframe_smodifier.cpp">
      <Filter>SOuNd</Filter>
    </ClCompile>
    <ClCompile Include="..\Sources\SOuNd\SONframe_sound.cpp">
      <Filter>SOuNd</Filter>
    </ClCompile>
    <ClCompile Include="..\Sources\SOuNd\SONmixer.cpp">
      <Filter>SOuNd</Filter>
    </ClCompile>
    <ClCompile Include="..\Sources\SOuNd\SONpane.cpp">
      <Filter>SOuNd</Filter>
    </ClCompile>
    <ClCompile Include="..\Sources\SOuNd\SONutil.cpp">
      <Filter>SOuNd</Filter>
    </ClCompile>
    <ClCompile Include="..\Sources\SOuNd\SONview.cpp">
      <Filter>SOuNd</Filter>
    </ClCompile>
    <ClCompile Include="..\Sources\SOuNd\SONview_group.cpp">
      <Filter>SOuNd</Filter>
    </ClCompile>
    <ClCompile Include="..\Sources\SOuNd\SONview_smd.cpp">
      <Filter>SOuNd</Filter>
    </ClCompile>
    <ClCompile Include="..\Sources\SOuNd\SONvumeter.cpp">
      <Filter>SOuNd</Filter>
    </ClCompile>
    <ClCompile Include="..\Sources\ACTions\EACTframe.cpp">
      <Filter>ACTions</Filter>
    </ClCompile>
    <ClCompile Include="..\Sources\ACTions\EACTframe_act.cpp">
      <Filter>ACTions</Filter>
    </ClCompile>
    <ClCompile Include="..\Sources\ACTions\EACTframe_ini.cpp">
      <Filter>ACTions</Filter>
    </ClCompile>
    <ClCompile Include="..\Sources\ACTions\EACTframe_msg.cpp">
      <Filter>ACTions</Filter>
    </ClCompile>
    <ClCompile Include="..\Sources\ACTions\EACTview.cpp">
      <Filter>ACTions</Filter>
    </ClCompile>
    <ClCompile Include="..\Sources\EVEnts\EVEevent.cpp">
      <Filter>EVEnts</Filter>
    </ClCompile>
    <ClCompile Include="..\Sources\EVEnts\EVEevent_aif.cpp">
      <Filter>EVEnts</Filter>
    </ClCompile>
    <ClCompile Include="..\Sources\EVEnts\EVEevent_interpolationkey.cpp">
      <Filter>EVEnts</Filter>
    </ClCompile>
    <ClCompile Include="..\Sources\EVEnts\EVEevent_morph.cpp">
      <Filter>EVEnts</Filter>
    </ClCompile>
    <ClCompile Include="..\Sources\EVEnts\EVEevent_timekey.cpp">
      <Filter>EVEnts</Filter>
    </ClCompile>
    <ClCompile Include="..\Sources\EVEnts\EVEframe.cpp">
      <Filter>EVEnts</Filter>
    </ClCompile>
    <ClCompile Include="..\Sources\EVEnts\EVEframe_act.cpp">
      <Filter>EVEnts</Filter>
    </ClCompile>
    <ClCompile Include="..\Sources\EVEnts\EVEframe_anim.cpp">
      <Filter>EVEnts</Filter>
    </ClCompile>
    <ClCompile Include="..\Sources\EVEnts\EVEframe_ini.cpp">
      <Filter>EVEnts</Filter>
    </ClCompile>
    <ClCompile Include="..\Sources\EVEnts\EVEframe_msg.cpp">
      <Filter>EVEnts</Filter>
    </ClCompile>
    <ClCompile Include="..\Sources\EVEnts\EVEinside.cpp">
      <Filter>EVEnts</Filter>
    </ClCompile>
    <ClCompile Include="..\Sources\EVEnts\EVEscroll.cpp">
      <Filter>EVEnts</Filter>
    </ClCompile>
    <ClCompile Include="..\Sources\EVEnts\EVEtrack.cpp">
      <Filter>EVEnts</Filter>
    </ClCompile>
    <ClCompile Include="..\Sources\PreFaB\PFBdata.cpp">
      <Filter>PreFaB</Filter>
    </ClCompile>
    <ClCompile Include="..\Sources\PreFaB\PFBframe.cpp">
      <Filter>PreFaB</Filter>
    </ClCompile>
    <ClCompile Include="..\Sources\PreFaB\PFBframe_act.cpp">
      <Filter>PreFaB</Filter>
    </ClCompile>
    <ClCompile Include="..\Sources\PreFaB\PFBframe_ini.cpp">
      <Filter>PreFaB</Filter>
    </ClCompile>
    <ClCompile Include="..\Sources\PreFaB\PFBframe_msg.cpp">
      <Filter>PreFaB</Filter>
    </ClCompile>
    <ClCompile Include="..\Sources\PreFaB\PFBtreeview.cpp">
      <Filter>PreFaB</Filter>
    </ClCompile>
    <ClCompile Include="..\Sources\PreFaB\PFBview.cpp">
      <Filter>PreFaB</Filter>
    </ClCompile>
    <ClCompile Include="..\Sources\PENdingCheckins\PENCframe.cpp">
      <Filter>PENdingCheckins</Filter>
    </ClCompile>
    <ClCompile Include="..\Sources\PENdingCheckins\PENCframe_act.cpp">
      <Filter>PENdingCheckins</Filter>
    </ClCompile>
    <ClCompile Include="..\Sources\PENdingCheckins\PENCframe_ini.cpp">
      <Filter>PENdingCheckins</Filter>
    </ClCompile>
    <ClCompile Include="..\Sources\PENdingCheckins\PENCframe_msg.cpp">
      <Filter>PENdingCheckins</Filter>
    </ClCompile>
    <ClCompile Include="..\Sources\PERForce\EditLog.cpp">
      <Filter>PERforce</Filter>
    </ClCompile>
    <ClCompile Include="..\Sources\PERForce\PERtreectrl.cpp">
      <Filter>PERforce</Filter>
    </ClCompile>
    <ClCompile Include="..\Sources\PERForce\SubclassWnd.cpp">
      <Filter>PERforce</Filter>
    </ClCompile>
    <ClCompile Include="..\Sources\SELection\SELectionframe.cpp">
      <Filter>SELection</Filter>
    </ClCompile>
    <ClCompile Include="..\Sources\SELection\SELectionframe_act.cpp">
      <Filter>SELection</Filter>
    </ClCompile>
    <ClCompile Include="..\Sources\SELection\SELectionframe_ini.cpp">
      <Filter>SELection</Filter>
    </ClCompile>
    <ClCompile Include="..\Sources\SELection\SELectionframe_msg.cpp">
      <Filter>SELection</Filter>
    </ClCompile>
    <ClCompile Include="..\Sources\SELection\SELectionGridCtrl.cpp">
      <Filter>SELection</Filter>
    </ClCompile>
    <ClCompile Include="..\Sources\SELection\SELectionGridCtrlCell.cpp">
      <Filter>SELection</Filter>
    </ClCompile>
    <ClCompile Include="..\Sources\SELection\SELectionHelper.cpp">
      <Filter>SELection</Filter>
    </ClCompile>
    <ClCompile Include="..\Sources\SELection\SELectionHelper_CellToData.cpp">
      <Filter>SELection</Filter>
    </ClCompile>
    <ClCompile Include="..\Sources\SELection\SELectionHelper_DataToCell.cpp">
      <Filter>SELection</Filter>
    </ClCompile>
    <ClCompile Include="..\Sources\SELection\SELectionHelper_ValidateData.cpp">
      <Filter>SELection</Filter>
    </ClCompile>
    <ClCompile Include="..\Sources\SELection\GridCtrl\BtnDataBase.cpp">
      <Filter>SELection\GridCtrl</Filter>
    </ClCompile>
    <ClCompile Include="..\Sources\SELection\GridCtrl\GridBtnCell.cpp">
      <Filter>SELection\GridCtrl</Filter>
    </ClCompile>
    <ClCompile Include="..\Sources\SELection\GridCtrl\GridBtnCellBase.cpp">
      <Filter>SELection\GridCtrl</Filter>
    </ClCompile>
    <ClCompile Include="..\Sources\SELection\GridCtrl\GridCell.cpp">
      <Filter>SELection\GridCtrl</Filter>
    </ClCompile>
    <ClCompile Include="..\Sources\SELection\GridCtrl\GridCellBase.cpp">
      <Filter>SELection\GridCtrl</Filter>
    </ClCompile>
    <ClCompile Include="..\Sources\SELection\GridCtrl\GridCellCheck.cpp">
      <Filter>SELection\GridCtrl</Filter>
    </ClCompile>
    <ClCompile Include="..\Sources\SELection\GridCtrl\GridCellCombo.cpp">
      <Filter>SELection\GridCtrl</Filter>
    </ClCompile>
    <ClCompile Include="..\Sources\SELection\GridCtrl\GridCellNumeric.cpp">
      <Filter>SELection\GridCtrl</Filter>
    </ClCompile>
    <ClCompile Include="..\Sources\SELection\GridCtrl\GridCtrl.cpp">
      <Filter>SELection\GridCtrl</Filter>
    </ClCompile>
    <ClCompile Include="..\Sources\SELection\GridCtrl\GridDropTarget.cpp">
      <Filter>SELection\GridCtrl</Filter>
    </ClCompile>
    <ClCompile Include="..\Sources\SELection\GridCtrl\InPlaceEdit.cpp">
      <Filter>SELection\GridCtrl</Filter>
    </ClCompile>
    <ClCompile Include="..\Sources\SELection\GridCtrl\InPlaceEditNumeric.cpp">
      <Filter>SELection\GridCtrl</Filter>
    </ClCompile>
    <ClCompile Include="..\Sources\SELection\GridCtrl\TitleTip.cpp">
      <Filter>SELection\GridCtrl</Filter>
    </ClCompile>
    <ClCompile Include="..\Sources\Precomp.cpp" />
  </ItemGroup>
</Project>