<?xml version="1.0" encoding="utf-8"?>
<Project ToolsVersion="4.0" xmlns="http://schemas.microsoft.com/developer/msbuild/2003">
  <ItemGroup>
    <Filter Include="Sources">
      <UniqueIdentifier>{777a0a5a-af2a-4831-b7d7-e6b35e386d58}</UniqueIdentifier>
    </Filter>
  </ItemGroup>
  <ItemGroup>
    <ClCompile Include="..\Sources\NET.c">
      <Filter>Sources</Filter>
    </ClCompile>
    <ClCompile Include="..\Sources\NET_io.c">
      <Filter>Sources</Filter>
    </ClCompile>
    <ClCompile Include="..\Sources\Precomp.c">
      <Filter>Sources</Filter>
    </ClCompile>
  </ItemGroup>
  <ItemGroup>
    <ClInclude Include="..\Sources\NET.h">
      <Filter>Sources</Filter>
    </ClInclude>
    <ClInclude Include="..\Sources\NET_struct.h">
      <Filter>Sources</Filter>
    </ClInclude>
    <ClInclude Include="..\Sources\Precomp.h">
      <Filter>Sources</Filter>
    </ClInclude>
  </ItemGroup>
</Project>